{
  "version": 4,
  "terraform_version": "1.13.5",
  "serial": 2478,
  "lineage": "6f1489c1-58b1-4ed7-debe-29cff2433645",
  "outputs": {
    "automation_artifact_bucket": {
      "value": "aoag-automation-e06fd2b8fa2f",
      "type": "string"
    },
    "availability_domains": {
      "value": {
        "dc": "RAVo:US-SANJOSE-1-AD-1",
        "sql1": "RAVo:US-SANJOSE-1-AD-1",
        "sql2": "RAVo:US-SANJOSE-1-AD-1"
      },
      "type": [
        "object",
        {
          "dc": "string",
          "sql1": "string",
          "sql2": "string"
        }
      ]
    },
    "post_provisioning_notes": {
      "value": "Terraform apply completion means OCI instances, VNICs, and IPs were created; Windows first-boot automation continues afterward. Wait at least 10-15 minutes before testing, and on a fresh deployment allow the DC promotion cycle to finish first (often 20-25 minutes). Verify DOMAIN_READY.txt on DC-VM, WINDOWS_BOOTSTRAP_READY.txt on both SQL nodes, WSFC_READY.txt on SQL1, and TASK_5_5_LISTENER_READY.txt on both SQL nodes before using the RDP IPs or testing AOAG. DC-VM first-boot user_data configures mssqlaoag.demo, creates domainadmin, creates sqlsa, and creates \\\\DC-VM.mssqlaoag.demo\\ClusterWitness. SQL1/SQL2 first-boot user_data joins the domain, installs SQL Server/SSMS when enabled, prepares WSFC/Always On, creates the file-share witness, restores AdventureWorks2025 with NORECOVERY on SQL2, creates TestAOAG, waits for synchronization, and configures the native AOAG-LSN listener on port 1433 with 10.0.20.30 and 10.0.30.30 when auto_configure_wsfc is true. The next manual step is listener connectivity and failover validation.",
      "type": "string"
    },
    "primary_private_ips": {
      "value": {
        "dc": "10.0.10.10",
        "sql1": "10.0.20.10",
        "sql2": "10.0.30.10"
      },
      "type": [
        "object",
        {
          "dc": "string",
          "sql1": "string",
          "sql2": "string"
        }
      ]
    },
    "rdp_public_ips": {
      "value": {
        "dc": "163.192.63.56",
        "sql1": "155.248.211.55",
        "sql2": "170.9.30.132"
      },
      "type": [
        "object",
        {
          "dc": "string",
          "sql1": "string",
          "sql2": "string"
        }
      ]
    },
    "secondary_private_ips": {
      "value": {
        "sql1_agdemodb1": "10.0.20.30",
        "sql1_agdemodb2": "10.0.20.31",
        "sql1_wsfc": "10.0.20.20",
        "sql2_agdemodb1": "10.0.30.30",
        "sql2_agdemodb2": "10.0.30.31",
        "sql2_wsfc": "10.0.30.20"
      },
      "type": [
        "object",
        {
          "sql1_agdemodb1": "string",
          "sql1_agdemodb2": "string",
          "sql1_wsfc": "string",
          "sql2_agdemodb1": "string",
          "sql2_agdemodb2": "string",
          "sql2_wsfc": "string"
        }
      ]
    },
    "sql_data_volume_ids": {
      "value": {
        "sql1": "ocid1.volume.oc1.us-sanjose-1.abzwuljrq5jamfnsogm4vnml4vmjbsn4xbwwzfkaiohhyxqpjr44dok4pzaa",
        "sql2": "ocid1.volume.oc1.us-sanjose-1.abzwuljrjp4twnvphag4u33stfimirqhtt2onjxrk2tmgkiqxyj6lxaf7raq"
      },
      "type": [
        "object",
        {
          "sql1": "string",
          "sql2": "string"
        }
      ]
    },
    "subnet_ids": {
      "value": {
        "dc": "ocid1.subnet.oc1.us-sanjose-1.aaaaaaaaqyaalgafielqf5cpgvvtkbq4qmb3xtix4n6m26ojww3nwuuu5axq",
        "sql1": "ocid1.subnet.oc1.us-sanjose-1.aaaaaaaa4oizllv7ztjmasysv2nm22ufja3hckxr2dawcmoclghu35ydjska",
        "sql2": "ocid1.subnet.oc1.us-sanjose-1.aaaaaaaaezarlifjvuyx3pmuydqpo7tiusm7fu5hjtmtzfeqydk372prs6ha"
      },
      "type": [
        "object",
        {
          "dc": "string",
          "sql1": "string",
          "sql2": "string"
        }
      ]
    },
    "vcn_id": {
      "value": "ocid1.vcn.oc1.us-sanjose-1.amaaaaaafyadjyiaybothfmm7shogap6ckuuvqkijq2dfazqisp7d5jma6na",
      "type": "string"
    }
  },
  "resources": [
    {
      "mode": "data",
      "type": "oci_core_vnic_attachments",
      "name": "sql1",
      "provider": "provider[\"registry.terraform.io/oracle/oci\"]",
      "instances": [
        {
          "schema_version": 0,
          "attributes": {
            "availability_domain": null,
            "compartment_id": "ocid1.compartment.oc1..aaaaaaaac7ixtdbw32dnr55p4mjsjdmtbfcy5pa5rasdvuw57eup5w7xbu3q",
            "filter": null,
            "id": "CoreVnicAttachmentsDataSource-338867866",
            "instance_id": "ocid1.instance.oc1.us-sanjose-1.anzwuljrfyadjyicro5jzzgfjuljuqrgeudvsdt4husgjp4zcmpgn77vfepa",
            "vnic_attachments": [
              {
                "availability_domain": "RAVo:US-SANJOSE-1-AD-1",
                "compartment_id": "ocid1.compartment.oc1..aaaaaaaac7ixtdbw32dnr55p4mjsjdmtbfcy5pa5rasdvuw57eup5w7xbu3q",
                "create_vnic_details": [],
                "display_name": "",
                "id": "ocid1.vnicattachment.oc1.us-sanjose-1.anzwuljrfyadjyicqsnsrqrej6s6mev2uumfqdj6ipessy4fsmbuhfuc2wza",
                "instance_id": "ocid1.instance.oc1.us-sanjose-1.anzwuljrfyadjyicro5jzzgfjuljuqrgeudvsdt4husgjp4zcmpgn77vfepa",
                "nic_index": 0,
                "state": "ATTACHED",
                "subnet_id": "ocid1.subnet.oc1.us-sanjose-1.aaaaaaaa4oizllv7ztjmasysv2nm22ufja3hckxr2dawcmoclghu35ydjska",
                "time_created": "2026-08-10 12:05:30.326 +0000 UTC",
                "vlan_id": "",
                "vlan_tag": 933,
                "vnic_id": "ocid1.vnic.oc1.us-sanjose-1.abzwuljrvnj42teyjohtlqmhskrstpe46xeei5dbopezladpc7cqc7hgbzsq"
              }
            ],
            "vnic_id": null
          },
          "sensitive_attributes": [],
          "identity_schema_version": 0
        }
      ]
    },
    {
      "mode": "data",
      "type": "oci_core_vnic_attachments",
      "name": "sql2",
      "provider": "provider[\"registry.terraform.io/oracle/oci\"]",
      "instances": [
        {
          "schema_version": 0,
          "attributes": {
            "availability_domain": null,
            "compartment_id": "ocid1.compartment.oc1..aaaaaaaac7ixtdbw32dnr55p4mjsjdmtbfcy5pa5rasdvuw57eup5w7xbu3q",
            "filter": null,
            "id": "CoreVnicAttachmentsDataSource-2580728821",
            "instance_id": "ocid1.instance.oc1.us-sanjose-1.anzwuljrfyadjyic7cfzmkslnkhtpv34tzzquvaqlqpj2vpyw74sq5uo3wpa",
            "vnic_attachments": [
              {
                "availability_domain": "RAVo:US-SANJOSE-1-AD-1",
                "compartment_id": "ocid1.compartment.oc1..aaaaaaaac7ixtdbw32dnr55p4mjsjdmtbfcy5pa5rasdvuw57eup5w7xbu3q",
                "create_vnic_details": [],
                "display_name": "",
                "id": "ocid1.vnicattachment.oc1.us-sanjose-1.anzwuljrfyadjyicy7n23sxli7zdyzyg27zj3w4xtaoembvif4ruqdku6dma",
                "instance_id": "ocid1.instance.oc1.us-sanjose-1.anzwuljrfyadjyic7cfzmkslnkhtpv34tzzquvaqlqpj2vpyw74sq5uo3wpa",
                "nic_index": 0,
                "state": "ATTACHED",
                "subnet_id": "ocid1.subnet.oc1.us-sanjose-1.aaaaaaaaezarlifjvuyx3pmuydqpo7tiusm7fu5hjtmtzfeqydk372prs6ha",
                "time_created": "2026-08-10 12:05:30.304 +0000 UTC",
                "vlan_id": "",
                "vlan_tag": 1316,
                "vnic_id": "ocid1.vnic.oc1.us-sanjose-1.abzwuljrw2cjpuldcrm6uo3nluplqn3xhuk7b2nrbr7nzgwoupggar7oeiiq"
              }
            ],
            "vnic_id": null
          },
          "sensitive_attributes": [],
          "identity_schema_version": 0
        }
      ]
    },
    {
      "mode": "data",
      "type": "oci_identity_availability_domains",
      "name": "region",
      "provider": "provider[\"registry.terraform.io/oracle/oci\"]",
      "instances": [
        {
          "schema_version": 0,
          "attributes": {
            "availability_domains": [
              {
                "compartment_id": "ocid1.compartment.oc1..aaaaaaaac7ixtdbw32dnr55p4mjsjdmtbfcy5pa5rasdvuw57eup5w7xbu3q",
                "id": "ocid1.availabilitydomain.oc1..aaaaaaaavi2wyd6rjjffu5nzgb3gjq4thy46k7sgw5ibh7mu5sq5fyie6t5a",
                "name": "RAVo:US-SANJOSE-1-AD-1"
              }
            ],
            "compartment_id": "ocid1.compartment.oc1..aaaaaaaac7ixtdbw32dnr55p4mjsjdmtbfcy5pa5rasdvuw57eup5w7xbu3q",
            "filter": null,
            "id": "IdentityAvailabilityDomainsDataSource-429229913"
          },
          "sensitive_attributes": [],
          "identity_schema_version": 0
        }
      ]
    },
    {
      "mode": "data",
      "type": "oci_objectstorage_namespace",
      "name": "automation",
      "provider": "provider[\"registry.terraform.io/oracle/oci\"]",
      "instances": [
        {
          "schema_version": 0,
          "attributes": {
            "compartment_id": "ocid1.compartment.oc1..aaaaaaaac7ixtdbw32dnr55p4mjsjdmtbfcy5pa5rasdvuw57eup5w7xbu3q",
            "id": "ObjectStorageNamespaceDataSource-429229913",
            "namespace": "idzxvkz1zdug"
          },
          "sensitive_attributes": [],
          "identity_schema_version": 0
        }
      ]
    },
    {
      "mode": "managed",
      "type": "oci_core_instance",
      "name": "dc",
      "provider": "provider[\"registry.terraform.io/oracle/oci\"]",
      "instances": [
        {
          "schema_version": 0,
          "attributes": {
            "agent_config": [
              {
                "are_all_plugins_disabled": false,
                "is_management_disabled": false,
                "is_monitoring_disabled": false,
                "plugins_config": [
                  {
                    "desired_state": "ENABLED",
                    "name": "Compute Instance Run Command"
                  },
                  {
                    "desired_state": "ENABLED",
                    "name": "Compute Instance Monitoring"
                  },
                  {
                    "desired_state": "ENABLED",
                    "name": "Management Agent"
                  },
                  {
                    "desired_state": "ENABLED",
                    "name": "Fleet Application Management Service"
                  },
                  {
                    "desired_state": "ENABLED",
                    "name": "Cloud Guard Workload Protection"
                  }
                ]
              }
            ],
            "async": null,
            "availability_config": [
              {
                "is_live_migration_preferred": false,
                "recovery_action": "RESTORE_INSTANCE"
              }
            ],
            "availability_domain": "RAVo:US-SANJOSE-1-AD-1",
            "boot_volume_id": "ocid1.bootvolume.oc1.us-sanjose-1.abzwuljry7gkeqnmxlrpjcvz6htx3rl5rawmnejhikzgnzkujaj4j3v56rpa",
            "capacity_reservation_id": null,
            "cluster_placement_group_id": null,
            "compartment_id": "ocid1.compartment.oc1..aaaaaaaac7ixtdbw32dnr55p4mjsjdmtbfcy5pa5rasdvuw57eup5w7xbu3q",
            "compute_cluster_id": null,
            "create_vnic_details": [
              {
                "assign_ipv6ip": false,
                "assign_private_dns_record": false,
                "assign_public_ip": "true",
                "defined_tags": {
                  "Oracle-Tags.CreatedBy": "default/akarsha.i@oracle.com",
                  "Oracle-Tags.CreatedOn": "2026-08-10T12:01:12.227Z"
                },
                "display_name": "DC-VM",
                "freeform_tags": {
                  "Domain": "mssqlaoag.demo",
                  "Project": "sqlagtest",
                  "Role": "domain-controller",
                  "WitnessShare": "\\\\DC-VM.mssqlaoag.demo\\ClusterWitness"
                },
                "hostname_label": "dc-vm",
                "ipv6address_ipv6subnet_cidr_pair_details": [],
                "nsg_ids": [],
                "private_ip": "10.0.10.10",
                "security_attributes": {},
                "skip_source_dest_check": false,
                "subnet_id": "ocid1.subnet.oc1.us-sanjose-1.aaaaaaaaqyaalgafielqf5cpgvvtkbq4qmb3xtix4n6m26ojww3nwuuu5axq",
                "vlan_id": ""
              }
            ],
            "dedicated_vm_host_id": null,
            "defined_tags": {
              "Oracle-Tags.CreatedBy": "default/akarsha.i@oracle.com",
              "Oracle-Tags.CreatedOn": "2026-08-10T12:01:12.132Z"
            },
            "display_name": "DC-VM",
            "extended_metadata": {},
            "fault_domain": "FAULT-DOMAIN-3",
            "freeform_tags": {
              "Domain": "mssqlaoag.demo",
              "Project": "sqlagtest",
              "Role": "domain-controller",
              "WitnessShare": "\\\\DC-VM.mssqlaoag.demo\\ClusterWitness"
            },
            "hostname_label": "dc-vm",
            "id": "ocid1.instance.oc1.us-sanjose-1.anzwuljrfyadjyicdbenpxxifme6zhoizya33w22xfxc6dliunl5mpk5ix6a",
            "image": "ocid1.image.oc1.us-sanjose-1.aaaaaaaak2hpkzblpxpmdezybtadyswgbkp7dus5yki55pv5uu4gfutupefa",
            "instance_configuration_id": null,
            "instance_options": [
              {
                "are_legacy_imds_endpoints_disabled": true
              }
            ],
            "ipxe_script": null,
            "is_cross_numa_node": false,
            "is_pv_encryption_in_transit_enabled": null,
            "launch_mode": "NATIVE",
            "launch_options": [
              {
                "boot_volume_type": "PARAVIRTUALIZED",
                "firmware": "UEFI_64",
                "is_consistent_volume_naming_enabled": false,
                "is_pv_encryption_in_transit_enabled": false,
                "network_type": "PARAVIRTUALIZED",
                "remote_data_volume_type": "PARAVIRTUALIZED"
              }
            ],
            "launch_volume_attachments": null,
            "licensing_configs": [],
            "metadata": {
              "user_data": "I3BzMV9zeXNuYXRpdmUKJEVycm9yQWN0aW9uUHJlZmVyZW5jZSA9ICJTdG9wIgoKJFNldHVwRGlyID0gIkM6XEFPQUdBdXRvbWF0aW9uXERDIgokU2NyaXB0UGF0aCA9IEpvaW4tUGF0aCAkU2V0dXBEaXIgIjAxLWNvbmZpZ3VyZS1kb21haW4tY29udHJvbGxlci5wczEiCiRMYXVuY2hlclBhdGggPSBKb2luLVBhdGggJFNldHVwRGlyICIwMC1sYXVuY2gtZG9tYWluLWNvbnRyb2xsZXItYm9vdHN0cmFwLnBzMSIKJFdyYXBwZXJMb2dQYXRoID0gSm9pbi1QYXRoICRTZXR1cERpciAidXNlci1kYXRhLWJvb3RzdHJhcC5sb2ciCiRJbml0aWFsVGFza05hbWUgPSAiQU9BRy1Db25maWd1cmUtRG9tYWluQ29udHJvbGxlci1Jbml0aWFsIgpOZXctSXRlbSAtSXRlbVR5cGUgRGlyZWN0b3J5IC1QYXRoICRTZXR1cERpciAtRm9yY2UgfCBPdXQtTnVsbAoKZnVuY3Rpb24gV3JpdGUtQm9vdHN0cmFwTG9nIHsKICAgIHBhcmFtKFtzdHJpbmddJE1lc3NhZ2UpCiAgICBBZGQtQ29udGVudCAtUGF0aCAkV3JhcHBlckxvZ1BhdGggLVZhbHVlICgiezA6c30gezF9IiAtZiAoR2V0LURhdGUpLCAkTWVzc2FnZSkKfQoKV3JpdGUtQm9vdHN0cmFwTG9nICJTdGFydGluZyBEQyB1c2VyX2RhdGEgYm9vdHN0cmFwIgoKJFNjcmlwdEJvZHlHemlwQmFzZTY0ID0gQCcKSDRzSUFBQUFBQUFBLyt3OC9YUGJOcksvNjYvQXNKcXJOR2VxeWIzN2V1cjVKb3BrcDc3bkQ1MGt0OWVYWkJLWVhFbG9LSUFCUUR1ZTFQLzdHM3lSSUVqS1NwUDIzUS9udTJsc2NyRlk3QzcyQ3d2KzdhdmVhUG5qNWRWOGViYnNUUmxkazAzQlFhRFpOUDcrQW1HQjVCYlFtbkFoVWNwMm1GQ1VNQ281eXpMZ2FNMjRmais1bXJ4QUdiNFo5WHFqMmNseXVqaWJyODZ1TG51ckxSRklKSnprRWhHQkNKVkFKV0VVWjlrOUVwQmpqaVdnTldjN3RBTE84WnJ4SFJMTXpaUmpJZTRZVHdYQ0hIcVVTU1FrNDVBaVFuMTRpU1dNMEpsRXZLQnFFdlZrQXdKaG1pSU9HeUlrY0lFd2tyRExHY2Y4dmljazVyTElrY1RpblpxUFNKUmdzekpDQzBCNExjR3ViSVptUzVSenRtT0tjTVRoaGpHcDFubnlyOG5GL1B5a2w3TTc0R0lMV1RhQ0Q0RGlrdytRRkFwMnpqS1MzS1BuOTJvWktENGxHYURScXlkUDQ4UnhPVGJyakN1T2puTHhGTVV6L1hpUzdnaWRXeGJNTThXUXIvOW1SbUQxcW1UUDM3L3VmZlgzWHUvbGRKZG1JSjhUbWhLNkdReGY5eFIvZDRNZVFnaTlGSklUdW5uZE43Z3Y4UTdRTVlwMlFyelBNTU9iVVFvN0ZoM1ZZUzlCM2hBbUhQREZjdm5QY3lYcUVNNmo5MW9BVjdBZW5TSDA4bjIyQkg1TEVwZ2tDU3VvZEdQRSswemdFUHFjSlRpcm9XWjVFZ0t0TU4rQW5MSmRYa2pnamw2dHdnMWFremtudDFqQ1dhNWduajRaUFJrOVZmOFBBWjh6Sm9Ya09KOVJvZWcxa3ovOTgzK1AvdkNuUDQ3c3YrR2dINGlrSU1RY3k2MkNubzVmVGJOQzZaOTkwUUcvM0dJT2p1ejlJNVlnaTN4R3VFV3Z4REVwSk50aHBYS3ZadE05c3FucDBtTkMyUWRjeWFRVjZvN0laUHU2ZnkxZ3FiZnJFaElPTW5oN3llZ1psY0J4SXNrdDlJYTlYditFYzhZbmlkNDdITmJBZ1NhYUkwdko4cWpYWDJIeHpqRkpyVHN1elpYZE1kTnlIMFc5L2hrVkVtY1pwRXR0ZjZ4SS9zRUlqZlh2RlNlangvZGsxT3N2bFZIWmgwVmJuWkg4SUJXd1h2SSthRytEeEc0amo5SWM1MFFOTDZYeE9DTHhQb3VGQVc0aU9tZWJmV085VlNlampHMmlYbjhCT0wzZk4yWjJkVEU1dTN5ek9Kbk1mclNyL1I0NFdSOHk2UHVUeGRucGo2T2ZCS01sazA0VW4vUDcwaHJGeWh6RmFSTGZ1QTBZM3lyK3o1bVFjMmVIbHlCbHBwakRhQ3JRTWZyemsxNXZYVkN0TytnSFRHUjh5bmk1Z3cwMCtxZzEwRE9LV2lIbjZtK1F3QWNYbUtaWU1uNC9mRjI5ZGpvLzMySUJSd2NQSTFTcXZhcnAwMCtIUGYzUEQ1eElpTS9aQmtYTDFXUjF2Undqb2FnamRCT2JPWkF3bzQ3ZDhDZ2NxTlpINkFZNUFEZEN1K01TaWRZSTR3Um5sMHZqSlpGa1pqb1lHYXhMNVFqalpRYVFvOWloSytsKzhKbGF6dSt6c1dUUEJRaUJOekRVN3k3aExqNlRzRVA2djZ2N0hOQ01jRWdVazFDb0cwcFNDYUNmMFZVaDQ4c2l5elNLU1pxcTdhM2lCVGZDNlhMOFBjNEtRSVBvNDVPeGVFQWZuejVFS0Y2andRdVE4UXhMR0I2aGloeC9DUk1oZ010NFVWQks2T1lrQStVR1VydWVQa2xWYkNLVklyNWNRbEp3SXU5SGMwNW9Rbktjalg0Z05HVjM0c3hDdlI2UFg0Q2NGcHdEbFFPejdIN3VvUGZqS0IrOEhvOHAzQTNLcVMwYUlyUnRSY2NleHRHWk9LTUxsc0ZnRCtMbkJjbWtBWHM5SG1za1JHMEF5WGlKZW5rdmxHU09xd1dQdEUyTjRUMktMbGRvY3IzNjdtcHh0dnJ4MWZMSDVlcmtJbXJvcmVXZmlnMzdnenFXNFFpZEdlS1B5MVdjMlNtUHk4a3RTckpHZzFnRmRZTVNObFlLN01DR1F5c2E5U08zbk4wcGw0NXc2ZTNRcmhBNjZFUGdaTW00SWt2N0o0UEU2dmxEVFJHV0lPT2w1Q1NSa3lScjEyZWxhWVpudjBNa3dVa21kSFNubjZOdkNOMENKeExUQk1ZY2ZiUGhtTW94UjVGaDJYaHdPb3hRVk9PL01BODlMYTlwWnByR211Z1huQlg1QmV4dWdEKy92d1RaWWJNY2xScjhxUG5jWVBEdFRuK2pRQmNnaWt5aVkzUkdiOWs3aUM5MTBMUlROaUtlOEUyeEF5b0ZlamFJTWtXTUhoSWRJVHNOc21pUFVQUU5UdE5vNkNtR3hYSlZ5THlRS0Q3SE41Q2hpSUpFRlNhbExSclRjQnloMklMNmRJM01NNTlnQzNXTUJpMkFLUDZKRVlxaXQ5VFMwc2NaVis3TDBOa1lkZktCeUNsTGphNC8vYSsvL0hXb0ZLN2szcUEyWmJ6RE10bWl5TzRYVUxHSkhoUWRNc29TZ2pEYUdWcllXcWNUaHFYRGFnUFVTZlkxM3R0eGx2RXFoV3BEYkxqNnJVdGZDTjJVV3EvK0M1a0FQVlU3THlpZ0p4M3phcFUwTk52cHhKYms2QTV6YlFDMHUzR2tVVXZHQ0ZHUWVxL0FCNVZXcVRuNjdYTVBXemZubkRNSmlZeDFTTG1DRDdKamc3clh3OUpmYUVjVEt5dS91OG51dFZXelJzQ1pUS01sTi9jU1ZORHdVZzBmbmRDRXFZVHA5WGg4dlRyOTYrZ0Z5T2NLWUJCTzBZY3lVbmxzWkMyeUtaMkRYaGVrTmVjdzVmZTVaQnVPODYweTZCWmtoaVYrUFI3YnY2dU5iMGl2TnJ3anlUTUI3WmdWUW90TlJVOEp5NVdIMFBLOXdNbVdVTERHUXVPWU1ub0xYTDRlajFmc09SYnc1ejh1TmRjSDFTTHFudldhNWdkS3pZMy9UTWxWRko1eXRxdlQyRExINTRwT0xlcTVtL3N3MlpVcytjMmwxN1hBVW9ibGF1cEN0RHlOTlExZ29GZXNTNkFhcUVwS3F5R1daemRDS2d2OGNsRlFTWFl3MHNrZXkyMWFJMFlYbUl1dERvSHE4ejFmcmhhREZvU1MzM3RHNmdDMGM4bFh6R0F3T0JWRlE4OHVyb21wUTMwUzF2OEZ6azQ1UUJObExjREF0eEFiVFRySWVuMkJnRm5GTkVIQTdPV09MbVp1R2xmdlY0OHFPMG1KdVlxV0dyaGJGaDVrci8rZkxHaExwTDg4TTFwbXFiRkZwU1lhbjZ1WFdKWm90OXhWb2ZHZHNxOVFQcEZkWTh1QkhHVEI2U09BRDFVOHNnSWhHeUwyS2JFSTJ5eCtYTE84SmlIYm81SUxmRGNNcHcvS1FpWWhDQXBKYldsQlY4SDBEZ3VrNjhaRm5tY0VVcDBPVSticXlMYldZOHFwd3JBWFBoQWhSUm1hR0d0bXpCMDZSZ3ZBYWZ3ZEUyYTF1MXlpcUpTcGpvZXErdXFyc0M0YUtSZm5XemJQdTZEalIrMXY3WVVqcWJkUE8vSlN3azROekpOUU5TdjliVlBTWU4vT1lJMkxUTllnL1lCMmZ5V3hxZFNoc2ZBWHNCOVhROGtQQU85UTlaWU4vQVdWdnRVSXRhbS9Ub2ZiT2R4VSt2MnJmVXoxbC84OGQwV2lmWnJ2MTZ1OEVkak1XQjVCTkdiN0ZuRW9oRkpVbGZhVU5OUTJYRm10akhxSHFVTWJZMnJxM1FyUTBIYUpOK0FaWUY4UFhJMjNSZml0a2kxcndscWNveFVudTRFZlkwUWNLTjVCMUZKK3FJZ0lOcGgrOWFzNnhZcHE0d25ORTkvTitXTFg3d1JJSkptRmpGb3FnL1VLd1A2eWhTNFBlRkV2dS9rSkV2bnk5ZXUrclFDZ3FuQ3haaHh3c2tXRGZrWW82RHpUQVBraTBvYUhGbG1tMDFrREdTdDlqL1R2a1g0Y1JmNlFZSldHSmpNMEtvRWVXbUs3WnVua00rckthczFsNGFWV3I4azUzQkpXaUs1RGtmYlRFak8yOHlCbGFnODRvNWFRdXM5Y3JlVjNaUXIvckNvSy9lSHZ2M3ZxWlM2dWZIQ00rdWVUNWVya1gyZXI2ZFhzWkc5NDNVblgvc1g2NXVobExwSkNTTFl6S3ZQNldZWDl4Q1BKa1ZlK3RHcUoxRXRXNlZoZHNpZFVGQnppNm5ScmtpUWd4Sjd3dGNYL09ZRHgrRXlvVFhqRmY5Z1NDY3NjSnpBSVJ1MHR1OWlhTHFyYnloWkRLOTZSUEZlV1ZwZmFRbmloekVNVUdMTU9DKy9PMHlwa3RScW05aURoZ2F3S2VzcVRHclNZelpWdkFDRnNrYmV2eVRtNDdsaW9NT2tvcUoxR1I2ak91Q01VZlpPeERhTnVsY2wyTTZZczBwVkpIVGlPNzBFY1dLQlVVOWJYNlpjblBmSkhubkV5cFR2dlhYYzl6WHJyVTB3eVNKVU5MUS9kMm5sc1BHdEhHYTF0eW1IZFkydlNBaUhGYlpMVE5ySE9hSi91dm1MTXB3b3VtT096QkhldzhQcmhlbXNGNW1vWnRmcHl5U3J2ZmJjUXJTcW4xNzhPVDNDYVJwL01tOFA1RXdoZVRWZlhjVzlkdnBiWCtGU0gycytxZHIzbmdLVlQrcENteDlTK2JXNm4rTzdud2ZQYjVhL2RSeXV4ZmhLZTAwUW90aVh0Z01SUHdMaUFIWk9BWmlEZVNaWWpOZm9SdkhWSHRMQk5TN0ZhOEE1V1dMeXpEUDdNZ05DWTVNU2NXcHErQ09VUjUwdXJRYnB3VVVxOERxZHRTT09oQ3JkYU9pMXFybTNLOG50TDlUbFJ1WDFtQ0ExUXpVQklRczNKWG12M2hoZWZXZ0czVm1OYWhqcGZ4RGNDSGFOblZaUVd4WmRzenRtYVpCQWRlVS9ibTdocUlMcWY2MjNVTnQzYnFBYnB0Vnk5amJ3Q1FRRG1kMXU5amZ6bXExWjgxZDRwa1phUGdnSHRIVmR2by9aV3JHQndzRkhmUm9IK0J1QXRyVmh2bzVZR3JYQk5YbHVXV2svMVp3RG9kMWk5amZ5R3EzYkFxcldxZ2k2ZmhYeHlPMGV4eHY0ZWdBUzFxTG9BYTdVclk1dUc3cEFTbFFHUjJlUEhlaTh2a3kya1JRYXAydU1tOEhVZGhJQ2lPYnNEdm5TdGhWSGxYb3dxRzN5U2s4MUduM1kyRUs3c3EzZ2lsNmJqVVE4cHpVc05HTVZsZjFYVmFSVmJtaHpWc1VOWlRodHJyYkFuM3hHS0Z3VTloMXZJMEhka3N3VWhPOUpTdjUvQWtnTXA0dHJlbWJiTWtvZ29zSTA3ZGd0TnkzaE4rU2NzUzBlNmZEZnVyM0VtQU1WZTRvR1dKQU1xczN1WExBVTVBcjdKUUxuWVJacmJxWlVWVXVadHpsa09YRHBESEgzM1ArY1g0MWZtSU91VmJSV3hMV3BMa0svc3I2OVd3SGNxVjBLbXl6QkNzYVl4V3MrQTNxK1dVMGFwT2ZoUlBzUWs3RS8wdkphV1M1Q25oTU1kenJKRmtRR0taMFRrR2I1dmRVYlIvclh1RVpPWkxVV0JjMXZicVJFdk1oRE5Rc2NzbWRFd2hiSXRnTVpvNllhellWbG5WU3hRUnRvcmpSc0l6NkU4Ry9nRzRnaEZULy93bDVGdTVJejg0Z3NvMFZhanZrSXpwbE9ubkJFcWRWMkt3aDJhVFJHV2lFZ0IyUnJkd0pweDBBMVR1bC9abXZZUldtMEJYVTNQUEdRY0JNdHVnYU4zQUxscGs5YndLcVhWSlF2RkxwU2FiR29OV0txSTMySTBUZzdUMU1PM3I5dllXM2l6TGJWV1JYd0JVaW5FSk1XNUJJNStSajlzZ1VOOHBkTmw5QkgxMzR5V0VzdENtSWFmNnp4Q0QraG5kTXI0Q1U2MkpWeVZ2ZFJxQkU3YloxUk1NNko4dDZaZ2txWmNKY3F4Tm45cm5NQVpUZUdEbW95c3phOXhEUkpFS2VxdWdzd1NwT2xic3hxaCtHVVgxUi8wMzVoMkkxMlNHcFJhWTB6dDEwZm82MkZZdzFFL2llN042Q3dCcWRtS1BGVXhxdXR3YUoxMGJINC8rWkJBcnFRMGNzMW0rK3RHdHJvd28rS1U4VHZNVTBYeHgzcnAxOVlZVFRKaEdXMFlWNDdadjMrN1NncHFiYmFKT2RGZDRycWxYdThHZkl0SnBuWDFIcVJYVFZpWE03cUVWV3Z0NkJmVUV0VHM2MnJScHJzK1VSdk5OdnA3UllxNnduWHg0R3p1ZE83Wm9ObVRqYUtuSS8yL2FLajkwNEl4K1IyaHN0M2NTNVpYb1dvR21GY3pUbkd5ZmN3N3RIQzc3RXRPdzZWTHBxd0krbjU2V2RrUEpldHB4b3AwbldGamUycnRPNkhXQmxMdEVKTlQ0VWVVdGE2aXVoTHUyVnc3YTEwa1o3dWNjUmxmTU9WaTBVVEhPbDRPMHNsYXBkcVRtY0dPWXRkSDZSK1lPU09CVFB2Wmxna1p1aXZsY1FJWGhiejZ2K1FGN0dHZEE5TmEwTEorMXpoc2lmem9DdEJvMENmb0dEMzlGdlVKaWpOQWYzMmlmdjM5NzhNYWRNakFQUVZuTzRlL2ZDS3F6VmpQYkwyZGh1cnBiVXRic0NMWU9CSU9PQ1VxNEVWWVN0amxVamRzRHNkV2FsN3FTRVRURm5nN3ZiVk4rT21mL0sxdjAzMHpjVXBTamU4R0VyYlQ3akM5UjRRaTNWd1J0WnJGS29IWjEyZ1NGRngvaVM3MmkxeEYzNDJjNlprbkNyUHl2ajRRVXl3OXR0cHI2bWJuczhuOGxHVEtpRVVETWJtd3VaTWFlQnhpSFVZSGFIVm9VdXBPb1NURDF5WVY2MXQ2M3RaVXhRU1BqU3M1QWRBUzd6eXFId1ZYejhwdVl6TkNjVEdBQ280aFVTbXRFTkNGa25xL2hpK25XMHczNElaTzVEbmJNTGRuRzdDWVVpYnJJenBBM2V0THVBVis4aUVuWEFVaGJRVE13TnhZVTZLSjNNMDI1Nmx3clY3YWF2eDFtY3NkZGRvS1hKSFRzQ1V6OEhLVFdjaStobzMwU3JjTEVDQlJmQWwzVFc1WEp5SW1QeWd4NzhYWWFiZXZhY2FTZDc4RVM1ZW5yQzNYWmtHaEVMcm4rQlJkT2x6b3YwU1RtRnpBKzRJb04rKzVsR3FGYmVRZXZLNVBJUDNYMlRDSDdmblAzQ3pYT3Q3dTNpek9BOXNqWU5PS1RLaUsrcXdEMVF3VUt1WTdVY2xIem9rQTcyRlEzRDNxS003VzR1WStFV1VIdWJIN1hxWFhGNkVoSjE0b0Z5VjB1MUl6V0tuNy8yWXlWamZFTVlIM1RkVjRxQjlaR0svZ2lBeGpqRW1hUGtxeGVTRSt4UXdFZ3B1a3FWTDdjTHpLeDB5UGUwditGVmk5QUdNRFYxZTNleXYraDdLNlpveFUzV1B2c1ZodHp0a1djZ2dJYTBQVEkzVE9rbmVRWGhYeUNMbU5ZM1psV2ozdzkrb1JhbXlnd0syN0l3OW53WFN2bTN0WVRsZC9IRXl0WDlheHRkcU5HbzdteG80Sk5idTdzN1d1dnBYTDlwOWI0R1JORXBOeHJQVkp6OGl4N0xnL0NKYzQvTFppby8rNmZEajhObVN1RHhhODhvRDl4YmFOOE44UHYwWFg4MHNmcXNHUTRFVDFON2MvaHEyUS9ydFpvYVlScWxNYW1xSkRWTWhsSG8wZFB1clk0cDdKK043T2Jqd1RFUWpjYmkxMDBLSitjNmVwOFMzT1NIcWtzKzN3Vmc1M2J0d2pVVEZTd1M1bWMzTURSclRtTFkwVGxOOHFlMms5dXZsQ09Vd3I3dUZ2a0xWMEhGVHR6MTBPR3ZSYlpqQ2ZtMm9zLzNudWluVkJ2K1hlaEtONzJHZm5IKzBzL3Z3c3BCVnZXeFQ5T0MxN21ONGwvQy9EZmhmQ0hzaitGaHZpbjBwK3dqbS9meExhZnNqV0Z4NnZNbTAydkZQbFYrMnNqTkR2VVRRZVhKME5COU96NGVEQ1ZncnIxMkQ5dVd1M1ljSGVobTFlZjNVSTlkM1ltdk1NM3AzY0FyOW5GR28waEd0cE5EVTRjMk80YUl6ZGNuZGovclRtcFhFay9IaSsyclJuZW5SbzFCNmZxVTFtUlpiWkZzT1dPS0VlWDdnMHo4RTdKaW5JZzRRYVQvVk5zYzBGU3dGZE10cFFsZzZyY21jb1JrSXY3OVdybHFQOFY0M2w3ckUxTDVSMmxQeXl5K25rbW0vb3F6WHI1eURFZ215MkVobkdkR3lCejV6eU1OWitFalYreGJiR1c1ZnNtRGI4OGFmeXVxT1FyL1ZueWtIYlR4emVkdi9pNFVsU3pYU3N1M1hMdiszSER2YlhYWStRUndVcVR3MGV6ZUs4QmZvay9LSURoZm9tY0toMCtHZ1NIVkVrQ1lES2Y3MGJQeDExNUlkZXJ6bysrUUx0L1A0SlF1MWJDUFlyVzBCMUo0VlJpdllQWHJpamR0M1hmMXhkaVRDUDg5b05vT1BtMVRVN1dtdU9CMmR2TDYxWWNFMnBqaStlQ08vcVROWFA1Vm4zZVFzQlhSZVU0cllMSDhHY0lmN2xvWlIza2RTNWhxenhXU1RYeDlEeHdhU2h5cjQ2M3FHSDZ1SitIdHdFQ3JuNllJMnNTN2k2VUlhOTQ2T28xalJzTkVMM0JTUnNsMmNnSWVvNlQ2N3Buck5jYnRTM2lFUENhRUl5eGNqeWpMY2VGS25rcXVaY3ZPaXFkZzduUlpLTm82SzRFbnBkSThOQnpUek5IOXFoSENFUzMvU1c3L2JZMnNlcE13bTB2cGZPZUtwMnJuK2xRZjBrMXZpL29jb2h1WjlqMUFkNk81NWVYY3l2VnllTHk4bkZTVzJVNFhsOWpCNVYyYVlhUERWdUxoaHdqSHovMXphQlRwamY2TEt0R1JCNHpQQUdaQTJIZUorOXNWcFJvVGcwU3ExaFVxUGZsTi9LY2FzNDZKRFAvVmhWZkdOOGNjV0JxTlVOajJyM1BOdGRzdnZoYWY3R2RVbTlzUlVLemR2eXROcVh0ZG8vNlp0Q0poNE4xYWVOUml0MlRja3RjSUd6RmRuQlFEMnhGL3NqNWpXSFB6UlU3R2ZQMFAxRE1JcCticnNiNW4zS3l6TnRTSGNONnNZNzQ3L0MyN3hIWGJjY2pSTTc3RnlvMGRwWFZZNC9FR21iM2p5RDlXemdydGNkb2NoMldPblEyVFJRS2VPbFArT0dDUlhXMy9ubXJPdTZUM0JUdThXcys0UzA5R3IzVUpYMm1rWkJuK1NjQ1JrN0NvOXFwbllmdFZVdm5kOWdzRCtuMS9BZHRUTjlwSytiYzZaQjU0aWVlbXhKaU5yOWcrVjdTS0M5UjJqK3FVUlNLeHcyREpkcEltL3VzVDNORXdzMXZTTGVXVWZ6RGRFbWFzbmFNTmYzcDBhbUwxRVlWUEVsM0xsKzBVWXZjN0FwekhqOU9WRVBRUlBHVTJBVUZqUVZVd1psRkRZMERDNTUxK0dBYmRlNTRvRnB1WERmZWVNczh6bGUxYTZyRmtUMGJCQk5abGFOWXZlUkM1MXpYaTUxaVhvNVdjV1QyYXo2WTNhNXRMRjB2VlN0Zml3cHNiMndkbXJuc1FtV216WStvMGxXcEhDQktkN0FEcWhjTVphSnRneXBmYW5tNjE2SmFkeUZ0THdmNXlad00vbGw0NDdkMEs2dWJrOCtLcHZLdkh4c2xzU2JQVUI3OU5oK3o1QnU5bjVodDlObkJSbmFiTGFjUVo2eGU5MGl2djhvendsTkRUcGxLZ2NNYXBOSTF5ZXI1aVMvVWFrYjBydkNVUHQ2Yk1zSVM0SFMyWmEzcHZ3d28ySUdHV3kwWVJxM25sTWpVeEpld3dWTG9WWkY2UXErMmhBWU45WHk0cEl0ZEEvdUZaMGFPNjBKMFo2N0J0eWlUcjZkLzN5RDBScUZ0L2VRdVVOVDE4eFZiK3BVb2k0N2pLTjkrNkd4Z0wyYndvYyswSEdoN2xpLzZ4dWVzZm04WmFSN1NOMjNXcXZsZUIreDdQNWVhQnNyNXhYNVNzSUlWSERnWlM4ZHJReS9LQ1U1Wk5xV2p5MDBadjI4bk9ZUUtqcnlzMzNwMEI2MHJvVFN3VlZVRlc2aXo4dXUvcE5lb2Yra1Y3OXlldlhGODZzVzRPcGJ6UGJlVDV2RjE4WitoTTdaaGxBa3RYWEhRaHhRbkJ4RmJTVFVmVUNabkxRZUVZUWQvRjRCeUQ3T05GVTd6TjhCUjNlY1NBazBxbmozbGQ4ZnIrd0NFVXJaMWtXbXFYZjNiemhLMlIzTkdFNEZ1aW5LbmdGM2JPK2hzNzNQcnNha3J4eXIrSWR4UjlGUGpGQnhoQVRUOTNZUWtZZ1ZVcEFVa055Q2h5bmhSSklFWnlpdldUR1VZN2tkTmV5L2Y2bWo5MitSTW5jVzYrb2lmZWc5OVB3MmVmL0MxMkp4dFhqay9vQXVPUFllZXY4SEFBRC8vd0VBQVAvL2lnVTFOVVppQUFBPQonQAoKJGNvbXByZXNzZWRCeXRlcyA9IFtDb252ZXJ0XTo6RnJvbUJhc2U2NFN0cmluZygkU2NyaXB0Qm9keUd6aXBCYXNlNjQuVHJpbSgpKQokbWVtb3J5U3RyZWFtID0gW0lPLk1lbW9yeVN0cmVhbV06Om5ldygkY29tcHJlc3NlZEJ5dGVzKQokZ3ppcFN0cmVhbSA9IFtJTy5Db21wcmVzc2lvbi5HemlwU3RyZWFtXTo6bmV3KCRtZW1vcnlTdHJlYW0sIFtJTy5Db21wcmVzc2lvbi5Db21wcmVzc2lvbk1vZGVdOjpEZWNvbXByZXNzKQokcmVhZGVyID0gW0lPLlN0cmVhbVJlYWRlcl06Om5ldygkZ3ppcFN0cmVhbSwgW1RleHQuRW5jb2RpbmddOjpVVEY4KQp0cnkgewogICAgJFNjcmlwdEJvZHkgPSAkcmVhZGVyLlJlYWRUb0VuZCgpCn0KZmluYWxseSB7CiAgICAkcmVhZGVyLkNsb3NlKCkKICAgICRnemlwU3RyZWFtLkNsb3NlKCkKICAgICRtZW1vcnlTdHJlYW0uQ2xvc2UoKQp9CgpTZXQtQ29udGVudCAtUGF0aCAkU2NyaXB0UGF0aCAtVmFsdWUgJFNjcmlwdEJvZHkgLUVuY29kaW5nIFVURjggLUZvcmNlCiYgaWNhY2xzLmV4ZSAkU2NyaXB0UGF0aCAvaW5oZXJpdGFuY2U6ciAvZ3JhbnQ6ciAiU1lTVEVNOihGKSIgIkFkbWluaXN0cmF0b3JzOihGKSIgfCBPdXQtTnVsbApXcml0ZS1Cb290c3RyYXBMb2cgIldyb3RlICRTY3JpcHRQYXRoIgoKJExhdW5jaGVyQm9keSA9IEAnCiRFcnJvckFjdGlvblByZWZlcmVuY2UgPSAiU3RvcCIKCiRTZXR1cERpciA9ICJDOlxBT0FHQXV0b21hdGlvblxEQyIKJFNjcmlwdFBhdGggPSBKb2luLVBhdGggJFNldHVwRGlyICIwMS1jb25maWd1cmUtZG9tYWluLWNvbnRyb2xsZXIucHMxIgokTGF1bmNoZXJMb2dQYXRoID0gSm9pbi1QYXRoICRTZXR1cERpciAibGF1bmNoZXIubG9nIgokQ29uc29sZUxvZ1BhdGggPSBKb2luLVBhdGggJFNldHVwRGlyICJjb25maWd1cmUtZGMtY29uc29sZS5sb2ciCiRJbml0aWFsVGFza05hbWUgPSAiQU9BRy1Db25maWd1cmUtRG9tYWluQ29udHJvbGxlci1Jbml0aWFsIgoKZnVuY3Rpb24gV3JpdGUtTGF1bmNoZXJMb2cgewogICAgcGFyYW0oW3N0cmluZ10kTWVzc2FnZSkKICAgIE5ldy1JdGVtIC1JdGVtVHlwZSBEaXJlY3RvcnkgLVBhdGggJFNldHVwRGlyIC1Gb3JjZSB8IE91dC1OdWxsCiAgICBBZGQtQ29udGVudCAtUGF0aCAkTGF1bmNoZXJMb2dQYXRoIC1WYWx1ZSAoInswOnN9IHsxfSIgLWYgKEdldC1EYXRlKSwgJE1lc3NhZ2UpCn0KCnRyeSB7CiAgICBXcml0ZS1MYXVuY2hlckxvZyAiU3RhcnRpbmcgREMgY29uZmlndXJhdGlvbiBsYXVuY2hlciIKCiAgICAkcG93ZXJzaGVsbFBhdGggPSBKb2luLVBhdGggJGVudjpTeXN0ZW1Sb290ICJTeXN0ZW0zMlxXaW5kb3dzUG93ZXJTaGVsbFx2MS4wXHBvd2Vyc2hlbGwuZXhlIgogICAgJHNjcmlwdEFyZ3MgPSBAKAogICAgICAgICItTm9Qcm9maWxlIiwKICAgICAgICAiLUV4ZWN1dGlvblBvbGljeSIsICJCeXBhc3MiLAogICAgICAgICItRmlsZSIsICRTY3JpcHRQYXRoLAogICAgICAgICItRG9tYWluTmFtZSIsICdtc3NxbGFvYWcuZGVtbycsCiAgICAgICAgIi1OZXRiaW9zTmFtZSIsICdNU1NRTEFPQUcnLAogICAgICAgICItRG9tYWluQWRtaW5Vc2VyIiwgJ2RvbWFpbmFkbWluJywKICAgICAgICAiLVNxbFNlcnZpY2VBY2NvdW50VXNlciIsICdzcWxzYScsCiAgICAgICAgIi1Mb2NhbEFkbWluVXNlciIsICdvcGMnLAogICAgICAgICItVGFyZ2V0Q29tcHV0ZXJOYW1lIiwgJ0RDLVZNJywKICAgICAgICAiLURjUHJpdmF0ZUlwIiwgJzEwLjAuMTAuMTAnLAogICAgICAgICItV2l0bmVzc1BhdGgiLCAnQzpcQ2x1c3RlcldpdG5lc3MnLAogICAgICAgICItV2l0bmVzc1NoYXJlTmFtZSIsICdDbHVzdGVyV2l0bmVzcycsCiAgICAgICAgIi1Eb21haW5BZG1pblBhc3N3b3JkUGxhaW4iLCAnUEBzc3cwcmRAMTIzJywKICAgICAgICAiLVNxbFNlcnZpY2VBY2NvdW50UGFzc3dvcmRQbGFpbiIsICdQQHNzdzByZEAxMjMnLAogICAgICAgICItTG9jYWxBZG1pblBhc3N3b3JkUGxhaW4iLCAnUEBzc3cwcmRAMTIzJywKICAgICAgICAiLU5vbkludGVyYWN0aXZlIgogICAgKQoKICAgIFdyaXRlLUxhdW5jaGVyTG9nICJJbnZva2luZyAkU2NyaXB0UGF0aCIKICAgICYgJHBvd2Vyc2hlbGxQYXRoIEBzY3JpcHRBcmdzICo+ICRDb25zb2xlTG9nUGF0aAogICAgJGV4aXRDb2RlID0gJExBU1RFWElUQ09ERQogICAgV3JpdGUtTGF1bmNoZXJMb2cgIkRDIGNvbmZpZ3VyYXRpb24gc2NyaXB0IGV4aXQgY29kZTogJGV4aXRDb2RlIgoKICAgIGlmICgkZXhpdENvZGUgLW5lIDApIHsKICAgICAgICB0aHJvdyAiREMgY29uZmlndXJhdGlvbiBzY3JpcHQgZmFpbGVkIHdpdGggZXhpdCBjb2RlICRleGl0Q29kZS4gU2VlICRDb25zb2xlTG9nUGF0aCBhbmQgQzpcQU9BR0F1dG9tYXRpb25cRENcY29uZmlndXJlLWRjLmxvZy4iCiAgICB9Cn0KY2F0Y2ggewogICAgV3JpdGUtTGF1bmNoZXJMb2cgIkVSUk9SOiAkKCRfLkV4Y2VwdGlvbi5NZXNzYWdlKSIKICAgIHRocm93Cn0KZmluYWxseSB7CiAgICB0cnkgewogICAgICAgIFVucmVnaXN0ZXItU2NoZWR1bGVkVGFzayAtVGFza05hbWUgJEluaXRpYWxUYXNrTmFtZSAtQ29uZmlybTokZmFsc2UgLUVycm9yQWN0aW9uIFNpbGVudGx5Q29udGludWUKICAgICAgICBXcml0ZS1MYXVuY2hlckxvZyAiUmVtb3ZlZCBpbml0aWFsIGxhdW5jaGVyIHRhc2sgaWYgaXQgc3RpbGwgZXhpc3RlZCIKICAgIH0KICAgIGNhdGNoIHsKICAgICAgICBXcml0ZS1MYXVuY2hlckxvZyAiSW5pdGlhbCBsYXVuY2hlciB0YXNrIGNsZWFudXAgd2FybmluZzogJCgkXy5FeGNlcHRpb24uTWVzc2FnZSkiCiAgICB9Cn0KJ0AKClNldC1Db250ZW50IC1QYXRoICRMYXVuY2hlclBhdGggLVZhbHVlICRMYXVuY2hlckJvZHkgLUVuY29kaW5nIFVURjggLUZvcmNlCiYgaWNhY2xzLmV4ZSAkTGF1bmNoZXJQYXRoIC9pbmhlcml0YW5jZTpyIC9ncmFudDpyICJTWVNURU06KEYpIiAiQWRtaW5pc3RyYXRvcnM6KEYpIiB8IE91dC1OdWxsCldyaXRlLUJvb3RzdHJhcExvZyAiV3JvdGUgJExhdW5jaGVyUGF0aCIKCiRhY3Rpb24gPSBOZXctU2NoZWR1bGVkVGFza0FjdGlvbiAtRXhlY3V0ZSAiUG93ZXJTaGVsbC5leGUiIC1Bcmd1bWVudCAiLU5vUHJvZmlsZSAtRXhlY3V0aW9uUG9saWN5IEJ5cGFzcyAtRmlsZSBgIiRMYXVuY2hlclBhdGhgIiIKJHRyaWdnZXIgPSBOZXctU2NoZWR1bGVkVGFza1RyaWdnZXIgLU9uY2UgLUF0IChHZXQtRGF0ZSkuQWRkTWludXRlcygxKQpSZWdpc3Rlci1TY2hlZHVsZWRUYXNrIC1UYXNrTmFtZSAkSW5pdGlhbFRhc2tOYW1lIC1BY3Rpb24gJGFjdGlvbiAtVHJpZ2dlciAkdHJpZ2dlciAtVXNlciAiU1lTVEVNIiAtUnVuTGV2ZWwgSGlnaGVzdCAtRm9yY2UgfCBPdXQtTnVsbApXcml0ZS1Cb290c3RyYXBMb2cgIlJlZ2lzdGVyZWQgJEluaXRpYWxUYXNrTmFtZSBhcyBTWVNURU0iCgpTdGFydC1TY2hlZHVsZWRUYXNrIC1UYXNrTmFtZSAkSW5pdGlhbFRhc2tOYW1lCldyaXRlLUJvb3RzdHJhcExvZyAiU3RhcnRlZCAkSW5pdGlhbFRhc2tOYW1lIgo="
            },
            "platform_config": [],
            "preemptible_instance_config": [],
            "preserve_boot_volume": null,
            "preserve_data_volumes_created_at_launch": null,
            "private_ip": "10.0.10.10",
            "public_ip": "163.192.63.56",
            "region": "us-sanjose-1",
            "security_attributes": {},
            "security_attributes_state": "STABLE",
            "shape": "VM.Standard.E5.Flex",
            "shape_config": [
              {
                "baseline_ocpu_utilization": "",
                "gpu_description": "",
                "gpus": 0,
                "local_disk_description": "",
                "local_disks": 0,
                "local_disks_total_size_in_gbs": 0,
                "max_vnic_attachments": 6,
                "memory_in_gbs": 16,
                "networking_bandwidth_in_gbps": 6,
                "nvmes": 0,
                "ocpus": 6,
                "processor_description": "2.3 GHz AMD EPYC™ 9J14 (Genoa)",
                "vcpus": 12
              }
            ],
            "source_details": [
              {
                "boot_volume_size_in_gbs": "100",
                "boot_volume_vpus_per_gb": "10",
                "instance_source_image_filter_details": [],
                "is_preserve_boot_volume_enabled": false,
                "kms_key_id": "",
                "source_id": "ocid1.image.oc1.us-sanjose-1.aaaaaaaak2hpkzblpxpmdezybtadyswgbkp7dus5yki55pv5uu4gfutupefa",
                "source_type": "image"
              }
            ],
            "state": "RUNNING",
            "subnet_id": "ocid1.subnet.oc1.us-sanjose-1.aaaaaaaaqyaalgafielqf5cpgvvtkbq4qmb3xtix4n6m26ojww3nwuuu5axq",
            "system_tags": {},
            "time_created": "2026-08-10 12:01:12.507 +0000 UTC",
            "time_maintenance_reboot_due": "",
            "timeouts": null,
            "update_operation_constraint": null
          },
          "sensitive_attributes": [
            [
              {
                "type": "get_attr",
                "value": "metadata"
              },
              {
                "type": "index",
                "value": {
                  "value": "user_data",
                  "type": "string"
                }
              }
            ]
          ],
          "identity_schema_version": 0,
          "private": "eyJlMmJmYjczMC1lY2FhLTExZTYtOGY4OC0zNDM2M2JjN2M0YzAiOnsiY3JlYXRlIjoyNzAwMDAwMDAwMDAwLCJkZWxldGUiOjQ1MDAwMDAwMDAwMDAsInVwZGF0ZSI6MjcwMDAwMDAwMDAwMH19",
          "dependencies": [
            "data.oci_identity_availability_domains.region",
            "oci_core_internet_gateway.sql",
            "oci_core_route_table.public",
            "oci_core_security_list.dc",
            "oci_core_subnet.dc",
            "oci_core_vcn.sql"
          ]
        }
      ]
    },
    {
      "mode": "managed",
      "type": "oci_core_instance",
      "name": "sql1",
      "provider": "provider[\"registry.terraform.io/oracle/oci\"]",
      "instances": [
        {
          "schema_version": 0,
          "attributes": {
            "agent_config": [
              {
                "are_all_plugins_disabled": false,
                "is_management_disabled": false,
                "is_monitoring_disabled": false,
                "plugins_config": [
                  {
                    "desired_state": "ENABLED",
                    "name": "Compute Instance Run Command"
                  },
                  {
                    "desired_state": "ENABLED",
                    "name": "Compute Instance Monitoring"
                  },
                  {
                    "desired_state": "ENABLED",
                    "name": "Management Agent"
                  },
                  {
                    "desired_state": "ENABLED",
                    "name": "Fleet Application Management Service"
                  },
                  {
                    "desired_state": "ENABLED",
                    "name": "Cloud Guard Workload Protection"
                  }
                ]
              }
            ],
            "async": null,
            "availability_config": [
              {
                "is_live_migration_preferred": false,
                "recovery_action": "RESTORE_INSTANCE"
              }
            ],
            "availability_domain": "RAVo:US-SANJOSE-1-AD-1",
            "boot_volume_id": "ocid1.bootvolume.oc1.us-sanjose-1.abzwuljrrbwsm2asjmm2ox3sijc5el7qaesxms3akfmfj3n5laiqljhzzrra",
            "capacity_reservation_id": null,
            "cluster_placement_group_id": null,
            "compartment_id": "ocid1.compartment.oc1..aaaaaaaac7ixtdbw32dnr55p4mjsjdmtbfcy5pa5rasdvuw57eup5w7xbu3q",
            "compute_cluster_id": null,
            "create_vnic_details": [
              {
                "assign_ipv6ip": false,
                "assign_private_dns_record": false,
                "assign_public_ip": "true",
                "defined_tags": {
                  "Oracle-Tags.CreatedBy": "default/akarsha.i@oracle.com",
                  "Oracle-Tags.CreatedOn": "2026-08-10T12:05:24.120Z"
                },
                "display_name": "SQL1",
                "freeform_tags": {
                  "Domain": "mssqlaoag.demo",
                  "Project": "sqlagtest",
                  "Role": "sql-node"
                },
                "hostname_label": "sql1",
                "ipv6address_ipv6subnet_cidr_pair_details": [],
                "nsg_ids": [],
                "private_ip": "10.0.20.10",
                "security_attributes": {},
                "skip_source_dest_check": false,
                "subnet_id": "ocid1.subnet.oc1.us-sanjose-1.aaaaaaaa4oizllv7ztjmasysv2nm22ufja3hckxr2dawcmoclghu35ydjska",
                "vlan_id": ""
              }
            ],
            "dedicated_vm_host_id": null,
            "defined_tags": {
              "Oracle-Tags.CreatedBy": "default/akarsha.i@oracle.com",
              "Oracle-Tags.CreatedOn": "2026-08-10T12:05:23.980Z"
            },
            "display_name": "SQL1",
            "extended_metadata": {},
            "fault_domain": "FAULT-DOMAIN-3",
            "freeform_tags": {
              "Domain": "mssqlaoag.demo",
              "Project": "sqlagtest",
              "Role": "sql-node"
            },
            "hostname_label": "sql1",
            "id": "ocid1.instance.oc1.us-sanjose-1.anzwuljrfyadjyicro5jzzgfjuljuqrgeudvsdt4husgjp4zcmpgn77vfepa",
            "image": "ocid1.image.oc1.us-sanjose-1.aaaaaaaak2hpkzblpxpmdezybtadyswgbkp7dus5yki55pv5uu4gfutupefa",
            "instance_configuration_id": null,
            "instance_options": [
              {
                "are_legacy_imds_endpoints_disabled": true
              }
            ],
            "ipxe_script": null,
            "is_cross_numa_node": false,
            "is_pv_encryption_in_transit_enabled": null,
            "launch_mode": "NATIVE",
            "launch_options": [
              {
                "boot_volume_type": "PARAVIRTUALIZED",
                "firmware": "UEFI_64",
                "is_consistent_volume_naming_enabled": false,
                "is_pv_encryption_in_transit_enabled": false,
                "network_type": "PARAVIRTUALIZED",
                "remote_data_volume_type": "PARAVIRTUALIZED"
              }
            ],
            "launch_volume_attachments": null,
            "licensing_configs": [],
            "metadata": {
              "user_data": "I3BzMV9zeXNuYXRpdmUKJEVycm9yQWN0aW9uUHJlZmVyZW5jZSA9ICJTdG9wIgoKJFNldHVwRGlyID0gIkM6XEFPQUdBdXRvbWF0aW9uXFdpbmRvd3MiCiRTY3JpcHRQYXRoID0gSm9pbi1QYXRoICRTZXR1cERpciAiMDItY29uZmlndXJlLXNxbC1ub2RlLnBzMSIKJFdzZmNTZXR1cERpciA9ICJDOlxBT0FHQXV0b21hdGlvblxXU0ZDIgokV3NmY1NjcmlwdFBhdGggPSBKb2luLVBhdGggJFdzZmNTZXR1cERpciAiMDMtY29uZmlndXJlLXdzZmMucHMxIgokU2FtcGxlU2NyaXB0UGF0aCA9IEpvaW4tUGF0aCAkV3NmY1NldHVwRGlyICIwNC1wcmVwYXJlLXNhbXBsZS1kYXRhYmFzZS5wczEiCiRBZ1NjcmlwdFBhdGggPSBKb2luLVBhdGggJFdzZmNTZXR1cERpciAiMDUtY29uZmlndXJlLWF2YWlsYWJpbGl0eS1ncm91cC5wczEiCiRTYWZlRmFpbG92ZXJTY3JpcHRQYXRoID0gSm9pbi1QYXRoICRXc2ZjU2V0dXBEaXIgIjA2LXNhZmUtcGxhbm5lZC1mYWlsb3Zlci5wczEiCiRSZWNvbmNpbGVTY3JpcHRQYXRoID0gSm9pbi1QYXRoICRXc2ZjU2V0dXBEaXIgIjA3LXJlY29uY2lsZS1hdmFpbGFiaWxpdHktZ3JvdXAucHMxIgokTGF1bmNoZXJQYXRoID0gSm9pbi1QYXRoICRTZXR1cERpciAiMDAtbGF1bmNoLXNxbC1ub2RlLWJvb3RzdHJhcC5wczEiCiRXcmFwcGVyTG9nUGF0aCA9IEpvaW4tUGF0aCAkU2V0dXBEaXIgInVzZXItZGF0YS1ib290c3RyYXAubG9nIgokSW5pdGlhbFRhc2tOYW1lID0gIkFPQUctQ29uZmlndXJlLVdpbmRvd3NOb2RlLUluaXRpYWwiCk5ldy1JdGVtIC1JdGVtVHlwZSBEaXJlY3RvcnkgLVBhdGggJFNldHVwRGlyIC1Gb3JjZSB8IE91dC1OdWxsCk5ldy1JdGVtIC1JdGVtVHlwZSBEaXJlY3RvcnkgLVBhdGggJFdzZmNTZXR1cERpciAtRm9yY2UgfCBPdXQtTnVsbAoKZnVuY3Rpb24gV3JpdGUtQm9vdHN0cmFwTG9nIHsKICAgIHBhcmFtKFtzdHJpbmddJE1lc3NhZ2UpCiAgICBBZGQtQ29udGVudCAtUGF0aCAkV3JhcHBlckxvZ1BhdGggLVZhbHVlICgiezA6c30gezF9IiAtZiAoR2V0LURhdGUpLCAkTWVzc2FnZSkKfQoKdHJhcCB7CiAgICB0cnkgewogICAgICAgIFdyaXRlLUJvb3RzdHJhcExvZyAiRVJST1I6ICQoJF8uRXhjZXB0aW9uLk1lc3NhZ2UpIgogICAgfQogICAgY2F0Y2ggewogICAgICAgICMgUHJlc2VydmUgdGhlIG9yaWdpbmFsIGJvb3RzdHJhcCBlcnJvciBpZiBsb2dnaW5nIGl0c2VsZiBpcyB1bmF2YWlsYWJsZS4KICAgIH0KICAgIHRocm93Cn0KCldyaXRlLUJvb3RzdHJhcExvZyAiU3RhcnRpbmcgU1FMIG5vZGUgdXNlcl9kYXRhIGJvb3RzdHJhcCBmb3IgU1FMMSIKCiMgRXN0YWJsaXNoIHJlY292ZXJ5IGFjY2VzcyBiZWZvcmUgZG93bmxvYWRpbmcgYW55IGF1dG9tYXRpb24gYXJ0aWZhY3RzLiBJZiBhCiMgUEFSLCBETlMsIG9yIE9iamVjdCBTdG9yYWdlIHJlcXVlc3QgZmFpbHMsIHRoZSBvcGVyYXRvciBjYW4gc3RpbGwgUkRQIGluIHdpdGgKIyB0aGUgbG9jYWwgYWNjb3VudHMgYW5kIGluc3BlY3QgdGhlIGJvb3RzdHJhcCBsb2dzLgpmdW5jdGlvbiBTZXQtTG9jYWxCb290c3RyYXBBY2Nlc3MgewogICAgV3JpdGUtQm9vdHN0cmFwTG9nICJDb25maWd1cmluZyBsb2NhbCBib290c3RyYXAgYWNjb3VudHMiCiAgICAkcGFzc3dvcmQgPSAnUEBzc3cwcmRAMTIzJwogICAgaWYgKFtzdHJpbmddOjpJc051bGxPcldoaXRlU3BhY2UoJHBhc3N3b3JkKSkgewogICAgICAgIHRocm93ICJ3aW5kb3dzX2FkbWluX3Bhc3N3b3JkIHdhcyBub3QgcmVuZGVyZWQgaW50byBTUUwgbm9kZSB1c2VyX2RhdGEuIgogICAgfQoKICAgICRhZG1pblJlc3VsdCA9ICYgbmV0LmV4ZSB1c2VyIEFkbWluaXN0cmF0b3IgJHBhc3N3b3JkIC9sb2dvbnBhc3N3b3JkY2hnOm5vIC9hY3RpdmU6eWVzIDI+JjEKICAgIGlmICgkTEFTVEVYSVRDT0RFIC1uZSAwKSB7CiAgICAgICAgdGhyb3cgIkZhaWxlZCB0byBjb25maWd1cmUgbG9jYWwgQWRtaW5pc3RyYXRvciBiZWZvcmUgZG93bmxvYWRpbmcgYXV0b21hdGlvbiBhcnRpZmFjdHM6ICQoJGFkbWluUmVzdWx0IC1qb2luICcgJykiCiAgICB9CiAgICBXcml0ZS1Cb290c3RyYXBMb2cgIlJlc2V0IGxvY2FsIEFkbWluaXN0cmF0b3IgcGFzc3dvcmQgYW5kIGVuYWJsZWQgYWNjb3VudCIKCiAgICBpZiAoJ29wYycgLWFuZCAnb3BjJyAtbmUgJ0FkbWluaXN0cmF0b3InKSB7CiAgICAgICAgJHVzZXJSZXN1bHQgPSAmIG5ldC5leGUgdXNlciAnb3BjJyAkcGFzc3dvcmQgL2xvZ29ucGFzc3dvcmRjaGc6bm8gL2FjdGl2ZTp5ZXMgMj4mMQogICAgICAgIGlmICgkTEFTVEVYSVRDT0RFIC1uZSAwKSB7CiAgICAgICAgICAgICR1c2VyUmVzdWx0ID0gJiBuZXQuZXhlIHVzZXIgJ29wYycgJHBhc3N3b3JkIC9hZGQgL2xvZ29ucGFzc3dvcmRjaGc6bm8gL2FjdGl2ZTp5ZXMgMj4mMQogICAgICAgICAgICBpZiAoJExBU1RFWElUQ09ERSAtbmUgMCkgewogICAgICAgICAgICAgICAgdGhyb3cgIkZhaWxlZCB0byBjcmVhdGUgbG9jYWwgb3BjIGJlZm9yZSBkb3dubG9hZGluZyBhdXRvbWF0aW9uIGFydGlmYWN0czogJCgkdXNlclJlc3VsdCAtam9pbiAnICcpIgogICAgICAgICAgICB9CiAgICAgICAgfQogICAgICAgIFdyaXRlLUJvb3RzdHJhcExvZyAiUmVzZXQgbG9jYWwgb3BjIHBhc3N3b3JkIGFuZCBlbmFibGVkIGFjY291bnQiCgogICAgICAgIGZvcmVhY2ggKCRncm91cCBpbiBAKCdBZG1pbmlzdHJhdG9ycycsICdSZW1vdGUgRGVza3RvcCBVc2VycycpKSB7CiAgICAgICAgICAgICRtZW1iZXJQYXR0ZXJuID0gIig/aSkoXnxcXCkkKFtyZWdleF06OkVzY2FwZSgnb3BjJykpJCIKICAgICAgICAgICAgJGFscmVhZHlNZW1iZXIgPSAkZmFsc2UKICAgICAgICAgICAgdHJ5IHsKICAgICAgICAgICAgICAgICRhbHJlYWR5TWVtYmVyID0gQCgKICAgICAgICAgICAgICAgICAgICBHZXQtTG9jYWxHcm91cE1lbWJlciAtR3JvdXAgJGdyb3VwIC1FcnJvckFjdGlvbiBTdG9wIHwKICAgICAgICAgICAgICAgICAgICAgICAgV2hlcmUtT2JqZWN0IHsgJF8uTmFtZSAtbWF0Y2ggJG1lbWJlclBhdHRlcm4gfQogICAgICAgICAgICAgICAgKS5Db3VudCAtZ3QgMAogICAgICAgICAgICB9CiAgICAgICAgICAgIGNhdGNoIHsKICAgICAgICAgICAgICAgIFdyaXRlLUJvb3RzdHJhcExvZyAiQ291bGQgbm90IHByZS1jaGVjayBvcGMgbWVtYmVyc2hpcCBpbiAkZ3JvdXA7IHVzaW5nIG5ldC5leGUgcmVzdWx0IgogICAgICAgICAgICB9CgogICAgICAgICAgICBpZiAoJGFscmVhZHlNZW1iZXIpIHsKICAgICAgICAgICAgICAgIFdyaXRlLUJvb3RzdHJhcExvZyAib3BjIGlzIGFscmVhZHkgYSBtZW1iZXIgb2YgJGdyb3VwOyBjb250aW51aW5nIgogICAgICAgICAgICAgICAgY29udGludWUKICAgICAgICAgICAgfQoKICAgICAgICAgICAgJGdyb3VwUmVzdWx0ID0gJiBuZXQuZXhlIGxvY2FsZ3JvdXAgJGdyb3VwICdvcGMnIC9hZGQgMj4mMQogICAgICAgICAgICAkZ3JvdXBFeGl0Q29kZSA9ICRMQVNURVhJVENPREUKICAgICAgICAgICAgJGdyb3VwT3V0cHV0ID0gKCRncm91cFJlc3VsdCAtam9pbiAiYG4iKQoKICAgICAgICAgICAgaWYgKCRncm91cEV4aXRDb2RlIC1lcSAwKSB7CiAgICAgICAgICAgICAgICBXcml0ZS1Cb290c3RyYXBMb2cgIkFkZGVkIG9wYyB0byAkZ3JvdXAiCiAgICAgICAgICAgIH0KICAgICAgICAgICAgZWxzZWlmICgkZ3JvdXBPdXRwdXQgLW1hdGNoICcoP2kpMTM3OHxhbHJlYWR5IGEgbWVtYmVyIG9mIHRoZSBncm91cCcpIHsKICAgICAgICAgICAgICAgIFdyaXRlLUJvb3RzdHJhcExvZyAib3BjIGlzIGFscmVhZHkgYSBtZW1iZXIgb2YgJGdyb3VwOyBjb250aW51aW5nIgogICAgICAgICAgICB9CiAgICAgICAgICAgIGVsc2UgewogICAgICAgICAgICAgICAgdGhyb3cgIkZhaWxlZCB0byBhZGQgb3BjIHRvICRncm91cCBiZWZvcmUgZG93bmxvYWRpbmcgYXV0b21hdGlvbiBhcnRpZmFjdHMuIG5ldC5leGUgZXhpdCBjb2RlICRncm91cEV4aXRDb2RlLiBPdXRwdXQ6ICRncm91cE91dHB1dCIKICAgICAgICAgICAgfQogICAgICAgIH0KICAgIH0KCiAgICBTZXQtSXRlbVByb3BlcnR5IC1QYXRoICJIS0xNOlxTeXN0ZW1cQ3VycmVudENvbnRyb2xTZXRcQ29udHJvbFxUZXJtaW5hbCBTZXJ2ZXIiIC1OYW1lICJmRGVueVRTQ29ubmVjdGlvbnMiIC1WYWx1ZSAwCiAgICBFbmFibGUtTmV0RmlyZXdhbGxSdWxlIC1EaXNwbGF5R3JvdXAgIlJlbW90ZSBEZXNrdG9wIiAtRXJyb3JBY3Rpb24gU2lsZW50bHlDb250aW51ZSB8IE91dC1OdWxsCiAgICBXcml0ZS1Cb290c3RyYXBMb2cgIkNvbmZpZ3VyZWQgbG9jYWwgQWRtaW5pc3RyYXRvciBhbmQgb3BjIGNyZWRlbnRpYWxzIGJlZm9yZSBhdXRvbWF0aW9uIGRvd25sb2FkcyIKfQoKU2V0LUxvY2FsQm9vdHN0cmFwQWNjZXNzCgpmdW5jdGlvbiBEb3dubG9hZC1BdXRvbWF0aW9uU2NyaXB0IHsKICAgIHBhcmFtKFtzdHJpbmddJFVyaSwgW3N0cmluZ10kUGF0aCkKICAgIGlmIChbc3RyaW5nXTo6SXNOdWxsT3JXaGl0ZVNwYWNlKCRVcmkpKSB7IHJldHVybiB9CiAgICBbTmV0LlNlcnZpY2VQb2ludE1hbmFnZXJdOjpTZWN1cml0eVByb3RvY29sID0gW05ldC5TZWN1cml0eVByb3RvY29sVHlwZV06OlRsczEyCgogICAgZm9yICgkYXR0ZW1wdCA9IDE7ICRhdHRlbXB0IC1sZSAzMDsgJGF0dGVtcHQrKykgewogICAgICAgIHRyeSB7CiAgICAgICAgICAgIFdyaXRlLUJvb3RzdHJhcExvZyAiRG93bmxvYWRpbmcgYXV0b21hdGlvbiBhcnRpZmFjdCBhdHRlbXB0PSRhdHRlbXB0IHBhdGg9JFBhdGgiCiAgICAgICAgICAgIEludm9rZS1XZWJSZXF1ZXN0IC1Vc2VCYXNpY1BhcnNpbmcgLVVyaSAkVXJpIC1PdXRGaWxlICRQYXRoIC1FcnJvckFjdGlvbiBTdG9wCiAgICAgICAgICAgIGlmICgtbm90IChUZXN0LVBhdGggLUxpdGVyYWxQYXRoICRQYXRoKSkgewogICAgICAgICAgICAgICAgdGhyb3cgIkF1dG9tYXRpb24gc2NyaXB0IGRvd25sb2FkIHJldHVybmVkIHdpdGhvdXQgY3JlYXRpbmcgJFBhdGgiCiAgICAgICAgICAgIH0KCiAgICAgICAgICAgIFdyaXRlLUJvb3RzdHJhcExvZyAiRG93bmxvYWRlZCBhdXRvbWF0aW9uIGFydGlmYWN0IHBhdGg9JFBhdGgiCiAgICAgICAgICAgIHJldHVybgogICAgICAgIH0KICAgICAgICBjYXRjaCB7CiAgICAgICAgICAgIGlmICgkYXR0ZW1wdCAtZ2UgMzApIHsKICAgICAgICAgICAgICAgIHRocm93ICJBdXRvbWF0aW9uIGFydGlmYWN0IGRvd25sb2FkIGZhaWxlZCBhZnRlciAkYXR0ZW1wdCBhdHRlbXB0cyBmb3IgJHtQYXRofTogJCgkXy5FeGNlcHRpb24uTWVzc2FnZSkiCiAgICAgICAgICAgIH0KCiAgICAgICAgICAgIFdyaXRlLUJvb3RzdHJhcExvZyAiRG93bmxvYWQgd2FybmluZyBwYXRoPSR7UGF0aH0gYXR0ZW1wdD0kYXR0ZW1wdGA6ICQoJF8uRXhjZXB0aW9uLk1lc3NhZ2UpIgogICAgICAgICAgICBTdGFydC1TbGVlcCAtU2Vjb25kcyAxMAogICAgICAgIH0KICAgIH0KfQoKRG93bmxvYWQtQXV0b21hdGlvblNjcmlwdCAtVXJpICdodHRwczovL29iamVjdHN0b3JhZ2UudXMtc2Fuam9zZS0xLm9yYWNsZWNsb3VkLmNvbS9wL1BMUFQtT09jYXpsYlJNMENCNnBKR3c0ZHMyMDVqQ1NWelpGTHhRRnYxOWVFQktRdkxINF9hdnp0dDFaa1ZJaVovbi9pZHp4dmt6MXpkdWcvYi9hb2FnLWF1dG9tYXRpb24tZTA2ZmQyYjhmYTJmL28vc2NyaXB0cy8wMi1jb25maWd1cmUtc3FsLW5vZGUucHMxJyAtUGF0aCAkU2NyaXB0UGF0aAomIGljYWNscy5leGUgJFNjcmlwdFBhdGggL2luaGVyaXRhbmNlOnIgL2dyYW50OnIgIlNZU1RFTTooRikiICJBZG1pbmlzdHJhdG9yczooRikiIHwgT3V0LU51bGwKV3JpdGUtQm9vdHN0cmFwTG9nICJXcm90ZSAkU2NyaXB0UGF0aCIKCkRvd25sb2FkLUF1dG9tYXRpb25TY3JpcHQgLVVyaSAnaHR0cHM6Ly9vYmplY3RzdG9yYWdlLnVzLXNhbmpvc2UtMS5vcmFjbGVjbG91ZC5jb20vcC9iRFk4VVRyQ1FmVU15b0diaUdkVXhrMWtGV3plWFZKOTJXY2pjYXJYS05qNWQ0LTZ5aFpCOHdDRWh2VG5qWXlCL24vaWR6eHZrejF6ZHVnL2IvYW9hZy1hdXRvbWF0aW9uLWUwNmZkMmI4ZmEyZi9vL3NjcmlwdHMvMDMtY29uZmlndXJlLXdzZmMucHMxJyAtUGF0aCAkV3NmY1NjcmlwdFBhdGgKJiBpY2FjbHMuZXhlICRXc2ZjU2NyaXB0UGF0aCAvaW5oZXJpdGFuY2U6ciAvZ3JhbnQ6ciAiU1lTVEVNOihGKSIgIkFkbWluaXN0cmF0b3JzOihGKSIgfCBPdXQtTnVsbApXcml0ZS1Cb290c3RyYXBMb2cgIldyb3RlICRXc2ZjU2NyaXB0UGF0aCIKCmlmICgtbm90IFtzdHJpbmddOjpJc051bGxPcldoaXRlU3BhY2UoJ2h0dHBzOi8vb2JqZWN0c3RvcmFnZS51cy1zYW5qb3NlLTEub3JhY2xlY2xvdWQuY29tL3AvQ3NUaFhDVHF5M1BOYXpBR1lpMVg1RGdZWlFaa0RXemNnWC13UHhMa2lFRWZ3SG9GenBENzA5NERkWTdUWEVLaC9uL2lkenh2a3oxemR1Zy9iL2FvYWctYXV0b21hdGlvbi1lMDZmZDJiOGZhMmYvby9zY3JpcHRzLzA0LXByZXBhcmUtc2FtcGxlLWRhdGFiYXNlLnBzMScpKSB7CiAgICBEb3dubG9hZC1BdXRvbWF0aW9uU2NyaXB0IC1VcmkgJ2h0dHBzOi8vb2JqZWN0c3RvcmFnZS51cy1zYW5qb3NlLTEub3JhY2xlY2xvdWQuY29tL3AvQ3NUaFhDVHF5M1BOYXpBR1lpMVg1RGdZWlFaa0RXemNnWC13UHhMa2lFRWZ3SG9GenBENzA5NERkWTdUWEVLaC9uL2lkenh2a3oxemR1Zy9iL2FvYWctYXV0b21hdGlvbi1lMDZmZDJiOGZhMmYvby9zY3JpcHRzLzA0LXByZXBhcmUtc2FtcGxlLWRhdGFiYXNlLnBzMScgLVBhdGggJFNhbXBsZVNjcmlwdFBhdGgKICAgICYgaWNhY2xzLmV4ZSAkU2FtcGxlU2NyaXB0UGF0aCAvaW5oZXJpdGFuY2U6ciAvZ3JhbnQ6ciAiU1lTVEVNOihGKSIgIkFkbWluaXN0cmF0b3JzOihGKSIgfCBPdXQtTnVsbAogICAgV3JpdGUtQm9vdHN0cmFwTG9nICJXcm90ZSAkU2FtcGxlU2NyaXB0UGF0aCIKfQoKaWYgKC1ub3QgW3N0cmluZ106OklzTnVsbE9yV2hpdGVTcGFjZSgnaHR0cHM6Ly9vYmplY3RzdG9yYWdlLnVzLXNhbmpvc2UtMS5vcmFjbGVjbG91ZC5jb20vcC9fVDJVRTVFVGxIeVd1ZUxkYW9PZElUZXpNRzF6dXpRdnMzYTJ2UzRna09YZzd3WThuV2lFOWFEVVpvd0owU2NwL24vaWR6eHZrejF6ZHVnL2IvYW9hZy1hdXRvbWF0aW9uLWUwNmZkMmI4ZmEyZi9vL3NjcmlwdHMvMDUtY29uZmlndXJlLWF2YWlsYWJpbGl0eS1ncm91cC5wczEnKSkgewogICAgRG93bmxvYWQtQXV0b21hdGlvblNjcmlwdCAtVXJpICdodHRwczovL29iamVjdHN0b3JhZ2UudXMtc2Fuam9zZS0xLm9yYWNsZWNsb3VkLmNvbS9wL19UMlVFNUVUbEh5V3VlTGRhb09kSVRlek1HMXp1elF2czNhMnZTNGdrT1hnN3dZOG5XaUU5YURVWm93SjBTY3Avbi9pZHp4dmt6MXpkdWcvYi9hb2FnLWF1dG9tYXRpb24tZTA2ZmQyYjhmYTJmL28vc2NyaXB0cy8wNS1jb25maWd1cmUtYXZhaWxhYmlsaXR5LWdyb3VwLnBzMScgLVBhdGggJEFnU2NyaXB0UGF0aAogICAgJiBpY2FjbHMuZXhlICRBZ1NjcmlwdFBhdGggL2luaGVyaXRhbmNlOnIgL2dyYW50OnIgIlNZU1RFTTooRikiICJBZG1pbmlzdHJhdG9yczooRikiIHwgT3V0LU51bGwKICAgIFdyaXRlLUJvb3RzdHJhcExvZyAiV3JvdGUgJEFnU2NyaXB0UGF0aCIKfQoKaWYgKC1ub3QgW3N0cmluZ106OklzTnVsbE9yV2hpdGVTcGFjZSgnaHR0cHM6Ly9vYmplY3RzdG9yYWdlLnVzLXNhbmpvc2UtMS5vcmFjbGVjbG91ZC5jb20vcC9Cemp4WUNaX183SEtkbFB4WWMyTEdYV1NBcjFwSmRGc095TDM5aUcxN1UxNlZMZ3RpMjM2NUQ0bnQyd3VaOXRaL24vaWR6eHZrejF6ZHVnL2IvYW9hZy1hdXRvbWF0aW9uLWUwNmZkMmI4ZmEyZi9vL3NjcmlwdHMvMDYtc2FmZS1wbGFubmVkLWZhaWxvdmVyLnBzMScpKSB7CiAgICBEb3dubG9hZC1BdXRvbWF0aW9uU2NyaXB0IC1VcmkgJ2h0dHBzOi8vb2JqZWN0c3RvcmFnZS51cy1zYW5qb3NlLTEub3JhY2xlY2xvdWQuY29tL3AvQnpqeFlDWl9fN0hLZGxQeFljMkxHWFdTQXIxcEpkRnNPeUwzOWlHMTdVMTZWTGd0aTIzNjVENG50Mnd1Wjl0Wi9uL2lkenh2a3oxemR1Zy9iL2FvYWctYXV0b21hdGlvbi1lMDZmZDJiOGZhMmYvby9zY3JpcHRzLzA2LXNhZmUtcGxhbm5lZC1mYWlsb3Zlci5wczEnIC1QYXRoICRTYWZlRmFpbG92ZXJTY3JpcHRQYXRoCiAgICAmIGljYWNscy5leGUgJFNhZmVGYWlsb3ZlclNjcmlwdFBhdGggL2luaGVyaXRhbmNlOnIgL2dyYW50OnIgIlNZU1RFTTooRikiICJBZG1pbmlzdHJhdG9yczooRikiIHwgT3V0LU51bGwKICAgIFdyaXRlLUJvb3RzdHJhcExvZyAiV3JvdGUgJFNhZmVGYWlsb3ZlclNjcmlwdFBhdGgiCn0KCmlmICgtbm90IFtzdHJpbmddOjpJc051bGxPcldoaXRlU3BhY2UoJ2h0dHBzOi8vb2JqZWN0c3RvcmFnZS51cy1zYW5qb3NlLTEub3JhY2xlY2xvdWQuY29tL3AvMERvUFI4NjBLdjRkQl8ya2d1LXpVRTJEWkdfcnFKaWpmY1BXME9mTDFFTXVVQzlnNXVhcVRING9MMFVQYjlKci9uL2lkenh2a3oxemR1Zy9iL2FvYWctYXV0b21hdGlvbi1lMDZmZDJiOGZhMmYvby9zY3JpcHRzLzA3LXJlY29uY2lsZS1hdmFpbGFiaWxpdHktZ3JvdXAucHMxJykpIHsKICAgIERvd25sb2FkLUF1dG9tYXRpb25TY3JpcHQgLVVyaSAnaHR0cHM6Ly9vYmplY3RzdG9yYWdlLnVzLXNhbmpvc2UtMS5vcmFjbGVjbG91ZC5jb20vcC8wRG9QUjg2MEt2NGRCXzJrZ3UtelVFMkRaR19ycUppamZjUFcwT2ZMMUVNdVVDOWc1dWFxVEg0b0wwVVBiOUpyL24vaWR6eHZrejF6ZHVnL2IvYW9hZy1hdXRvbWF0aW9uLWUwNmZkMmI4ZmEyZi9vL3NjcmlwdHMvMDctcmVjb25jaWxlLWF2YWlsYWJpbGl0eS1ncm91cC5wczEnIC1QYXRoICRSZWNvbmNpbGVTY3JpcHRQYXRoCiAgICAmIGljYWNscy5leGUgJFJlY29uY2lsZVNjcmlwdFBhdGggL2luaGVyaXRhbmNlOnIgL2dyYW50OnIgIlNZU1RFTTooRikiICJBZG1pbmlzdHJhdG9yczooRikiIHwgT3V0LU51bGwKICAgIFdyaXRlLUJvb3RzdHJhcExvZyAiV3JvdGUgJFJlY29uY2lsZVNjcmlwdFBhdGgiCn0KCiRMYXVuY2hlckJvZHkgPSBAJwokRXJyb3JBY3Rpb25QcmVmZXJlbmNlID0gIlN0b3AiCiRTZXR1cERpciA9ICJDOlxBT0FHQXV0b21hdGlvblxXaW5kb3dzIgokU2NyaXB0UGF0aCA9IEpvaW4tUGF0aCAkU2V0dXBEaXIgIjAyLWNvbmZpZ3VyZS1zcWwtbm9kZS5wczEiCiRXc2ZjU2V0dXBEaXIgPSAiQzpcQU9BR0F1dG9tYXRpb25cV1NGQyIKJFNhbXBsZVNjcmlwdFBhdGggPSBKb2luLVBhdGggJFdzZmNTZXR1cERpciAiMDQtcHJlcGFyZS1zYW1wbGUtZGF0YWJhc2UucHMxIgokQWdTY3JpcHRQYXRoID0gSm9pbi1QYXRoICRXc2ZjU2V0dXBEaXIgIjA1LWNvbmZpZ3VyZS1hdmFpbGFiaWxpdHktZ3JvdXAucHMxIgokUmVjb25jaWxlU2NyaXB0UGF0aCA9IEpvaW4tUGF0aCAkV3NmY1NldHVwRGlyICIwNy1yZWNvbmNpbGUtYXZhaWxhYmlsaXR5LWdyb3VwLnBzMSIKJExhdW5jaGVyTG9nUGF0aCA9IEpvaW4tUGF0aCAkU2V0dXBEaXIgImxhdW5jaGVyLmxvZyIKJENvbnNvbGVMb2dQYXRoID0gSm9pbi1QYXRoICRTZXR1cERpciAid2luZG93cy1ib290c3RyYXAtY29uc29sZS5sb2ciCiRJbml0aWFsVGFza05hbWUgPSAiQU9BRy1Db25maWd1cmUtV2luZG93c05vZGUtSW5pdGlhbCIKZnVuY3Rpb24gV3JpdGUtTGF1bmNoZXJMb2cgewogICAgcGFyYW0oW3N0cmluZ10kTWVzc2FnZSkKICAgIEFkZC1Db250ZW50IC1QYXRoICRMYXVuY2hlckxvZ1BhdGggLVZhbHVlICgiezA6c30gezF9IiAtZiAoR2V0LURhdGUpLCAkTWVzc2FnZSkKfQp0cnkgewogICAgV3JpdGUtTGF1bmNoZXJMb2cgIlN0YXJ0aW5nIFNRTCBub2RlIGNvbmZpZ3VyYXRpb24gbGF1bmNoZXIgZm9yIFNRTDEiCiAgICAkc2NyaXB0QXJncyA9IEAoCiAgICAgICAgIi1Ob1Byb2ZpbGUiLAogICAgICAgICItRXhlY3V0aW9uUG9saWN5IiwgIkJ5cGFzcyIsCiAgICAgICAgIi1GaWxlIiwgJFNjcmlwdFBhdGgsCiAgICAgICAgIi1Eb21haW5OYW1lIiwgJ21zc3FsYW9hZy5kZW1vJywKICAgICAgICAiLURvbWFpbk5ldGJpb3NOYW1lIiwgJ01TU1FMQU9BRycsCiAgICAgICAgIi1Eb21haW5BZG1pblVzZXIiLCAnZG9tYWluYWRtaW4nLAogICAgICAgICItRG9tYWluQWRtaW5QYXNzd29yZCIsICdQQHNzdzByZEAxMjMnLAogICAgICAgICItU3FsU2VydmljZUFjY291bnRVc2VyIiwgJ3NxbHNhJywKICAgICAgICAiLVNxbFNlcnZpY2VBY2NvdW50UGFzc3dvcmQiLCAnUEBzc3cwcmRAMTIzJywKICAgICAgICAiLUF1dG9JbnN0YWxsU3FsU2VydmVyIiwgJ3RydWUnLAogICAgICAgICItSW5zdGFsbFNzbXMiLCAndHJ1ZScsCiAgICAgICAgIi1TcWxTZXJ2ZXJEb3dubG9hZFVybCIsICdodHRwczovL2dvLm1pY3Jvc29mdC5jb20vZndsaW5rLz9saW5raWQ9MjM0NDYyNicsCiAgICAgICAgIi1Tc21zRG93bmxvYWRVcmwiLCAnaHR0cHM6Ly9ha2EubXMvc3Ntcy8yMi9yZWxlYXNlL3ZzX1NTTVMuZXhlJywKICAgICAgICAiLUF1dG9Db25maWd1cmVXc2ZjIiwgJ3RydWUnLAogICAgICAgICItV3NmY0NsdXN0ZXJOYW1lIiwgJ1NRTEFHQ0xVU1RFUicsCiAgICAgICAgIi1Xc2ZjUHJpbWFyeU5vZGUiLCAnU1FMMScsCiAgICAgICAgIi1Xc2ZjQ2x1c3Rlck5vZGVzIiwgJ1NRTDEsU1FMMicsCiAgICAgICAgIi1Xc2ZjQ2x1c3RlclN0YXRpY0FkZHJlc3NlcyIsICcxMC4wLjIwLjIwLDEwLjAuMzAuMjAnLAogICAgICAgICItV3NmY1dpdG5lc3NTaGFyZSIsICdcXERDLVZNLm1zc3FsYW9hZy5kZW1vXENsdXN0ZXJXaXRuZXNzJywKICAgICAgICAiLVNraXBDbHVzdGVyVmFsaWRhdGlvbiIsICd0cnVlJywKICAgICAgICAiLUFvYWdEYXRhYmFzZU5hbWUiLCAnQWR2ZW50dXJlV29ya3MyMDI1JywKICAgICAgICAiLUFvYWdBdmFpbGFiaWxpdHlHcm91cE5hbWUiLCAnVGVzdEFPQUcnLAogICAgICAgICItQW9hZ0xpc3RlbmVyTmFtZSIsICdBT0FHLUxTTicsCiAgICAgICAgIi1Bb2FnTGlzdGVuZXJQb3J0IiwgJzE0MzMnLAogICAgICAgICItQW9hZ0xpc3RlbmVySXBzIiwgJzEwLjAuMjAuMzAsMTAuMC4zMC4zMCcsCiAgICAgICAgIi1IYWRyRW5kcG9pbnROYW1lIiwgJ0hhZHJfZW5kcG9pbnQnLAogICAgICAgICItSGFkckVuZHBvaW50UG9ydCIsICc1MDIyJywKICAgICAgICAiLVNhbXBsZURhdGFiYXNlRG93bmxvYWRVcmwiLCAnaHR0cHM6Ly9naXRodWIuY29tL01pY3Jvc29mdC9zcWwtc2VydmVyLXNhbXBsZXMvcmVsZWFzZXMvZG93bmxvYWQvYWR2ZW50dXJld29ya3MvQWR2ZW50dXJlV29ya3MyMDI1LmJhaycsCiAgICAgICAgIi1TYW1wbGVTY3JpcHRQYXRoIiwgJFNhbXBsZVNjcmlwdFBhdGgsCiAgICAgICAgIi1BZ1NjcmlwdFBhdGgiLCAkQWdTY3JpcHRQYXRoLAogICAgICAgICItTG9jYWxBZG1pblVzZXIiLCAnb3BjJywKICAgICAgICAiLUxvY2FsQWRtaW5QYXNzd29yZCIsICdQQHNzdzByZEAxMjMnLAogICAgICAgICItVGFyZ2V0Q29tcHV0ZXJOYW1lIiwgJ1NRTDEnLAogICAgICAgICItRGNIb3N0TmFtZSIsICJEQy1WTSIsCiAgICAgICAgIi1EY1ByaXZhdGVJcCIsICcxMC4wLjEwLjEwJywKICAgICAgICAiLVNxbERhdGFEcml2ZUxldHRlciIsICdGJywKICAgICAgICAiLVJlY29uY2lsZVNjcmlwdFBhdGgiLCAkUmVjb25jaWxlU2NyaXB0UGF0aAogICAgKQoKICAgICYgIiRlbnY6U3lzdGVtUm9vdFxTeXN0ZW0zMlxXaW5kb3dzUG93ZXJTaGVsbFx2MS4wXHBvd2Vyc2hlbGwuZXhlIiBAc2NyaXB0QXJncyAqPiAkQ29uc29sZUxvZ1BhdGgKICAgICRleGl0Q29kZSA9ICRMQVNURVhJVENPREUKICAgIFdyaXRlLUxhdW5jaGVyTG9nICJTUUwgbm9kZSBjb25maWd1cmF0aW9uIHNjcmlwdCBleGl0IGNvZGU6ICRleGl0Q29kZSIKICAgIGlmICgkZXhpdENvZGUgLW5lIDApIHsKICAgICAgICB0aHJvdyAiU1FMIG5vZGUgYm9vdHN0cmFwIGZhaWxlZCB3aXRoIGV4aXQgY29kZSAkZXhpdENvZGUuIFNlZSAkQ29uc29sZUxvZ1BhdGguIgogICAgfQp9CmNhdGNoIHsKICAgIFdyaXRlLUxhdW5jaGVyTG9nICJFUlJPUjogJCgkXy5FeGNlcHRpb24uTWVzc2FnZSkiCiAgICB0aHJvdwp9CmZpbmFsbHkgewogICAgVW5yZWdpc3Rlci1TY2hlZHVsZWRUYXNrIC1UYXNrTmFtZSAkSW5pdGlhbFRhc2tOYW1lIC1Db25maXJtOiRmYWxzZSAtRXJyb3JBY3Rpb24gU2lsZW50bHlDb250aW51ZQogICAgV3JpdGUtTGF1bmNoZXJMb2cgIlJlbW92ZWQgaW5pdGlhbCBsYXVuY2hlciB0YXNrIGlmIGl0IHN0aWxsIGV4aXN0ZWQiCn0KJ0AKClNldC1Db250ZW50IC1QYXRoICRMYXVuY2hlclBhdGggLVZhbHVlICRMYXVuY2hlckJvZHkgLUVuY29kaW5nIFVURjggLUZvcmNlCiYgaWNhY2xzLmV4ZSAkTGF1bmNoZXJQYXRoIC9pbmhlcml0YW5jZTpyIC9ncmFudDpyICJTWVNURU06KEYpIiAiQWRtaW5pc3RyYXRvcnM6KEYpIiB8IE91dC1OdWxsCldyaXRlLUJvb3RzdHJhcExvZyAiV3JvdGUgJExhdW5jaGVyUGF0aCIKCiRhY3Rpb24gPSBOZXctU2NoZWR1bGVkVGFza0FjdGlvbiAtRXhlY3V0ZSAiUG93ZXJTaGVsbC5leGUiIC1Bcmd1bWVudCAiLU5vUHJvZmlsZSAtRXhlY3V0aW9uUG9saWN5IEJ5cGFzcyAtRmlsZSBgIiRMYXVuY2hlclBhdGhgIiIKJHRyaWdnZXIgPSBOZXctU2NoZWR1bGVkVGFza1RyaWdnZXIgLU9uY2UgLUF0IChHZXQtRGF0ZSkuQWRkTWludXRlcygxKQpSZWdpc3Rlci1TY2hlZHVsZWRUYXNrIC1UYXNrTmFtZSAkSW5pdGlhbFRhc2tOYW1lIC1BY3Rpb24gJGFjdGlvbiAtVHJpZ2dlciAkdHJpZ2dlciAtVXNlciAiU1lTVEVNIiAtUnVuTGV2ZWwgSGlnaGVzdCAtRm9yY2UgfCBPdXQtTnVsbApXcml0ZS1Cb290c3RyYXBMb2cgIlJlZ2lzdGVyZWQgJEluaXRpYWxUYXNrTmFtZSBhcyBTWVNURU0iCgpTdGFydC1TY2hlZHVsZWRUYXNrIC1UYXNrTmFtZSAkSW5pdGlhbFRhc2tOYW1lCldyaXRlLUJvb3RzdHJhcExvZyAiU3RhcnRlZCAkSW5pdGlhbFRhc2tOYW1lIgo="
            },
            "platform_config": [],
            "preemptible_instance_config": [],
            "preserve_boot_volume": null,
            "preserve_data_volumes_created_at_launch": null,
            "private_ip": "10.0.20.10",
            "public_ip": "155.248.211.55",
            "region": "us-sanjose-1",
            "security_attributes": {},
            "security_attributes_state": "STABLE",
            "shape": "VM.Standard.E5.Flex",
            "shape_config": [
              {
                "baseline_ocpu_utilization": "",
                "gpu_description": "",
                "gpus": 0,
                "local_disk_description": "",
                "local_disks": 0,
                "local_disks_total_size_in_gbs": 0,
                "max_vnic_attachments": 8,
                "memory_in_gbs": 32,
                "networking_bandwidth_in_gbps": 8,
                "nvmes": 0,
                "ocpus": 8,
                "processor_description": "2.3 GHz AMD EPYC™ 9J14 (Genoa)",
                "vcpus": 16
              }
            ],
            "source_details": [
              {
                "boot_volume_size_in_gbs": "100",
                "boot_volume_vpus_per_gb": "10",
                "instance_source_image_filter_details": [],
                "is_preserve_boot_volume_enabled": false,
                "kms_key_id": "",
                "source_id": "ocid1.image.oc1.us-sanjose-1.aaaaaaaak2hpkzblpxpmdezybtadyswgbkp7dus5yki55pv5uu4gfutupefa",
                "source_type": "image"
              }
            ],
            "state": "RUNNING",
            "subnet_id": "ocid1.subnet.oc1.us-sanjose-1.aaaaaaaa4oizllv7ztjmasysv2nm22ufja3hckxr2dawcmoclghu35ydjska",
            "system_tags": {},
            "time_created": "2026-08-10 12:05:25.702 +0000 UTC",
            "time_maintenance_reboot_due": "",
            "timeouts": null,
            "update_operation_constraint": null
          },
          "sensitive_attributes": [
            [
              {
                "type": "get_attr",
                "value": "metadata"
              },
              {
                "type": "index",
                "value": {
                  "value": "user_data",
                  "type": "string"
                }
              }
            ]
          ],
          "identity_schema_version": 0,
          "private": "eyJlMmJmYjczMC1lY2FhLTExZTYtOGY4OC0zNDM2M2JjN2M0YzAiOnsiY3JlYXRlIjoyNzAwMDAwMDAwMDAwLCJkZWxldGUiOjQ1MDAwMDAwMDAwMDAsInVwZGF0ZSI6MjcwMDAwMDAwMDAwMH19",
          "dependencies": [
            "data.oci_identity_availability_domains.region",
            "data.oci_objectstorage_namespace.automation",
            "oci_core_instance.dc",
            "oci_core_internet_gateway.sql",
            "oci_core_route_table.public",
            "oci_core_security_list.dc",
            "oci_core_security_list.sql1",
            "oci_core_subnet.dc",
            "oci_core_subnet.sql1",
            "oci_core_vcn.sql",
            "oci_objectstorage_bucket.automation",
            "oci_objectstorage_object.ag",
            "oci_objectstorage_object.reconcile",
            "oci_objectstorage_object.safe_failover",
            "oci_objectstorage_object.sample",
            "oci_objectstorage_object.sql",
            "oci_objectstorage_object.wsfc",
            "oci_objectstorage_preauthrequest.ag",
            "oci_objectstorage_preauthrequest.reconcile",
            "oci_objectstorage_preauthrequest.safe_failover",
            "oci_objectstorage_preauthrequest.sample",
            "oci_objectstorage_preauthrequest.sql",
            "oci_objectstorage_preauthrequest.wsfc"
          ]
        }
      ]
    },
    {
      "mode": "managed",
      "type": "oci_core_instance",
      "name": "sql2",
      "provider": "provider[\"registry.terraform.io/oracle/oci\"]",
      "instances": [
        {
          "schema_version": 0,
          "attributes": {
            "agent_config": [
              {
                "are_all_plugins_disabled": false,
                "is_management_disabled": false,
                "is_monitoring_disabled": false,
                "plugins_config": [
                  {
                    "desired_state": "ENABLED",
                    "name": "Compute Instance Run Command"
                  },
                  {
                    "desired_state": "ENABLED",
                    "name": "Compute Instance Monitoring"
                  },
                  {
                    "desired_state": "ENABLED",
                    "name": "Management Agent"
                  },
                  {
                    "desired_state": "ENABLED",
                    "name": "Fleet Application Management Service"
                  },
                  {
                    "desired_state": "ENABLED",
                    "name": "Cloud Guard Workload Protection"
                  }
                ]
              }
            ],
            "async": null,
            "availability_config": [
              {
                "is_live_migration_preferred": false,
                "recovery_action": "RESTORE_INSTANCE"
              }
            ],
            "availability_domain": "RAVo:US-SANJOSE-1-AD-1",
            "boot_volume_id": "ocid1.bootvolume.oc1.us-sanjose-1.abzwuljrgk5rv6a25vjjmnqun2wjzilwa4bqa2bkcngwb5l7mrahskmrowya",
            "capacity_reservation_id": null,
            "cluster_placement_group_id": null,
            "compartment_id": "ocid1.compartment.oc1..aaaaaaaac7ixtdbw32dnr55p4mjsjdmtbfcy5pa5rasdvuw57eup5w7xbu3q",
            "compute_cluster_id": null,
            "create_vnic_details": [
              {
                "assign_ipv6ip": false,
                "assign_private_dns_record": false,
                "assign_public_ip": "true",
                "defined_tags": {
                  "Oracle-Tags.CreatedBy": "default/akarsha.i@oracle.com",
                  "Oracle-Tags.CreatedOn": "2026-08-10T12:05:24.120Z"
                },
                "display_name": "SQL2",
                "freeform_tags": {
                  "Domain": "mssqlaoag.demo",
                  "Project": "sqlagtest",
                  "Role": "sql-node"
                },
                "hostname_label": "sql2",
                "ipv6address_ipv6subnet_cidr_pair_details": [],
                "nsg_ids": [],
                "private_ip": "10.0.30.10",
                "security_attributes": {},
                "skip_source_dest_check": false,
                "subnet_id": "ocid1.subnet.oc1.us-sanjose-1.aaaaaaaaezarlifjvuyx3pmuydqpo7tiusm7fu5hjtmtzfeqydk372prs6ha",
                "vlan_id": ""
              }
            ],
            "dedicated_vm_host_id": null,
            "defined_tags": {
              "Oracle-Tags.CreatedBy": "default/akarsha.i@oracle.com",
              "Oracle-Tags.CreatedOn": "2026-08-10T12:05:23.980Z"
            },
            "display_name": "SQL2",
            "extended_metadata": {},
            "fault_domain": "FAULT-DOMAIN-3",
            "freeform_tags": {
              "Domain": "mssqlaoag.demo",
              "Project": "sqlagtest",
              "Role": "sql-node"
            },
            "hostname_label": "sql2",
            "id": "ocid1.instance.oc1.us-sanjose-1.anzwuljrfyadjyic7cfzmkslnkhtpv34tzzquvaqlqpj2vpyw74sq5uo3wpa",
            "image": "ocid1.image.oc1.us-sanjose-1.aaaaaaaak2hpkzblpxpmdezybtadyswgbkp7dus5yki55pv5uu4gfutupefa",
            "instance_configuration_id": null,
            "instance_options": [
              {
                "are_legacy_imds_endpoints_disabled": true
              }
            ],
            "ipxe_script": null,
            "is_cross_numa_node": false,
            "is_pv_encryption_in_transit_enabled": null,
            "launch_mode": "NATIVE",
            "launch_options": [
              {
                "boot_volume_type": "PARAVIRTUALIZED",
                "firmware": "UEFI_64",
                "is_consistent_volume_naming_enabled": false,
                "is_pv_encryption_in_transit_enabled": false,
                "network_type": "PARAVIRTUALIZED",
                "remote_data_volume_type": "PARAVIRTUALIZED"
              }
            ],
            "launch_volume_attachments": null,
            "licensing_configs": [],
            "metadata": {
              "user_data": "I3BzMV9zeXNuYXRpdmUKJEVycm9yQWN0aW9uUHJlZmVyZW5jZSA9ICJTdG9wIgoKJFNldHVwRGlyID0gIkM6XEFPQUdBdXRvbWF0aW9uXFdpbmRvd3MiCiRTY3JpcHRQYXRoID0gSm9pbi1QYXRoICRTZXR1cERpciAiMDItY29uZmlndXJlLXNxbC1ub2RlLnBzMSIKJFdzZmNTZXR1cERpciA9ICJDOlxBT0FHQXV0b21hdGlvblxXU0ZDIgokV3NmY1NjcmlwdFBhdGggPSBKb2luLVBhdGggJFdzZmNTZXR1cERpciAiMDMtY29uZmlndXJlLXdzZmMucHMxIgokU2FtcGxlU2NyaXB0UGF0aCA9IEpvaW4tUGF0aCAkV3NmY1NldHVwRGlyICIwNC1wcmVwYXJlLXNhbXBsZS1kYXRhYmFzZS5wczEiCiRBZ1NjcmlwdFBhdGggPSBKb2luLVBhdGggJFdzZmNTZXR1cERpciAiMDUtY29uZmlndXJlLWF2YWlsYWJpbGl0eS1ncm91cC5wczEiCiRTYWZlRmFpbG92ZXJTY3JpcHRQYXRoID0gSm9pbi1QYXRoICRXc2ZjU2V0dXBEaXIgIjA2LXNhZmUtcGxhbm5lZC1mYWlsb3Zlci5wczEiCiRSZWNvbmNpbGVTY3JpcHRQYXRoID0gSm9pbi1QYXRoICRXc2ZjU2V0dXBEaXIgIjA3LXJlY29uY2lsZS1hdmFpbGFiaWxpdHktZ3JvdXAucHMxIgokTGF1bmNoZXJQYXRoID0gSm9pbi1QYXRoICRTZXR1cERpciAiMDAtbGF1bmNoLXNxbC1ub2RlLWJvb3RzdHJhcC5wczEiCiRXcmFwcGVyTG9nUGF0aCA9IEpvaW4tUGF0aCAkU2V0dXBEaXIgInVzZXItZGF0YS1ib290c3RyYXAubG9nIgokSW5pdGlhbFRhc2tOYW1lID0gIkFPQUctQ29uZmlndXJlLVdpbmRvd3NOb2RlLUluaXRpYWwiCk5ldy1JdGVtIC1JdGVtVHlwZSBEaXJlY3RvcnkgLVBhdGggJFNldHVwRGlyIC1Gb3JjZSB8IE91dC1OdWxsCk5ldy1JdGVtIC1JdGVtVHlwZSBEaXJlY3RvcnkgLVBhdGggJFdzZmNTZXR1cERpciAtRm9yY2UgfCBPdXQtTnVsbAoKZnVuY3Rpb24gV3JpdGUtQm9vdHN0cmFwTG9nIHsKICAgIHBhcmFtKFtzdHJpbmddJE1lc3NhZ2UpCiAgICBBZGQtQ29udGVudCAtUGF0aCAkV3JhcHBlckxvZ1BhdGggLVZhbHVlICgiezA6c30gezF9IiAtZiAoR2V0LURhdGUpLCAkTWVzc2FnZSkKfQoKdHJhcCB7CiAgICB0cnkgewogICAgICAgIFdyaXRlLUJvb3RzdHJhcExvZyAiRVJST1I6ICQoJF8uRXhjZXB0aW9uLk1lc3NhZ2UpIgogICAgfQogICAgY2F0Y2ggewogICAgICAgICMgUHJlc2VydmUgdGhlIG9yaWdpbmFsIGJvb3RzdHJhcCBlcnJvciBpZiBsb2dnaW5nIGl0c2VsZiBpcyB1bmF2YWlsYWJsZS4KICAgIH0KICAgIHRocm93Cn0KCldyaXRlLUJvb3RzdHJhcExvZyAiU3RhcnRpbmcgU1FMIG5vZGUgdXNlcl9kYXRhIGJvb3RzdHJhcCBmb3IgU1FMMiIKCiMgRXN0YWJsaXNoIHJlY292ZXJ5IGFjY2VzcyBiZWZvcmUgZG93bmxvYWRpbmcgYW55IGF1dG9tYXRpb24gYXJ0aWZhY3RzLiBJZiBhCiMgUEFSLCBETlMsIG9yIE9iamVjdCBTdG9yYWdlIHJlcXVlc3QgZmFpbHMsIHRoZSBvcGVyYXRvciBjYW4gc3RpbGwgUkRQIGluIHdpdGgKIyB0aGUgbG9jYWwgYWNjb3VudHMgYW5kIGluc3BlY3QgdGhlIGJvb3RzdHJhcCBsb2dzLgpmdW5jdGlvbiBTZXQtTG9jYWxCb290c3RyYXBBY2Nlc3MgewogICAgV3JpdGUtQm9vdHN0cmFwTG9nICJDb25maWd1cmluZyBsb2NhbCBib290c3RyYXAgYWNjb3VudHMiCiAgICAkcGFzc3dvcmQgPSAnUEBzc3cwcmRAMTIzJwogICAgaWYgKFtzdHJpbmddOjpJc051bGxPcldoaXRlU3BhY2UoJHBhc3N3b3JkKSkgewogICAgICAgIHRocm93ICJ3aW5kb3dzX2FkbWluX3Bhc3N3b3JkIHdhcyBub3QgcmVuZGVyZWQgaW50byBTUUwgbm9kZSB1c2VyX2RhdGEuIgogICAgfQoKICAgICRhZG1pblJlc3VsdCA9ICYgbmV0LmV4ZSB1c2VyIEFkbWluaXN0cmF0b3IgJHBhc3N3b3JkIC9sb2dvbnBhc3N3b3JkY2hnOm5vIC9hY3RpdmU6eWVzIDI+JjEKICAgIGlmICgkTEFTVEVYSVRDT0RFIC1uZSAwKSB7CiAgICAgICAgdGhyb3cgIkZhaWxlZCB0byBjb25maWd1cmUgbG9jYWwgQWRtaW5pc3RyYXRvciBiZWZvcmUgZG93bmxvYWRpbmcgYXV0b21hdGlvbiBhcnRpZmFjdHM6ICQoJGFkbWluUmVzdWx0IC1qb2luICcgJykiCiAgICB9CiAgICBXcml0ZS1Cb290c3RyYXBMb2cgIlJlc2V0IGxvY2FsIEFkbWluaXN0cmF0b3IgcGFzc3dvcmQgYW5kIGVuYWJsZWQgYWNjb3VudCIKCiAgICBpZiAoJ29wYycgLWFuZCAnb3BjJyAtbmUgJ0FkbWluaXN0cmF0b3InKSB7CiAgICAgICAgJHVzZXJSZXN1bHQgPSAmIG5ldC5leGUgdXNlciAnb3BjJyAkcGFzc3dvcmQgL2xvZ29ucGFzc3dvcmRjaGc6bm8gL2FjdGl2ZTp5ZXMgMj4mMQogICAgICAgIGlmICgkTEFTVEVYSVRDT0RFIC1uZSAwKSB7CiAgICAgICAgICAgICR1c2VyUmVzdWx0ID0gJiBuZXQuZXhlIHVzZXIgJ29wYycgJHBhc3N3b3JkIC9hZGQgL2xvZ29ucGFzc3dvcmRjaGc6bm8gL2FjdGl2ZTp5ZXMgMj4mMQogICAgICAgICAgICBpZiAoJExBU1RFWElUQ09ERSAtbmUgMCkgewogICAgICAgICAgICAgICAgdGhyb3cgIkZhaWxlZCB0byBjcmVhdGUgbG9jYWwgb3BjIGJlZm9yZSBkb3dubG9hZGluZyBhdXRvbWF0aW9uIGFydGlmYWN0czogJCgkdXNlclJlc3VsdCAtam9pbiAnICcpIgogICAgICAgICAgICB9CiAgICAgICAgfQogICAgICAgIFdyaXRlLUJvb3RzdHJhcExvZyAiUmVzZXQgbG9jYWwgb3BjIHBhc3N3b3JkIGFuZCBlbmFibGVkIGFjY291bnQiCgogICAgICAgIGZvcmVhY2ggKCRncm91cCBpbiBAKCdBZG1pbmlzdHJhdG9ycycsICdSZW1vdGUgRGVza3RvcCBVc2VycycpKSB7CiAgICAgICAgICAgICRtZW1iZXJQYXR0ZXJuID0gIig/aSkoXnxcXCkkKFtyZWdleF06OkVzY2FwZSgnb3BjJykpJCIKICAgICAgICAgICAgJGFscmVhZHlNZW1iZXIgPSAkZmFsc2UKICAgICAgICAgICAgdHJ5IHsKICAgICAgICAgICAgICAgICRhbHJlYWR5TWVtYmVyID0gQCgKICAgICAgICAgICAgICAgICAgICBHZXQtTG9jYWxHcm91cE1lbWJlciAtR3JvdXAgJGdyb3VwIC1FcnJvckFjdGlvbiBTdG9wIHwKICAgICAgICAgICAgICAgICAgICAgICAgV2hlcmUtT2JqZWN0IHsgJF8uTmFtZSAtbWF0Y2ggJG1lbWJlclBhdHRlcm4gfQogICAgICAgICAgICAgICAgKS5Db3VudCAtZ3QgMAogICAgICAgICAgICB9CiAgICAgICAgICAgIGNhdGNoIHsKICAgICAgICAgICAgICAgIFdyaXRlLUJvb3RzdHJhcExvZyAiQ291bGQgbm90IHByZS1jaGVjayBvcGMgbWVtYmVyc2hpcCBpbiAkZ3JvdXA7IHVzaW5nIG5ldC5leGUgcmVzdWx0IgogICAgICAgICAgICB9CgogICAgICAgICAgICBpZiAoJGFscmVhZHlNZW1iZXIpIHsKICAgICAgICAgICAgICAgIFdyaXRlLUJvb3RzdHJhcExvZyAib3BjIGlzIGFscmVhZHkgYSBtZW1iZXIgb2YgJGdyb3VwOyBjb250aW51aW5nIgogICAgICAgICAgICAgICAgY29udGludWUKICAgICAgICAgICAgfQoKICAgICAgICAgICAgJGdyb3VwUmVzdWx0ID0gJiBuZXQuZXhlIGxvY2FsZ3JvdXAgJGdyb3VwICdvcGMnIC9hZGQgMj4mMQogICAgICAgICAgICAkZ3JvdXBFeGl0Q29kZSA9ICRMQVNURVhJVENPREUKICAgICAgICAgICAgJGdyb3VwT3V0cHV0ID0gKCRncm91cFJlc3VsdCAtam9pbiAiYG4iKQoKICAgICAgICAgICAgaWYgKCRncm91cEV4aXRDb2RlIC1lcSAwKSB7CiAgICAgICAgICAgICAgICBXcml0ZS1Cb290c3RyYXBMb2cgIkFkZGVkIG9wYyB0byAkZ3JvdXAiCiAgICAgICAgICAgIH0KICAgICAgICAgICAgZWxzZWlmICgkZ3JvdXBPdXRwdXQgLW1hdGNoICcoP2kpMTM3OHxhbHJlYWR5IGEgbWVtYmVyIG9mIHRoZSBncm91cCcpIHsKICAgICAgICAgICAgICAgIFdyaXRlLUJvb3RzdHJhcExvZyAib3BjIGlzIGFscmVhZHkgYSBtZW1iZXIgb2YgJGdyb3VwOyBjb250aW51aW5nIgogICAgICAgICAgICB9CiAgICAgICAgICAgIGVsc2UgewogICAgICAgICAgICAgICAgdGhyb3cgIkZhaWxlZCB0byBhZGQgb3BjIHRvICRncm91cCBiZWZvcmUgZG93bmxvYWRpbmcgYXV0b21hdGlvbiBhcnRpZmFjdHMuIG5ldC5leGUgZXhpdCBjb2RlICRncm91cEV4aXRDb2RlLiBPdXRwdXQ6ICRncm91cE91dHB1dCIKICAgICAgICAgICAgfQogICAgICAgIH0KICAgIH0KCiAgICBTZXQtSXRlbVByb3BlcnR5IC1QYXRoICJIS0xNOlxTeXN0ZW1cQ3VycmVudENvbnRyb2xTZXRcQ29udHJvbFxUZXJtaW5hbCBTZXJ2ZXIiIC1OYW1lICJmRGVueVRTQ29ubmVjdGlvbnMiIC1WYWx1ZSAwCiAgICBFbmFibGUtTmV0RmlyZXdhbGxSdWxlIC1EaXNwbGF5R3JvdXAgIlJlbW90ZSBEZXNrdG9wIiAtRXJyb3JBY3Rpb24gU2lsZW50bHlDb250aW51ZSB8IE91dC1OdWxsCiAgICBXcml0ZS1Cb290c3RyYXBMb2cgIkNvbmZpZ3VyZWQgbG9jYWwgQWRtaW5pc3RyYXRvciBhbmQgb3BjIGNyZWRlbnRpYWxzIGJlZm9yZSBhdXRvbWF0aW9uIGRvd25sb2FkcyIKfQoKU2V0LUxvY2FsQm9vdHN0cmFwQWNjZXNzCgpmdW5jdGlvbiBEb3dubG9hZC1BdXRvbWF0aW9uU2NyaXB0IHsKICAgIHBhcmFtKFtzdHJpbmddJFVyaSwgW3N0cmluZ10kUGF0aCkKICAgIGlmIChbc3RyaW5nXTo6SXNOdWxsT3JXaGl0ZVNwYWNlKCRVcmkpKSB7IHJldHVybiB9CiAgICBbTmV0LlNlcnZpY2VQb2ludE1hbmFnZXJdOjpTZWN1cml0eVByb3RvY29sID0gW05ldC5TZWN1cml0eVByb3RvY29sVHlwZV06OlRsczEyCgogICAgZm9yICgkYXR0ZW1wdCA9IDE7ICRhdHRlbXB0IC1sZSAzMDsgJGF0dGVtcHQrKykgewogICAgICAgIHRyeSB7CiAgICAgICAgICAgIFdyaXRlLUJvb3RzdHJhcExvZyAiRG93bmxvYWRpbmcgYXV0b21hdGlvbiBhcnRpZmFjdCBhdHRlbXB0PSRhdHRlbXB0IHBhdGg9JFBhdGgiCiAgICAgICAgICAgIEludm9rZS1XZWJSZXF1ZXN0IC1Vc2VCYXNpY1BhcnNpbmcgLVVyaSAkVXJpIC1PdXRGaWxlICRQYXRoIC1FcnJvckFjdGlvbiBTdG9wCiAgICAgICAgICAgIGlmICgtbm90IChUZXN0LVBhdGggLUxpdGVyYWxQYXRoICRQYXRoKSkgewogICAgICAgICAgICAgICAgdGhyb3cgIkF1dG9tYXRpb24gc2NyaXB0IGRvd25sb2FkIHJldHVybmVkIHdpdGhvdXQgY3JlYXRpbmcgJFBhdGgiCiAgICAgICAgICAgIH0KCiAgICAgICAgICAgIFdyaXRlLUJvb3RzdHJhcExvZyAiRG93bmxvYWRlZCBhdXRvbWF0aW9uIGFydGlmYWN0IHBhdGg9JFBhdGgiCiAgICAgICAgICAgIHJldHVybgogICAgICAgIH0KICAgICAgICBjYXRjaCB7CiAgICAgICAgICAgIGlmICgkYXR0ZW1wdCAtZ2UgMzApIHsKICAgICAgICAgICAgICAgIHRocm93ICJBdXRvbWF0aW9uIGFydGlmYWN0IGRvd25sb2FkIGZhaWxlZCBhZnRlciAkYXR0ZW1wdCBhdHRlbXB0cyBmb3IgJHtQYXRofTogJCgkXy5FeGNlcHRpb24uTWVzc2FnZSkiCiAgICAgICAgICAgIH0KCiAgICAgICAgICAgIFdyaXRlLUJvb3RzdHJhcExvZyAiRG93bmxvYWQgd2FybmluZyBwYXRoPSR7UGF0aH0gYXR0ZW1wdD0kYXR0ZW1wdGA6ICQoJF8uRXhjZXB0aW9uLk1lc3NhZ2UpIgogICAgICAgICAgICBTdGFydC1TbGVlcCAtU2Vjb25kcyAxMAogICAgICAgIH0KICAgIH0KfQoKRG93bmxvYWQtQXV0b21hdGlvblNjcmlwdCAtVXJpICdodHRwczovL29iamVjdHN0b3JhZ2UudXMtc2Fuam9zZS0xLm9yYWNsZWNsb3VkLmNvbS9wL1BMUFQtT09jYXpsYlJNMENCNnBKR3c0ZHMyMDVqQ1NWelpGTHhRRnYxOWVFQktRdkxINF9hdnp0dDFaa1ZJaVovbi9pZHp4dmt6MXpkdWcvYi9hb2FnLWF1dG9tYXRpb24tZTA2ZmQyYjhmYTJmL28vc2NyaXB0cy8wMi1jb25maWd1cmUtc3FsLW5vZGUucHMxJyAtUGF0aCAkU2NyaXB0UGF0aAomIGljYWNscy5leGUgJFNjcmlwdFBhdGggL2luaGVyaXRhbmNlOnIgL2dyYW50OnIgIlNZU1RFTTooRikiICJBZG1pbmlzdHJhdG9yczooRikiIHwgT3V0LU51bGwKV3JpdGUtQm9vdHN0cmFwTG9nICJXcm90ZSAkU2NyaXB0UGF0aCIKCkRvd25sb2FkLUF1dG9tYXRpb25TY3JpcHQgLVVyaSAnaHR0cHM6Ly9vYmplY3RzdG9yYWdlLnVzLXNhbmpvc2UtMS5vcmFjbGVjbG91ZC5jb20vcC9iRFk4VVRyQ1FmVU15b0diaUdkVXhrMWtGV3plWFZKOTJXY2pjYXJYS05qNWQ0LTZ5aFpCOHdDRWh2VG5qWXlCL24vaWR6eHZrejF6ZHVnL2IvYW9hZy1hdXRvbWF0aW9uLWUwNmZkMmI4ZmEyZi9vL3NjcmlwdHMvMDMtY29uZmlndXJlLXdzZmMucHMxJyAtUGF0aCAkV3NmY1NjcmlwdFBhdGgKJiBpY2FjbHMuZXhlICRXc2ZjU2NyaXB0UGF0aCAvaW5oZXJpdGFuY2U6ciAvZ3JhbnQ6ciAiU1lTVEVNOihGKSIgIkFkbWluaXN0cmF0b3JzOihGKSIgfCBPdXQtTnVsbApXcml0ZS1Cb290c3RyYXBMb2cgIldyb3RlICRXc2ZjU2NyaXB0UGF0aCIKCmlmICgtbm90IFtzdHJpbmddOjpJc051bGxPcldoaXRlU3BhY2UoJycpKSB7CiAgICBEb3dubG9hZC1BdXRvbWF0aW9uU2NyaXB0IC1VcmkgJycgLVBhdGggJFNhbXBsZVNjcmlwdFBhdGgKICAgICYgaWNhY2xzLmV4ZSAkU2FtcGxlU2NyaXB0UGF0aCAvaW5oZXJpdGFuY2U6ciAvZ3JhbnQ6ciAiU1lTVEVNOihGKSIgIkFkbWluaXN0cmF0b3JzOihGKSIgfCBPdXQtTnVsbAogICAgV3JpdGUtQm9vdHN0cmFwTG9nICJXcm90ZSAkU2FtcGxlU2NyaXB0UGF0aCIKfQoKaWYgKC1ub3QgW3N0cmluZ106OklzTnVsbE9yV2hpdGVTcGFjZSgnaHR0cHM6Ly9vYmplY3RzdG9yYWdlLnVzLXNhbmpvc2UtMS5vcmFjbGVjbG91ZC5jb20vcC9fVDJVRTVFVGxIeVd1ZUxkYW9PZElUZXpNRzF6dXpRdnMzYTJ2UzRna09YZzd3WThuV2lFOWFEVVpvd0owU2NwL24vaWR6eHZrejF6ZHVnL2IvYW9hZy1hdXRvbWF0aW9uLWUwNmZkMmI4ZmEyZi9vL3NjcmlwdHMvMDUtY29uZmlndXJlLWF2YWlsYWJpbGl0eS1ncm91cC5wczEnKSkgewogICAgRG93bmxvYWQtQXV0b21hdGlvblNjcmlwdCAtVXJpICdodHRwczovL29iamVjdHN0b3JhZ2UudXMtc2Fuam9zZS0xLm9yYWNsZWNsb3VkLmNvbS9wL19UMlVFNUVUbEh5V3VlTGRhb09kSVRlek1HMXp1elF2czNhMnZTNGdrT1hnN3dZOG5XaUU5YURVWm93SjBTY3Avbi9pZHp4dmt6MXpkdWcvYi9hb2FnLWF1dG9tYXRpb24tZTA2ZmQyYjhmYTJmL28vc2NyaXB0cy8wNS1jb25maWd1cmUtYXZhaWxhYmlsaXR5LWdyb3VwLnBzMScgLVBhdGggJEFnU2NyaXB0UGF0aAogICAgJiBpY2FjbHMuZXhlICRBZ1NjcmlwdFBhdGggL2luaGVyaXRhbmNlOnIgL2dyYW50OnIgIlNZU1RFTTooRikiICJBZG1pbmlzdHJhdG9yczooRikiIHwgT3V0LU51bGwKICAgIFdyaXRlLUJvb3RzdHJhcExvZyAiV3JvdGUgJEFnU2NyaXB0UGF0aCIKfQoKaWYgKC1ub3QgW3N0cmluZ106OklzTnVsbE9yV2hpdGVTcGFjZSgnaHR0cHM6Ly9vYmplY3RzdG9yYWdlLnVzLXNhbmpvc2UtMS5vcmFjbGVjbG91ZC5jb20vcC9Cemp4WUNaX183SEtkbFB4WWMyTEdYV1NBcjFwSmRGc095TDM5aUcxN1UxNlZMZ3RpMjM2NUQ0bnQyd3VaOXRaL24vaWR6eHZrejF6ZHVnL2IvYW9hZy1hdXRvbWF0aW9uLWUwNmZkMmI4ZmEyZi9vL3NjcmlwdHMvMDYtc2FmZS1wbGFubmVkLWZhaWxvdmVyLnBzMScpKSB7CiAgICBEb3dubG9hZC1BdXRvbWF0aW9uU2NyaXB0IC1VcmkgJ2h0dHBzOi8vb2JqZWN0c3RvcmFnZS51cy1zYW5qb3NlLTEub3JhY2xlY2xvdWQuY29tL3AvQnpqeFlDWl9fN0hLZGxQeFljMkxHWFdTQXIxcEpkRnNPeUwzOWlHMTdVMTZWTGd0aTIzNjVENG50Mnd1Wjl0Wi9uL2lkenh2a3oxemR1Zy9iL2FvYWctYXV0b21hdGlvbi1lMDZmZDJiOGZhMmYvby9zY3JpcHRzLzA2LXNhZmUtcGxhbm5lZC1mYWlsb3Zlci5wczEnIC1QYXRoICRTYWZlRmFpbG92ZXJTY3JpcHRQYXRoCiAgICAmIGljYWNscy5leGUgJFNhZmVGYWlsb3ZlclNjcmlwdFBhdGggL2luaGVyaXRhbmNlOnIgL2dyYW50OnIgIlNZU1RFTTooRikiICJBZG1pbmlzdHJhdG9yczooRikiIHwgT3V0LU51bGwKICAgIFdyaXRlLUJvb3RzdHJhcExvZyAiV3JvdGUgJFNhZmVGYWlsb3ZlclNjcmlwdFBhdGgiCn0KCmlmICgtbm90IFtzdHJpbmddOjpJc051bGxPcldoaXRlU3BhY2UoJ2h0dHBzOi8vb2JqZWN0c3RvcmFnZS51cy1zYW5qb3NlLTEub3JhY2xlY2xvdWQuY29tL3AvMERvUFI4NjBLdjRkQl8ya2d1LXpVRTJEWkdfcnFKaWpmY1BXME9mTDFFTXVVQzlnNXVhcVRING9MMFVQYjlKci9uL2lkenh2a3oxemR1Zy9iL2FvYWctYXV0b21hdGlvbi1lMDZmZDJiOGZhMmYvby9zY3JpcHRzLzA3LXJlY29uY2lsZS1hdmFpbGFiaWxpdHktZ3JvdXAucHMxJykpIHsKICAgIERvd25sb2FkLUF1dG9tYXRpb25TY3JpcHQgLVVyaSAnaHR0cHM6Ly9vYmplY3RzdG9yYWdlLnVzLXNhbmpvc2UtMS5vcmFjbGVjbG91ZC5jb20vcC8wRG9QUjg2MEt2NGRCXzJrZ3UtelVFMkRaR19ycUppamZjUFcwT2ZMMUVNdVVDOWc1dWFxVEg0b0wwVVBiOUpyL24vaWR6eHZrejF6ZHVnL2IvYW9hZy1hdXRvbWF0aW9uLWUwNmZkMmI4ZmEyZi9vL3NjcmlwdHMvMDctcmVjb25jaWxlLWF2YWlsYWJpbGl0eS1ncm91cC5wczEnIC1QYXRoICRSZWNvbmNpbGVTY3JpcHRQYXRoCiAgICAmIGljYWNscy5leGUgJFJlY29uY2lsZVNjcmlwdFBhdGggL2luaGVyaXRhbmNlOnIgL2dyYW50OnIgIlNZU1RFTTooRikiICJBZG1pbmlzdHJhdG9yczooRikiIHwgT3V0LU51bGwKICAgIFdyaXRlLUJvb3RzdHJhcExvZyAiV3JvdGUgJFJlY29uY2lsZVNjcmlwdFBhdGgiCn0KCiRMYXVuY2hlckJvZHkgPSBAJwokRXJyb3JBY3Rpb25QcmVmZXJlbmNlID0gIlN0b3AiCiRTZXR1cERpciA9ICJDOlxBT0FHQXV0b21hdGlvblxXaW5kb3dzIgokU2NyaXB0UGF0aCA9IEpvaW4tUGF0aCAkU2V0dXBEaXIgIjAyLWNvbmZpZ3VyZS1zcWwtbm9kZS5wczEiCiRXc2ZjU2V0dXBEaXIgPSAiQzpcQU9BR0F1dG9tYXRpb25cV1NGQyIKJFNhbXBsZVNjcmlwdFBhdGggPSBKb2luLVBhdGggJFdzZmNTZXR1cERpciAiMDQtcHJlcGFyZS1zYW1wbGUtZGF0YWJhc2UucHMxIgokQWdTY3JpcHRQYXRoID0gSm9pbi1QYXRoICRXc2ZjU2V0dXBEaXIgIjA1LWNvbmZpZ3VyZS1hdmFpbGFiaWxpdHktZ3JvdXAucHMxIgokUmVjb25jaWxlU2NyaXB0UGF0aCA9IEpvaW4tUGF0aCAkV3NmY1NldHVwRGlyICIwNy1yZWNvbmNpbGUtYXZhaWxhYmlsaXR5LWdyb3VwLnBzMSIKJExhdW5jaGVyTG9nUGF0aCA9IEpvaW4tUGF0aCAkU2V0dXBEaXIgImxhdW5jaGVyLmxvZyIKJENvbnNvbGVMb2dQYXRoID0gSm9pbi1QYXRoICRTZXR1cERpciAid2luZG93cy1ib290c3RyYXAtY29uc29sZS5sb2ciCiRJbml0aWFsVGFza05hbWUgPSAiQU9BRy1Db25maWd1cmUtV2luZG93c05vZGUtSW5pdGlhbCIKZnVuY3Rpb24gV3JpdGUtTGF1bmNoZXJMb2cgewogICAgcGFyYW0oW3N0cmluZ10kTWVzc2FnZSkKICAgIEFkZC1Db250ZW50IC1QYXRoICRMYXVuY2hlckxvZ1BhdGggLVZhbHVlICgiezA6c30gezF9IiAtZiAoR2V0LURhdGUpLCAkTWVzc2FnZSkKfQp0cnkgewogICAgV3JpdGUtTGF1bmNoZXJMb2cgIlN0YXJ0aW5nIFNRTCBub2RlIGNvbmZpZ3VyYXRpb24gbGF1bmNoZXIgZm9yIFNRTDIiCiAgICAkc2NyaXB0QXJncyA9IEAoCiAgICAgICAgIi1Ob1Byb2ZpbGUiLAogICAgICAgICItRXhlY3V0aW9uUG9saWN5IiwgIkJ5cGFzcyIsCiAgICAgICAgIi1GaWxlIiwgJFNjcmlwdFBhdGgsCiAgICAgICAgIi1Eb21haW5OYW1lIiwgJ21zc3FsYW9hZy5kZW1vJywKICAgICAgICAiLURvbWFpbk5ldGJpb3NOYW1lIiwgJ01TU1FMQU9BRycsCiAgICAgICAgIi1Eb21haW5BZG1pblVzZXIiLCAnZG9tYWluYWRtaW4nLAogICAgICAgICItRG9tYWluQWRtaW5QYXNzd29yZCIsICdQQHNzdzByZEAxMjMnLAogICAgICAgICItU3FsU2VydmljZUFjY291bnRVc2VyIiwgJ3NxbHNhJywKICAgICAgICAiLVNxbFNlcnZpY2VBY2NvdW50UGFzc3dvcmQiLCAnUEBzc3cwcmRAMTIzJywKICAgICAgICAiLUF1dG9JbnN0YWxsU3FsU2VydmVyIiwgJ3RydWUnLAogICAgICAgICItSW5zdGFsbFNzbXMiLCAndHJ1ZScsCiAgICAgICAgIi1TcWxTZXJ2ZXJEb3dubG9hZFVybCIsICdodHRwczovL2dvLm1pY3Jvc29mdC5jb20vZndsaW5rLz9saW5raWQ9MjM0NDYyNicsCiAgICAgICAgIi1Tc21zRG93bmxvYWRVcmwiLCAnaHR0cHM6Ly9ha2EubXMvc3Ntcy8yMi9yZWxlYXNlL3ZzX1NTTVMuZXhlJywKICAgICAgICAiLUF1dG9Db25maWd1cmVXc2ZjIiwgJ3RydWUnLAogICAgICAgICItV3NmY0NsdXN0ZXJOYW1lIiwgJ1NRTEFHQ0xVU1RFUicsCiAgICAgICAgIi1Xc2ZjUHJpbWFyeU5vZGUiLCAnU1FMMScsCiAgICAgICAgIi1Xc2ZjQ2x1c3Rlck5vZGVzIiwgJ1NRTDEsU1FMMicsCiAgICAgICAgIi1Xc2ZjQ2x1c3RlclN0YXRpY0FkZHJlc3NlcyIsICcxMC4wLjIwLjIwLDEwLjAuMzAuMjAnLAogICAgICAgICItV3NmY1dpdG5lc3NTaGFyZSIsICdcXERDLVZNLm1zc3FsYW9hZy5kZW1vXENsdXN0ZXJXaXRuZXNzJywKICAgICAgICAiLVNraXBDbHVzdGVyVmFsaWRhdGlvbiIsICd0cnVlJywKICAgICAgICAiLUFvYWdEYXRhYmFzZU5hbWUiLCAnQWR2ZW50dXJlV29ya3MyMDI1JywKICAgICAgICAiLUFvYWdBdmFpbGFiaWxpdHlHcm91cE5hbWUiLCAnVGVzdEFPQUcnLAogICAgICAgICItQW9hZ0xpc3RlbmVyTmFtZSIsICdBT0FHLUxTTicsCiAgICAgICAgIi1Bb2FnTGlzdGVuZXJQb3J0IiwgJzE0MzMnLAogICAgICAgICItQW9hZ0xpc3RlbmVySXBzIiwgJzEwLjAuMjAuMzAsMTAuMC4zMC4zMCcsCiAgICAgICAgIi1IYWRyRW5kcG9pbnROYW1lIiwgJ0hhZHJfZW5kcG9pbnQnLAogICAgICAgICItSGFkckVuZHBvaW50UG9ydCIsICc1MDIyJywKICAgICAgICAiLVNhbXBsZURhdGFiYXNlRG93bmxvYWRVcmwiLCAnaHR0cHM6Ly9naXRodWIuY29tL01pY3Jvc29mdC9zcWwtc2VydmVyLXNhbXBsZXMvcmVsZWFzZXMvZG93bmxvYWQvYWR2ZW50dXJld29ya3MvQWR2ZW50dXJlV29ya3MyMDI1LmJhaycsCiAgICAgICAgIi1TYW1wbGVTY3JpcHRQYXRoIiwgJFNhbXBsZVNjcmlwdFBhdGgsCiAgICAgICAgIi1BZ1NjcmlwdFBhdGgiLCAkQWdTY3JpcHRQYXRoLAogICAgICAgICItTG9jYWxBZG1pblVzZXIiLCAnb3BjJywKICAgICAgICAiLUxvY2FsQWRtaW5QYXNzd29yZCIsICdQQHNzdzByZEAxMjMnLAogICAgICAgICItVGFyZ2V0Q29tcHV0ZXJOYW1lIiwgJ1NRTDInLAogICAgICAgICItRGNIb3N0TmFtZSIsICJEQy1WTSIsCiAgICAgICAgIi1EY1ByaXZhdGVJcCIsICcxMC4wLjEwLjEwJywKICAgICAgICAiLVNxbERhdGFEcml2ZUxldHRlciIsICdGJywKICAgICAgICAiLVJlY29uY2lsZVNjcmlwdFBhdGgiLCAkUmVjb25jaWxlU2NyaXB0UGF0aAogICAgKQoKICAgICYgIiRlbnY6U3lzdGVtUm9vdFxTeXN0ZW0zMlxXaW5kb3dzUG93ZXJTaGVsbFx2MS4wXHBvd2Vyc2hlbGwuZXhlIiBAc2NyaXB0QXJncyAqPiAkQ29uc29sZUxvZ1BhdGgKICAgICRleGl0Q29kZSA9ICRMQVNURVhJVENPREUKICAgIFdyaXRlLUxhdW5jaGVyTG9nICJTUUwgbm9kZSBjb25maWd1cmF0aW9uIHNjcmlwdCBleGl0IGNvZGU6ICRleGl0Q29kZSIKICAgIGlmICgkZXhpdENvZGUgLW5lIDApIHsKICAgICAgICB0aHJvdyAiU1FMIG5vZGUgYm9vdHN0cmFwIGZhaWxlZCB3aXRoIGV4aXQgY29kZSAkZXhpdENvZGUuIFNlZSAkQ29uc29sZUxvZ1BhdGguIgogICAgfQp9CmNhdGNoIHsKICAgIFdyaXRlLUxhdW5jaGVyTG9nICJFUlJPUjogJCgkXy5FeGNlcHRpb24uTWVzc2FnZSkiCiAgICB0aHJvdwp9CmZpbmFsbHkgewogICAgVW5yZWdpc3Rlci1TY2hlZHVsZWRUYXNrIC1UYXNrTmFtZSAkSW5pdGlhbFRhc2tOYW1lIC1Db25maXJtOiRmYWxzZSAtRXJyb3JBY3Rpb24gU2lsZW50bHlDb250aW51ZQogICAgV3JpdGUtTGF1bmNoZXJMb2cgIlJlbW92ZWQgaW5pdGlhbCBsYXVuY2hlciB0YXNrIGlmIGl0IHN0aWxsIGV4aXN0ZWQiCn0KJ0AKClNldC1Db250ZW50IC1QYXRoICRMYXVuY2hlclBhdGggLVZhbHVlICRMYXVuY2hlckJvZHkgLUVuY29kaW5nIFVURjggLUZvcmNlCiYgaWNhY2xzLmV4ZSAkTGF1bmNoZXJQYXRoIC9pbmhlcml0YW5jZTpyIC9ncmFudDpyICJTWVNURU06KEYpIiAiQWRtaW5pc3RyYXRvcnM6KEYpIiB8IE91dC1OdWxsCldyaXRlLUJvb3RzdHJhcExvZyAiV3JvdGUgJExhdW5jaGVyUGF0aCIKCiRhY3Rpb24gPSBOZXctU2NoZWR1bGVkVGFza0FjdGlvbiAtRXhlY3V0ZSAiUG93ZXJTaGVsbC5leGUiIC1Bcmd1bWVudCAiLU5vUHJvZmlsZSAtRXhlY3V0aW9uUG9saWN5IEJ5cGFzcyAtRmlsZSBgIiRMYXVuY2hlclBhdGhgIiIKJHRyaWdnZXIgPSBOZXctU2NoZWR1bGVkVGFza1RyaWdnZXIgLU9uY2UgLUF0IChHZXQtRGF0ZSkuQWRkTWludXRlcygxKQpSZWdpc3Rlci1TY2hlZHVsZWRUYXNrIC1UYXNrTmFtZSAkSW5pdGlhbFRhc2tOYW1lIC1BY3Rpb24gJGFjdGlvbiAtVHJpZ2dlciAkdHJpZ2dlciAtVXNlciAiU1lTVEVNIiAtUnVuTGV2ZWwgSGlnaGVzdCAtRm9yY2UgfCBPdXQtTnVsbApXcml0ZS1Cb290c3RyYXBMb2cgIlJlZ2lzdGVyZWQgJEluaXRpYWxUYXNrTmFtZSBhcyBTWVNURU0iCgpTdGFydC1TY2hlZHVsZWRUYXNrIC1UYXNrTmFtZSAkSW5pdGlhbFRhc2tOYW1lCldyaXRlLUJvb3RzdHJhcExvZyAiU3RhcnRlZCAkSW5pdGlhbFRhc2tOYW1lIgo="
            },
            "platform_config": [],
            "preemptible_instance_config": [],
            "preserve_boot_volume": null,
            "preserve_data_volumes_created_at_launch": null,
            "private_ip": "10.0.30.10",
            "public_ip": "170.9.30.132",
            "region": "us-sanjose-1",
            "security_attributes": {},
            "security_attributes_state": "STABLE",
            "shape": "VM.Standard.E5.Flex",
            "shape_config": [
              {
                "baseline_ocpu_utilization": "",
                "gpu_description": "",
                "gpus": 0,
                "local_disk_description": "",
                "local_disks": 0,
                "local_disks_total_size_in_gbs": 0,
                "max_vnic_attachments": 8,
                "memory_in_gbs": 32,
                "networking_bandwidth_in_gbps": 8,
                "nvmes": 0,
                "ocpus": 8,
                "processor_description": "2.3 GHz AMD EPYC™ 9J14 (Genoa)",
                "vcpus": 16
              }
            ],
            "source_details": [
              {
                "boot_volume_size_in_gbs": "100",
                "boot_volume_vpus_per_gb": "10",
                "instance_source_image_filter_details": [],
                "is_preserve_boot_volume_enabled": false,
                "kms_key_id": "",
                "source_id": "ocid1.image.oc1.us-sanjose-1.aaaaaaaak2hpkzblpxpmdezybtadyswgbkp7dus5yki55pv5uu4gfutupefa",
                "source_type": "image"
              }
            ],
            "state": "RUNNING",
            "subnet_id": "ocid1.subnet.oc1.us-sanjose-1.aaaaaaaaezarlifjvuyx3pmuydqpo7tiusm7fu5hjtmtzfeqydk372prs6ha",
            "system_tags": {},
            "time_created": "2026-08-10 12:05:24.399 +0000 UTC",
            "time_maintenance_reboot_due": "",
            "timeouts": null,
            "update_operation_constraint": null
          },
          "sensitive_attributes": [
            [
              {
                "type": "get_attr",
                "value": "metadata"
              },
              {
                "type": "index",
                "value": {
                  "value": "user_data",
                  "type": "string"
                }
              }
            ]
          ],
          "identity_schema_version": 0,
          "private": "eyJlMmJmYjczMC1lY2FhLTExZTYtOGY4OC0zNDM2M2JjN2M0YzAiOnsiY3JlYXRlIjoyNzAwMDAwMDAwMDAwLCJkZWxldGUiOjQ1MDAwMDAwMDAwMDAsInVwZGF0ZSI6MjcwMDAwMDAwMDAwMH19",
          "dependencies": [
            "data.oci_identity_availability_domains.region",
            "data.oci_objectstorage_namespace.automation",
            "oci_core_instance.dc",
            "oci_core_internet_gateway.sql",
            "oci_core_route_table.public",
            "oci_core_security_list.dc",
            "oci_core_security_list.sql2",
            "oci_core_subnet.dc",
            "oci_core_subnet.sql2",
            "oci_core_vcn.sql",
            "oci_objectstorage_bucket.automation",
            "oci_objectstorage_object.ag",
            "oci_objectstorage_object.reconcile",
            "oci_objectstorage_object.safe_failover",
            "oci_objectstorage_object.sample",
            "oci_objectstorage_object.sql",
            "oci_objectstorage_object.wsfc",
            "oci_objectstorage_preauthrequest.ag",
            "oci_objectstorage_preauthrequest.reconcile",
            "oci_objectstorage_preauthrequest.safe_failover",
            "oci_objectstorage_preauthrequest.sample",
            "oci_objectstorage_preauthrequest.sql",
            "oci_objectstorage_preauthrequest.wsfc"
          ]
        }
      ]
    },
    {
      "mode": "managed",
      "type": "oci_core_internet_gateway",
      "name": "sql",
      "provider": "provider[\"registry.terraform.io/oracle/oci\"]",
      "instances": [
        {
          "schema_version": 0,
          "attributes": {
            "compartment_id": "ocid1.compartment.oc1..aaaaaaaac7ixtdbw32dnr55p4mjsjdmtbfcy5pa5rasdvuw57eup5w7xbu3q",
            "defined_tags": {
              "Oracle-Tags.CreatedBy": "default/akarsha.i@oracle.com",
              "Oracle-Tags.CreatedOn": "2026-08-10T12:01:06.246Z"
            },
            "display_name": "Internet gateway-SQL_VCN",
            "enabled": true,
            "freeform_tags": {
              "Project": "sqlagtest"
            },
            "id": "ocid1.internetgateway.oc1.us-sanjose-1.aaaaaaaahuyvk6dw4fmunjpobspq6pv2zsnlmgaal5pr2jwo4il5lh6nfptq",
            "route_table_id": null,
            "state": "AVAILABLE",
            "time_created": "2026-08-10 12:01:06.275 +0000 UTC",
            "timeouts": null,
            "vcn_id": "ocid1.vcn.oc1.us-sanjose-1.amaaaaaafyadjyiaybothfmm7shogap6ckuuvqkijq2dfazqisp7d5jma6na"
          },
          "sensitive_attributes": [],
          "identity_schema_version": 0,
          "private": "eyJlMmJmYjczMC1lY2FhLTExZTYtOGY4OC0zNDM2M2JjN2M0YzAiOnsiY3JlYXRlIjoxMjAwMDAwMDAwMDAwLCJkZWxldGUiOjEyMDAwMDAwMDAwMDAsInVwZGF0ZSI6MTIwMDAwMDAwMDAwMH19",
          "dependencies": [
            "oci_core_vcn.sql"
          ]
        }
      ]
    },
    {
      "mode": "managed",
      "type": "oci_core_private_ip",
      "name": "sql1_agdemodb1",
      "provider": "provider[\"registry.terraform.io/oracle/oci\"]",
      "instances": [
        {
          "schema_version": 0,
          "attributes": {
            "availability_domain": null,
            "compartment_id": "ocid1.compartment.oc1..aaaaaaaac7ixtdbw32dnr55p4mjsjdmtbfcy5pa5rasdvuw57eup5w7xbu3q",
            "defined_tags": {
              "Oracle-Tags.CreatedBy": "default/akarsha.i@oracle.com",
              "Oracle-Tags.CreatedOn": "2026-08-10T12:08:24.865Z"
            },
            "display_name": "sqlag-agdemodb1-sql1",
            "freeform_tags": {},
            "hostname_label": null,
            "id": "ocid1.privateip.oc1.us-sanjose-1.aaaaaaaaswefkiptkgnir2vhvdkyoxbnkcny62kj7mmrwrib3lqvimuxrfvq",
            "ip_address": "10.0.20.30",
            "ip_state": "ASSIGNED",
            "is_primary": false,
            "is_reserved": null,
            "lifetime": "EPHEMERAL",
            "route_table_id": null,
            "subnet_id": "ocid1.subnet.oc1.us-sanjose-1.aaaaaaaa4oizllv7ztjmasysv2nm22ufja3hckxr2dawcmoclghu35ydjska",
            "time_created": "2026-08-10 12:08:24.895 +0000 UTC",
            "timeouts": null,
            "vlan_id": null,
            "vnic_id": "ocid1.vnic.oc1.us-sanjose-1.abzwuljrvnj42teyjohtlqmhskrstpe46xeei5dbopezladpc7cqc7hgbzsq"
          },
          "sensitive_attributes": [],
          "identity_schema_version": 0,
          "private": "eyJlMmJmYjczMC1lY2FhLTExZTYtOGY4OC0zNDM2M2JjN2M0YzAiOnsiY3JlYXRlIjoxMjAwMDAwMDAwMDAwLCJkZWxldGUiOjEyMDAwMDAwMDAwMDAsInVwZGF0ZSI6MTIwMDAwMDAwMDAwMH19",
          "dependencies": [
            "data.oci_core_vnic_attachments.sql1",
            "data.oci_identity_availability_domains.region",
            "data.oci_objectstorage_namespace.automation",
            "oci_core_instance.dc",
            "oci_core_instance.sql1",
            "oci_core_internet_gateway.sql",
            "oci_core_route_table.public",
            "oci_core_security_list.dc",
            "oci_core_security_list.sql1",
            "oci_core_subnet.dc",
            "oci_core_subnet.sql1",
            "oci_core_vcn.sql",
            "oci_objectstorage_bucket.automation",
            "oci_objectstorage_object.ag",
            "oci_objectstorage_object.reconcile",
            "oci_objectstorage_object.safe_failover",
            "oci_objectstorage_object.sample",
            "oci_objectstorage_object.sql",
            "oci_objectstorage_object.wsfc",
            "oci_objectstorage_preauthrequest.ag",
            "oci_objectstorage_preauthrequest.reconcile",
            "oci_objectstorage_preauthrequest.safe_failover",
            "oci_objectstorage_preauthrequest.sample",
            "oci_objectstorage_preauthrequest.sql",
            "oci_objectstorage_preauthrequest.wsfc"
          ]
        }
      ]
    },
    {
      "mode": "managed",
      "type": "oci_core_private_ip",
      "name": "sql1_agdemodb2",
      "provider": "provider[\"registry.terraform.io/oracle/oci\"]",
      "instances": [
        {
          "schema_version": 0,
          "attributes": {
            "availability_domain": null,
            "compartment_id": "ocid1.compartment.oc1..aaaaaaaac7ixtdbw32dnr55p4mjsjdmtbfcy5pa5rasdvuw57eup5w7xbu3q",
            "defined_tags": {
              "Oracle-Tags.CreatedBy": "default/akarsha.i@oracle.com",
              "Oracle-Tags.CreatedOn": "2026-08-10T12:08:24.516Z"
            },
            "display_name": "sqlag-agdemodb2-sql1",
            "freeform_tags": {},
            "hostname_label": null,
            "id": "ocid1.privateip.oc1.us-sanjose-1.aaaaaaaajb5lvdo3fz7c6umq5kdhka37b5juqldegcwtczdfqi2d7snuxdca",
            "ip_address": "10.0.20.31",
            "ip_state": "ASSIGNED",
            "is_primary": false,
            "is_reserved": null,
            "lifetime": "EPHEMERAL",
            "route_table_id": null,
            "subnet_id": "ocid1.subnet.oc1.us-sanjose-1.aaaaaaaa4oizllv7ztjmasysv2nm22ufja3hckxr2dawcmoclghu35ydjska",
            "time_created": "2026-08-10 12:08:24.531 +0000 UTC",
            "timeouts": null,
            "vlan_id": null,
            "vnic_id": "ocid1.vnic.oc1.us-sanjose-1.abzwuljrvnj42teyjohtlqmhskrstpe46xeei5dbopezladpc7cqc7hgbzsq"
          },
          "sensitive_attributes": [],
          "identity_schema_version": 0,
          "private": "eyJlMmJmYjczMC1lY2FhLTExZTYtOGY4OC0zNDM2M2JjN2M0YzAiOnsiY3JlYXRlIjoxMjAwMDAwMDAwMDAwLCJkZWxldGUiOjEyMDAwMDAwMDAwMDAsInVwZGF0ZSI6MTIwMDAwMDAwMDAwMH19",
          "dependencies": [
            "data.oci_core_vnic_attachments.sql1",
            "data.oci_identity_availability_domains.region",
            "data.oci_objectstorage_namespace.automation",
            "oci_core_instance.dc",
            "oci_core_instance.sql1",
            "oci_core_internet_gateway.sql",
            "oci_core_route_table.public",
            "oci_core_security_list.dc",
            "oci_core_security_list.sql1",
            "oci_core_subnet.dc",
            "oci_core_subnet.sql1",
            "oci_core_vcn.sql",
            "oci_objectstorage_bucket.automation",
            "oci_objectstorage_object.ag",
            "oci_objectstorage_object.reconcile",
            "oci_objectstorage_object.safe_failover",
            "oci_objectstorage_object.sample",
            "oci_objectstorage_object.sql",
            "oci_objectstorage_object.wsfc",
            "oci_objectstorage_preauthrequest.ag",
            "oci_objectstorage_preauthrequest.reconcile",
            "oci_objectstorage_preauthrequest.safe_failover",
            "oci_objectstorage_preauthrequest.sample",
            "oci_objectstorage_preauthrequest.sql",
            "oci_objectstorage_preauthrequest.wsfc"
          ]
        }
      ]
    },
    {
      "mode": "managed",
      "type": "oci_core_private_ip",
      "name": "sql1_wsfc",
      "provider": "provider[\"registry.terraform.io/oracle/oci\"]",
      "instances": [
        {
          "schema_version": 0,
          "attributes": {
            "availability_domain": null,
            "compartment_id": "ocid1.compartment.oc1..aaaaaaaac7ixtdbw32dnr55p4mjsjdmtbfcy5pa5rasdvuw57eup5w7xbu3q",
            "defined_tags": {
              "Oracle-Tags.CreatedBy": "default/akarsha.i@oracle.com",
              "Oracle-Tags.CreatedOn": "2026-08-10T12:08:24.525Z"
            },
            "display_name": "sqlag-wsfc-sql1",
            "freeform_tags": {},
            "hostname_label": null,
            "id": "ocid1.privateip.oc1.us-sanjose-1.aaaaaaaa4v3v6i44tw3qywzwdrnxndcfdud5h47xvsebopa2am2ptovmzsaq",
            "ip_address": "10.0.20.20",
            "ip_state": "ASSIGNED",
            "is_primary": false,
            "is_reserved": null,
            "lifetime": "EPHEMERAL",
            "route_table_id": null,
            "subnet_id": "ocid1.subnet.oc1.us-sanjose-1.aaaaaaaa4oizllv7ztjmasysv2nm22ufja3hckxr2dawcmoclghu35ydjska",
            "time_created": "2026-08-10 12:08:24.535 +0000 UTC",
            "timeouts": null,
            "vlan_id": null,
            "vnic_id": "ocid1.vnic.oc1.us-sanjose-1.abzwuljrvnj42teyjohtlqmhskrstpe46xeei5dbopezladpc7cqc7hgbzsq"
          },
          "sensitive_attributes": [],
          "identity_schema_version": 0,
          "private": "eyJlMmJmYjczMC1lY2FhLTExZTYtOGY4OC0zNDM2M2JjN2M0YzAiOnsiY3JlYXRlIjoxMjAwMDAwMDAwMDAwLCJkZWxldGUiOjEyMDAwMDAwMDAwMDAsInVwZGF0ZSI6MTIwMDAwMDAwMDAwMH19",
          "dependencies": [
            "data.oci_core_vnic_attachments.sql1",
            "data.oci_identity_availability_domains.region",
            "data.oci_objectstorage_namespace.automation",
            "oci_core_instance.dc",
            "oci_core_instance.sql1",
            "oci_core_internet_gateway.sql",
            "oci_core_route_table.public",
            "oci_core_security_list.dc",
            "oci_core_security_list.sql1",
            "oci_core_subnet.dc",
            "oci_core_subnet.sql1",
            "oci_core_vcn.sql",
            "oci_objectstorage_bucket.automation",
            "oci_objectstorage_object.ag",
            "oci_objectstorage_object.reconcile",
            "oci_objectstorage_object.safe_failover",
            "oci_objectstorage_object.sample",
            "oci_objectstorage_object.sql",
            "oci_objectstorage_object.wsfc",
            "oci_objectstorage_preauthrequest.ag",
            "oci_objectstorage_preauthrequest.reconcile",
            "oci_objectstorage_preauthrequest.safe_failover",
            "oci_objectstorage_preauthrequest.sample",
            "oci_objectstorage_preauthrequest.sql",
            "oci_objectstorage_preauthrequest.wsfc"
          ]
        }
      ]
    },
    {
      "mode": "managed",
      "type": "oci_core_private_ip",
      "name": "sql2_agdemodb1",
      "provider": "provider[\"registry.terraform.io/oracle/oci\"]",
      "instances": [
        {
          "schema_version": 0,
          "attributes": {
            "availability_domain": null,
            "compartment_id": "ocid1.compartment.oc1..aaaaaaaac7ixtdbw32dnr55p4mjsjdmtbfcy5pa5rasdvuw57eup5w7xbu3q",
            "defined_tags": {
              "Oracle-Tags.CreatedBy": "default/akarsha.i@oracle.com",
              "Oracle-Tags.CreatedOn": "2026-08-10T12:08:23.050Z"
            },
            "display_name": "sqlag-agdemodb1-sql2",
            "freeform_tags": {},
            "hostname_label": null,
            "id": "ocid1.privateip.oc1.us-sanjose-1.aaaaaaaarkpwbc5mczzf652fopgdpucxnoo4u2tqu2xojlllrb7a374ngc3a",
            "ip_address": "10.0.30.30",
            "ip_state": "ASSIGNED",
            "is_primary": false,
            "is_reserved": null,
            "lifetime": "EPHEMERAL",
            "route_table_id": null,
            "subnet_id": "ocid1.subnet.oc1.us-sanjose-1.aaaaaaaaezarlifjvuyx3pmuydqpo7tiusm7fu5hjtmtzfeqydk372prs6ha",
            "time_created": "2026-08-10 12:08:23.074 +0000 UTC",
            "timeouts": null,
            "vlan_id": null,
            "vnic_id": "ocid1.vnic.oc1.us-sanjose-1.abzwuljrw2cjpuldcrm6uo3nluplqn3xhuk7b2nrbr7nzgwoupggar7oeiiq"
          },
          "sensitive_attributes": [],
          "identity_schema_version": 0,
          "private": "eyJlMmJmYjczMC1lY2FhLTExZTYtOGY4OC0zNDM2M2JjN2M0YzAiOnsiY3JlYXRlIjoxMjAwMDAwMDAwMDAwLCJkZWxldGUiOjEyMDAwMDAwMDAwMDAsInVwZGF0ZSI6MTIwMDAwMDAwMDAwMH19",
          "dependencies": [
            "data.oci_core_vnic_attachments.sql2",
            "data.oci_identity_availability_domains.region",
            "data.oci_objectstorage_namespace.automation",
            "oci_core_instance.dc",
            "oci_core_instance.sql2",
            "oci_core_internet_gateway.sql",
            "oci_core_route_table.public",
            "oci_core_security_list.dc",
            "oci_core_security_list.sql2",
            "oci_core_subnet.dc",
            "oci_core_subnet.sql2",
            "oci_core_vcn.sql",
            "oci_objectstorage_bucket.automation",
            "oci_objectstorage_object.ag",
            "oci_objectstorage_object.reconcile",
            "oci_objectstorage_object.safe_failover",
            "oci_objectstorage_object.sample",
            "oci_objectstorage_object.sql",
            "oci_objectstorage_object.wsfc",
            "oci_objectstorage_preauthrequest.ag",
            "oci_objectstorage_preauthrequest.reconcile",
            "oci_objectstorage_preauthrequest.safe_failover",
            "oci_objectstorage_preauthrequest.sample",
            "oci_objectstorage_preauthrequest.sql",
            "oci_objectstorage_preauthrequest.wsfc"
          ]
        }
      ]
    },
    {
      "mode": "managed",
      "type": "oci_core_private_ip",
      "name": "sql2_agdemodb2",
      "provider": "provider[\"registry.terraform.io/oracle/oci\"]",
      "instances": [
        {
          "schema_version": 0,
          "attributes": {
            "availability_domain": null,
            "compartment_id": "ocid1.compartment.oc1..aaaaaaaac7ixtdbw32dnr55p4mjsjdmtbfcy5pa5rasdvuw57eup5w7xbu3q",
            "defined_tags": {
              "Oracle-Tags.CreatedBy": "default/akarsha.i@oracle.com",
              "Oracle-Tags.CreatedOn": "2026-08-10T12:08:23.517Z"
            },
            "display_name": "sqlag-agdemodb2-sql2",
            "freeform_tags": {},
            "hostname_label": null,
            "id": "ocid1.privateip.oc1.us-sanjose-1.aaaaaaaahsoi2bbv4carra37rmxpz6s74kwuw4nvr5i52d5slaulk5on3o6q",
            "ip_address": "10.0.30.31",
            "ip_state": "ASSIGNED",
            "is_primary": false,
            "is_reserved": null,
            "lifetime": "EPHEMERAL",
            "route_table_id": null,
            "subnet_id": "ocid1.subnet.oc1.us-sanjose-1.aaaaaaaaezarlifjvuyx3pmuydqpo7tiusm7fu5hjtmtzfeqydk372prs6ha",
            "time_created": "2026-08-10 12:08:23.536 +0000 UTC",
            "timeouts": null,
            "vlan_id": null,
            "vnic_id": "ocid1.vnic.oc1.us-sanjose-1.abzwuljrw2cjpuldcrm6uo3nluplqn3xhuk7b2nrbr7nzgwoupggar7oeiiq"
          },
          "sensitive_attributes": [],
          "identity_schema_version": 0,
          "private": "eyJlMmJmYjczMC1lY2FhLTExZTYtOGY4OC0zNDM2M2JjN2M0YzAiOnsiY3JlYXRlIjoxMjAwMDAwMDAwMDAwLCJkZWxldGUiOjEyMDAwMDAwMDAwMDAsInVwZGF0ZSI6MTIwMDAwMDAwMDAwMH19",
          "dependencies": [
            "data.oci_core_vnic_attachments.sql2",
            "data.oci_identity_availability_domains.region",
            "data.oci_objectstorage_namespace.automation",
            "oci_core_instance.dc",
            "oci_core_instance.sql2",
            "oci_core_internet_gateway.sql",
            "oci_core_route_table.public",
            "oci_core_security_list.dc",
            "oci_core_security_list.sql2",
            "oci_core_subnet.dc",
            "oci_core_subnet.sql2",
            "oci_core_vcn.sql",
            "oci_objectstorage_bucket.automation",
            "oci_objectstorage_object.ag",
            "oci_objectstorage_object.reconcile",
            "oci_objectstorage_object.safe_failover",
            "oci_objectstorage_object.sample",
            "oci_objectstorage_object.sql",
            "oci_objectstorage_object.wsfc",
            "oci_objectstorage_preauthrequest.ag",
            "oci_objectstorage_preauthrequest.reconcile",
            "oci_objectstorage_preauthrequest.safe_failover",
            "oci_objectstorage_preauthrequest.sample",
            "oci_objectstorage_preauthrequest.sql",
            "oci_objectstorage_preauthrequest.wsfc"
          ]
        }
      ]
    },
    {
      "mode": "managed",
      "type": "oci_core_private_ip",
      "name": "sql2_wsfc",
      "provider": "provider[\"registry.terraform.io/oracle/oci\"]",
      "instances": [
        {
          "schema_version": 0,
          "attributes": {
            "availability_domain": null,
            "compartment_id": "ocid1.compartment.oc1..aaaaaaaac7ixtdbw32dnr55p4mjsjdmtbfcy5pa5rasdvuw57eup5w7xbu3q",
            "defined_tags": {
              "Oracle-Tags.CreatedBy": "default/akarsha.i@oracle.com",
              "Oracle-Tags.CreatedOn": "2026-08-10T12:08:22.722Z"
            },
            "display_name": "sqlag-wsfc-sql2",
            "freeform_tags": {},
            "hostname_label": null,
            "id": "ocid1.privateip.oc1.us-sanjose-1.aaaaaaaacgoj3q5vpdnr7zb7u6nggy2n22bu3n6fbsrfhoc2rszxcvubfbpa",
            "ip_address": "10.0.30.20",
            "ip_state": "ASSIGNED",
            "is_primary": false,
            "is_reserved": null,
            "lifetime": "EPHEMERAL",
            "route_table_id": null,
            "subnet_id": "ocid1.subnet.oc1.us-sanjose-1.aaaaaaaaezarlifjvuyx3pmuydqpo7tiusm7fu5hjtmtzfeqydk372prs6ha",
            "time_created": "2026-08-10 12:08:22.754 +0000 UTC",
            "timeouts": null,
            "vlan_id": null,
            "vnic_id": "ocid1.vnic.oc1.us-sanjose-1.abzwuljrw2cjpuldcrm6uo3nluplqn3xhuk7b2nrbr7nzgwoupggar7oeiiq"
          },
          "sensitive_attributes": [],
          "identity_schema_version": 0,
          "private": "eyJlMmJmYjczMC1lY2FhLTExZTYtOGY4OC0zNDM2M2JjN2M0YzAiOnsiY3JlYXRlIjoxMjAwMDAwMDAwMDAwLCJkZWxldGUiOjEyMDAwMDAwMDAwMDAsInVwZGF0ZSI6MTIwMDAwMDAwMDAwMH19",
          "dependencies": [
            "data.oci_core_vnic_attachments.sql2",
            "data.oci_identity_availability_domains.region",
            "data.oci_objectstorage_namespace.automation",
            "oci_core_instance.dc",
            "oci_core_instance.sql2",
            "oci_core_internet_gateway.sql",
            "oci_core_route_table.public",
            "oci_core_security_list.dc",
            "oci_core_security_list.sql2",
            "oci_core_subnet.dc",
            "oci_core_subnet.sql2",
            "oci_core_vcn.sql",
            "oci_objectstorage_bucket.automation",
            "oci_objectstorage_object.ag",
            "oci_objectstorage_object.reconcile",
            "oci_objectstorage_object.safe_failover",
            "oci_objectstorage_object.sample",
            "oci_objectstorage_object.sql",
            "oci_objectstorage_object.wsfc",
            "oci_objectstorage_preauthrequest.ag",
            "oci_objectstorage_preauthrequest.reconcile",
            "oci_objectstorage_preauthrequest.safe_failover",
            "oci_objectstorage_preauthrequest.sample",
            "oci_objectstorage_preauthrequest.sql",
            "oci_objectstorage_preauthrequest.wsfc"
          ]
        }
      ]
    },
    {
      "mode": "managed",
      "type": "oci_core_route_table",
      "name": "public",
      "provider": "provider[\"registry.terraform.io/oracle/oci\"]",
      "instances": [
        {
          "schema_version": 0,
          "attributes": {
            "compartment_id": "ocid1.compartment.oc1..aaaaaaaac7ixtdbw32dnr55p4mjsjdmtbfcy5pa5rasdvuw57eup5w7xbu3q",
            "defined_tags": {
              "Oracle-Tags.CreatedBy": "default/akarsha.i@oracle.com",
              "Oracle-Tags.CreatedOn": "2026-08-10T12:01:07.614Z"
            },
            "display_name": "public route table-SQL_VCN",
            "freeform_tags": {
              "Project": "sqlagtest"
            },
            "id": "ocid1.routetable.oc1.us-sanjose-1.aaaaaaaauh2ivarmf7gwb26megvsxiiwzdimffdxdjsuhu7z7qwzaonjbnya",
            "route_rules": [
              {
                "cidr_block": "",
                "description": "",
                "destination": "0.0.0.0/0",
                "destination_type": "CIDR_BLOCK",
                "network_entity_id": "ocid1.internetgateway.oc1.us-sanjose-1.aaaaaaaahuyvk6dw4fmunjpobspq6pv2zsnlmgaal5pr2jwo4il5lh6nfptq",
                "route_type": ""
              }
            ],
            "state": "AVAILABLE",
            "time_created": "2026-08-10 12:01:07.637 +0000 UTC",
            "timeouts": null,
            "vcn_id": "ocid1.vcn.oc1.us-sanjose-1.amaaaaaafyadjyiaybothfmm7shogap6ckuuvqkijq2dfazqisp7d5jma6na"
          },
          "sensitive_attributes": [],
          "identity_schema_version": 0,
          "private": "eyJlMmJmYjczMC1lY2FhLTExZTYtOGY4OC0zNDM2M2JjN2M0YzAiOnsiY3JlYXRlIjoxMjAwMDAwMDAwMDAwLCJkZWxldGUiOjEyMDAwMDAwMDAwMDAsInVwZGF0ZSI6MTIwMDAwMDAwMDAwMH19",
          "dependencies": [
            "oci_core_internet_gateway.sql",
            "oci_core_vcn.sql"
          ]
        }
      ]
    },
    {
      "mode": "managed",
      "type": "oci_core_security_list",
      "name": "dc",
      "provider": "provider[\"registry.terraform.io/oracle/oci\"]",
      "instances": [
        {
          "schema_version": 0,
          "attributes": {
            "compartment_id": "ocid1.compartment.oc1..aaaaaaaac7ixtdbw32dnr55p4mjsjdmtbfcy5pa5rasdvuw57eup5w7xbu3q",
            "defined_tags": {
              "Oracle-Tags.CreatedBy": "default/akarsha.i@oracle.com",
              "Oracle-Tags.CreatedOn": "2026-08-10T12:01:06.400Z"
            },
            "display_name": "DC_SC_List",
            "egress_security_rules": [
              {
                "description": "",
                "destination": "0.0.0.0/0",
                "destination_type": "CIDR_BLOCK",
                "icmp_options": [],
                "protocol": "all",
                "stateless": false,
                "tcp_options": [],
                "udp_options": []
              }
            ],
            "freeform_tags": {
              "Project": "sqlagtest"
            },
            "id": "ocid1.securitylist.oc1.us-sanjose-1.aaaaaaaanwz6l3qgmlu5yct3piyqcdflvdzk37pie3glug3goe5ebmeddtrq",
            "ingress_security_rules": [
              {
                "description": "DNS TCP",
                "icmp_options": [],
                "protocol": "6",
                "source": "10.0.0.0/16",
                "source_type": "CIDR_BLOCK",
                "stateless": false,
                "tcp_options": [
                  {
                    "max": 53,
                    "min": 53,
                    "source_port_range": []
                  }
                ],
                "udp_options": []
              },
              {
                "description": "DNS UDP",
                "icmp_options": [],
                "protocol": "17",
                "source": "10.0.0.0/16",
                "source_type": "CIDR_BLOCK",
                "stateless": false,
                "tcp_options": [],
                "udp_options": [
                  {
                    "max": 53,
                    "min": 53,
                    "source_port_range": []
                  }
                ]
              },
              {
                "description": "Global Catalog SSL TCP",
                "icmp_options": [],
                "protocol": "6",
                "source": "10.0.0.0/16",
                "source_type": "CIDR_BLOCK",
                "stateless": false,
                "tcp_options": [
                  {
                    "max": 3269,
                    "min": 3269,
                    "source_port_range": []
                  }
                ],
                "udp_options": []
              },
              {
                "description": "Global Catalog TCP",
                "icmp_options": [],
                "protocol": "6",
                "source": "10.0.0.0/16",
                "source_type": "CIDR_BLOCK",
                "stateless": false,
                "tcp_options": [
                  {
                    "max": 3268,
                    "min": 3268,
                    "source_port_range": []
                  }
                ],
                "udp_options": []
              },
              {
                "description": "ICMP from lab CIDR",
                "icmp_options": [],
                "protocol": "1",
                "source": "10.0.0.0/16",
                "source_type": "CIDR_BLOCK",
                "stateless": false,
                "tcp_options": [],
                "udp_options": []
              },
              {
                "description": "Kerberos TCP",
                "icmp_options": [],
                "protocol": "6",
                "source": "10.0.0.0/16",
                "source_type": "CIDR_BLOCK",
                "stateless": false,
                "tcp_options": [
                  {
                    "max": 88,
                    "min": 88,
                    "source_port_range": []
                  }
                ],
                "udp_options": []
              },
              {
                "description": "Kerberos UDP",
                "icmp_options": [],
                "protocol": "17",
                "source": "10.0.0.0/16",
                "source_type": "CIDR_BLOCK",
                "stateless": false,
                "tcp_options": [],
                "udp_options": [
                  {
                    "max": 88,
                    "min": 88,
                    "source_port_range": []
                  }
                ]
              },
              {
                "description": "Kerberos password change TCP",
                "icmp_options": [],
                "protocol": "6",
                "source": "10.0.0.0/16",
                "source_type": "CIDR_BLOCK",
                "stateless": false,
                "tcp_options": [
                  {
                    "max": 464,
                    "min": 464,
                    "source_port_range": []
                  }
                ],
                "udp_options": []
              },
              {
                "description": "Kerberos password change UDP",
                "icmp_options": [],
                "protocol": "17",
                "source": "10.0.0.0/16",
                "source_type": "CIDR_BLOCK",
                "stateless": false,
                "tcp_options": [],
                "udp_options": [
                  {
                    "max": 464,
                    "min": 464,
                    "source_port_range": []
                  }
                ]
              },
              {
                "description": "LDAP TCP",
                "icmp_options": [],
                "protocol": "6",
                "source": "10.0.0.0/16",
                "source_type": "CIDR_BLOCK",
                "stateless": false,
                "tcp_options": [
                  {
                    "max": 389,
                    "min": 389,
                    "source_port_range": []
                  }
                ],
                "udp_options": []
              },
              {
                "description": "LDAP UDP",
                "icmp_options": [],
                "protocol": "17",
                "source": "10.0.0.0/16",
                "source_type": "CIDR_BLOCK",
                "stateless": false,
                "tcp_options": [],
                "udp_options": [
                  {
                    "max": 389,
                    "min": 389,
                    "source_port_range": []
                  }
                ]
              },
              {
                "description": "LDAPS TCP",
                "icmp_options": [],
                "protocol": "6",
                "source": "10.0.0.0/16",
                "source_type": "CIDR_BLOCK",
                "stateless": false,
                "tcp_options": [
                  {
                    "max": 636,
                    "min": 636,
                    "source_port_range": []
                  }
                ],
                "udp_options": []
              },
              {
                "description": "NetBIOS datagram UDP",
                "icmp_options": [],
                "protocol": "17",
                "source": "10.0.0.0/16",
                "source_type": "CIDR_BLOCK",
                "stateless": false,
                "tcp_options": [],
                "udp_options": [
                  {
                    "max": 138,
                    "min": 138,
                    "source_port_range": []
                  }
                ]
              },
              {
                "description": "NetBIOS name UDP",
                "icmp_options": [],
                "protocol": "17",
                "source": "10.0.0.0/16",
                "source_type": "CIDR_BLOCK",
                "stateless": false,
                "tcp_options": [],
                "udp_options": [
                  {
                    "max": 137,
                    "min": 137,
                    "source_port_range": []
                  }
                ]
              },
              {
                "description": "NetBIOS session TCP",
                "icmp_options": [],
                "protocol": "6",
                "source": "10.0.0.0/16",
                "source_type": "CIDR_BLOCK",
                "stateless": false,
                "tcp_options": [
                  {
                    "max": 139,
                    "min": 139,
                    "source_port_range": []
                  }
                ],
                "udp_options": []
              },
              {
                "description": "RDP from client public IPv4",
                "icmp_options": [],
                "protocol": "6",
                "source": "0.0.0.0/0",
                "source_type": "CIDR_BLOCK",
                "stateless": false,
                "tcp_options": [
                  {
                    "max": 3389,
                    "min": 3389,
                    "source_port_range": []
                  }
                ],
                "udp_options": []
              },
              {
                "description": "RPC endpoint mapper TCP",
                "icmp_options": [],
                "protocol": "6",
                "source": "10.0.0.0/16",
                "source_type": "CIDR_BLOCK",
                "stateless": false,
                "tcp_options": [
                  {
                    "max": 135,
                    "min": 135,
                    "source_port_range": []
                  }
                ],
                "udp_options": []
              },
              {
                "description": "SMB TCP",
                "icmp_options": [],
                "protocol": "6",
                "source": "10.0.0.0/16",
                "source_type": "CIDR_BLOCK",
                "stateless": false,
                "tcp_options": [
                  {
                    "max": 445,
                    "min": 445,
                    "source_port_range": []
                  }
                ],
                "udp_options": []
              },
              {
                "description": "WinRM HTTP TCP inside lab",
                "icmp_options": [],
                "protocol": "6",
                "source": "10.0.0.0/16",
                "source_type": "CIDR_BLOCK",
                "stateless": false,
                "tcp_options": [
                  {
                    "max": 5985,
                    "min": 5985,
                    "source_port_range": []
                  }
                ],
                "udp_options": []
              },
              {
                "description": "WinRM HTTPS TCP inside lab",
                "icmp_options": [],
                "protocol": "6",
                "source": "10.0.0.0/16",
                "source_type": "CIDR_BLOCK",
                "stateless": false,
                "tcp_options": [
                  {
                    "max": 5986,
                    "min": 5986,
                    "source_port_range": []
                  }
                ],
                "udp_options": []
              },
              {
                "description": "Windows Time UDP",
                "icmp_options": [],
                "protocol": "17",
                "source": "10.0.0.0/16",
                "source_type": "CIDR_BLOCK",
                "stateless": false,
                "tcp_options": [],
                "udp_options": [
                  {
                    "max": 123,
                    "min": 123,
                    "source_port_range": []
                  }
                ]
              },
              {
                "description": "Windows dynamic RPC TCP",
                "icmp_options": [],
                "protocol": "6",
                "source": "10.0.0.0/16",
                "source_type": "CIDR_BLOCK",
                "stateless": false,
                "tcp_options": [
                  {
                    "max": 65535,
                    "min": 49152,
                    "source_port_range": []
                  }
                ],
                "udp_options": []
              }
            ],
            "state": "AVAILABLE",
            "time_created": "2026-08-10 12:01:06.431 +0000 UTC",
            "timeouts": null,
            "vcn_id": "ocid1.vcn.oc1.us-sanjose-1.amaaaaaafyadjyiaybothfmm7shogap6ckuuvqkijq2dfazqisp7d5jma6na"
          },
          "sensitive_attributes": [],
          "identity_schema_version": 0,
          "private": "eyJlMmJmYjczMC1lY2FhLTExZTYtOGY4OC0zNDM2M2JjN2M0YzAiOnsiY3JlYXRlIjoxMjAwMDAwMDAwMDAwLCJkZWxldGUiOjEyMDAwMDAwMDAwMDAsInVwZGF0ZSI6MTIwMDAwMDAwMDAwMH19",
          "dependencies": [
            "oci_core_vcn.sql"
          ]
        }
      ]
    },
    {
      "mode": "managed",
      "type": "oci_core_security_list",
      "name": "sql1",
      "provider": "provider[\"registry.terraform.io/oracle/oci\"]",
      "instances": [
        {
          "schema_version": 0,
          "attributes": {
            "compartment_id": "ocid1.compartment.oc1..aaaaaaaac7ixtdbw32dnr55p4mjsjdmtbfcy5pa5rasdvuw57eup5w7xbu3q",
            "defined_tags": {
              "Oracle-Tags.CreatedBy": "default/akarsha.i@oracle.com",
              "Oracle-Tags.CreatedOn": "2026-08-10T12:01:06.400Z"
            },
            "display_name": "SQL1_SC_List",
            "egress_security_rules": [
              {
                "description": "",
                "destination": "0.0.0.0/0",
                "destination_type": "CIDR_BLOCK",
                "icmp_options": [],
                "protocol": "all",
                "stateless": false,
                "tcp_options": [],
                "udp_options": []
              }
            ],
            "freeform_tags": {
              "Project": "sqlagtest"
            },
            "id": "ocid1.securitylist.oc1.us-sanjose-1.aaaaaaaafz3uxnlaz4tczk5mxvvzpmk7u5puh5wlrasz5l2aurx5qa6xv7ea",
            "ingress_security_rules": [
              {
                "description": "DNS TCP responses and domain operations",
                "icmp_options": [],
                "protocol": "6",
                "source": "10.0.0.0/16",
                "source_type": "CIDR_BLOCK",
                "stateless": false,
                "tcp_options": [
                  {
                    "max": 53,
                    "min": 53,
                    "source_port_range": []
                  }
                ],
                "udp_options": []
              },
              {
                "description": "DNS UDP",
                "icmp_options": [],
                "protocol": "17",
                "source": "10.0.0.0/16",
                "source_type": "CIDR_BLOCK",
                "stateless": false,
                "tcp_options": [],
                "udp_options": [
                  {
                    "max": 53,
                    "min": 53,
                    "source_port_range": []
                  }
                ]
              },
              {
                "description": "ICMP from lab CIDR",
                "icmp_options": [],
                "protocol": "1",
                "source": "10.0.0.0/16",
                "source_type": "CIDR_BLOCK",
                "stateless": false,
                "tcp_options": [],
                "udp_options": []
              },
              {
                "description": "Kerberos TCP",
                "icmp_options": [],
                "protocol": "6",
                "source": "10.0.0.0/16",
                "source_type": "CIDR_BLOCK",
                "stateless": false,
                "tcp_options": [
                  {
                    "max": 88,
                    "min": 88,
                    "source_port_range": []
                  }
                ],
                "udp_options": []
              },
              {
                "description": "Kerberos UDP",
                "icmp_options": [],
                "protocol": "17",
                "source": "10.0.0.0/16",
                "source_type": "CIDR_BLOCK",
                "stateless": false,
                "tcp_options": [],
                "udp_options": [
                  {
                    "max": 88,
                    "min": 88,
                    "source_port_range": []
                  }
                ]
              },
              {
                "description": "Kerberos password change TCP",
                "icmp_options": [],
                "protocol": "6",
                "source": "10.0.0.0/16",
                "source_type": "CIDR_BLOCK",
                "stateless": false,
                "tcp_options": [
                  {
                    "max": 464,
                    "min": 464,
                    "source_port_range": []
                  }
                ],
                "udp_options": []
              },
              {
                "description": "Kerberos password change UDP",
                "icmp_options": [],
                "protocol": "17",
                "source": "10.0.0.0/16",
                "source_type": "CIDR_BLOCK",
                "stateless": false,
                "tcp_options": [],
                "udp_options": [
                  {
                    "max": 464,
                    "min": 464,
                    "source_port_range": []
                  }
                ]
              },
              {
                "description": "LDAP TCP",
                "icmp_options": [],
                "protocol": "6",
                "source": "10.0.0.0/16",
                "source_type": "CIDR_BLOCK",
                "stateless": false,
                "tcp_options": [
                  {
                    "max": 389,
                    "min": 389,
                    "source_port_range": []
                  }
                ],
                "udp_options": []
              },
              {
                "description": "LDAP UDP",
                "icmp_options": [],
                "protocol": "17",
                "source": "10.0.0.0/16",
                "source_type": "CIDR_BLOCK",
                "stateless": false,
                "tcp_options": [],
                "udp_options": [
                  {
                    "max": 389,
                    "min": 389,
                    "source_port_range": []
                  }
                ]
              },
              {
                "description": "NetBIOS datagram UDP",
                "icmp_options": [],
                "protocol": "17",
                "source": "10.0.0.0/16",
                "source_type": "CIDR_BLOCK",
                "stateless": false,
                "tcp_options": [],
                "udp_options": [
                  {
                    "max": 138,
                    "min": 138,
                    "source_port_range": []
                  }
                ]
              },
              {
                "description": "NetBIOS name UDP",
                "icmp_options": [],
                "protocol": "17",
                "source": "10.0.0.0/16",
                "source_type": "CIDR_BLOCK",
                "stateless": false,
                "tcp_options": [],
                "udp_options": [
                  {
                    "max": 137,
                    "min": 137,
                    "source_port_range": []
                  }
                ]
              },
              {
                "description": "NetBIOS session TCP",
                "icmp_options": [],
                "protocol": "6",
                "source": "10.0.0.0/16",
                "source_type": "CIDR_BLOCK",
                "stateless": false,
                "tcp_options": [
                  {
                    "max": 139,
                    "min": 139,
                    "source_port_range": []
                  }
                ],
                "udp_options": []
              },
              {
                "description": "RDP from configured source",
                "icmp_options": [],
                "protocol": "6",
                "source": "0.0.0.0/0",
                "source_type": "CIDR_BLOCK",
                "stateless": false,
                "tcp_options": [
                  {
                    "max": 3389,
                    "min": 3389,
                    "source_port_range": []
                  }
                ],
                "udp_options": []
              },
              {
                "description": "RPC endpoint mapper TCP",
                "icmp_options": [],
                "protocol": "6",
                "source": "10.0.0.0/16",
                "source_type": "CIDR_BLOCK",
                "stateless": false,
                "tcp_options": [
                  {
                    "max": 135,
                    "min": 135,
                    "source_port_range": []
                  }
                ],
                "udp_options": []
              },
              {
                "description": "SMB TCP for admin and file witness",
                "icmp_options": [],
                "protocol": "6",
                "source": "10.0.0.0/16",
                "source_type": "CIDR_BLOCK",
                "stateless": false,
                "tcp_options": [
                  {
                    "max": 445,
                    "min": 445,
                    "source_port_range": []
                  }
                ],
                "udp_options": []
              },
              {
                "description": "SQL Always On HADR endpoint TCP",
                "icmp_options": [],
                "protocol": "6",
                "source": "10.0.0.0/16",
                "source_type": "CIDR_BLOCK",
                "stateless": false,
                "tcp_options": [
                  {
                    "max": 5022,
                    "min": 5022,
                    "source_port_range": []
                  }
                ],
                "udp_options": []
              },
              {
                "description": "SQL Browser UDP",
                "icmp_options": [],
                "protocol": "17",
                "source": "10.0.0.0/16",
                "source_type": "CIDR_BLOCK",
                "stateless": false,
                "tcp_options": [],
                "udp_options": [
                  {
                    "max": 1434,
                    "min": 1434,
                    "source_port_range": []
                  }
                ]
              },
              {
                "description": "SQL Server and AG listener TCP",
                "icmp_options": [],
                "protocol": "6",
                "source": "10.0.0.0/16",
                "source_type": "CIDR_BLOCK",
                "stateless": false,
                "tcp_options": [
                  {
                    "max": 1433,
                    "min": 1433,
                    "source_port_range": []
                  }
                ],
                "udp_options": []
              },
              {
                "description": "WSFC cluster service TCP",
                "icmp_options": [],
                "protocol": "6",
                "source": "10.0.0.0/16",
                "source_type": "CIDR_BLOCK",
                "stateless": false,
                "tcp_options": [
                  {
                    "max": 3343,
                    "min": 3343,
                    "source_port_range": []
                  }
                ],
                "udp_options": []
              },
              {
                "description": "WSFC cluster service UDP",
                "icmp_options": [],
                "protocol": "17",
                "source": "10.0.0.0/16",
                "source_type": "CIDR_BLOCK",
                "stateless": false,
                "tcp_options": [],
                "udp_options": [
                  {
                    "max": 3343,
                    "min": 3343,
                    "source_port_range": []
                  }
                ]
              },
              {
                "description": "WinRM HTTP TCP inside lab",
                "icmp_options": [],
                "protocol": "6",
                "source": "10.0.0.0/16",
                "source_type": "CIDR_BLOCK",
                "stateless": false,
                "tcp_options": [
                  {
                    "max": 5985,
                    "min": 5985,
                    "source_port_range": []
                  }
                ],
                "udp_options": []
              },
              {
                "description": "WinRM HTTPS TCP inside lab",
                "icmp_options": [],
                "protocol": "6",
                "source": "10.0.0.0/16",
                "source_type": "CIDR_BLOCK",
                "stateless": false,
                "tcp_options": [
                  {
                    "max": 5986,
                    "min": 5986,
                    "source_port_range": []
                  }
                ],
                "udp_options": []
              },
              {
                "description": "Windows Time UDP",
                "icmp_options": [],
                "protocol": "17",
                "source": "10.0.0.0/16",
                "source_type": "CIDR_BLOCK",
                "stateless": false,
                "tcp_options": [],
                "udp_options": [
                  {
                    "max": 123,
                    "min": 123,
                    "source_port_range": []
                  }
                ]
              },
              {
                "description": "Windows dynamic RPC TCP",
                "icmp_options": [],
                "protocol": "6",
                "source": "10.0.0.0/16",
                "source_type": "CIDR_BLOCK",
                "stateless": false,
                "tcp_options": [
                  {
                    "max": 65535,
                    "min": 49152,
                    "source_port_range": []
                  }
                ],
                "udp_options": []
              }
            ],
            "state": "AVAILABLE",
            "time_created": "2026-08-10 12:01:06.845 +0000 UTC",
            "timeouts": null,
            "vcn_id": "ocid1.vcn.oc1.us-sanjose-1.amaaaaaafyadjyiaybothfmm7shogap6ckuuvqkijq2dfazqisp7d5jma6na"
          },
          "sensitive_attributes": [],
          "identity_schema_version": 0,
          "private": "eyJlMmJmYjczMC1lY2FhLTExZTYtOGY4OC0zNDM2M2JjN2M0YzAiOnsiY3JlYXRlIjoxMjAwMDAwMDAwMDAwLCJkZWxldGUiOjEyMDAwMDAwMDAwMDAsInVwZGF0ZSI6MTIwMDAwMDAwMDAwMH19",
          "dependencies": [
            "oci_core_vcn.sql"
          ]
        }
      ]
    },
    {
      "mode": "managed",
      "type": "oci_core_security_list",
      "name": "sql2",
      "provider": "provider[\"registry.terraform.io/oracle/oci\"]",
      "instances": [
        {
          "schema_version": 0,
          "attributes": {
            "compartment_id": "ocid1.compartment.oc1..aaaaaaaac7ixtdbw32dnr55p4mjsjdmtbfcy5pa5rasdvuw57eup5w7xbu3q",
            "defined_tags": {
              "Oracle-Tags.CreatedBy": "default/akarsha.i@oracle.com",
              "Oracle-Tags.CreatedOn": "2026-08-10T12:01:06.494Z"
            },
            "display_name": "SQL2_SC_List",
            "egress_security_rules": [
              {
                "description": "",
                "destination": "0.0.0.0/0",
                "destination_type": "CIDR_BLOCK",
                "icmp_options": [],
                "protocol": "all",
                "stateless": false,
                "tcp_options": [],
                "udp_options": []
              }
            ],
            "freeform_tags": {
              "Project": "sqlagtest"
            },
            "id": "ocid1.securitylist.oc1.us-sanjose-1.aaaaaaaamy3wvz7nujwpwegruq7i3k6f7k6rwzmgdv5iw2tupvbgnteurbja",
            "ingress_security_rules": [
              {
                "description": "DNS TCP responses and domain operations",
                "icmp_options": [],
                "protocol": "6",
                "source": "10.0.0.0/16",
                "source_type": "CIDR_BLOCK",
                "stateless": false,
                "tcp_options": [
                  {
                    "max": 53,
                    "min": 53,
                    "source_port_range": []
                  }
                ],
                "udp_options": []
              },
              {
                "description": "DNS UDP",
                "icmp_options": [],
                "protocol": "17",
                "source": "10.0.0.0/16",
                "source_type": "CIDR_BLOCK",
                "stateless": false,
                "tcp_options": [],
                "udp_options": [
                  {
                    "max": 53,
                    "min": 53,
                    "source_port_range": []
                  }
                ]
              },
              {
                "description": "ICMP from lab CIDR",
                "icmp_options": [],
                "protocol": "1",
                "source": "10.0.0.0/16",
                "source_type": "CIDR_BLOCK",
                "stateless": false,
                "tcp_options": [],
                "udp_options": []
              },
              {
                "description": "Kerberos TCP",
                "icmp_options": [],
                "protocol": "6",
                "source": "10.0.0.0/16",
                "source_type": "CIDR_BLOCK",
                "stateless": false,
                "tcp_options": [
                  {
                    "max": 88,
                    "min": 88,
                    "source_port_range": []
                  }
                ],
                "udp_options": []
              },
              {
                "description": "Kerberos UDP",
                "icmp_options": [],
                "protocol": "17",
                "source": "10.0.0.0/16",
                "source_type": "CIDR_BLOCK",
                "stateless": false,
                "tcp_options": [],
                "udp_options": [
                  {
                    "max": 88,
                    "min": 88,
                    "source_port_range": []
                  }
                ]
              },
              {
                "description": "Kerberos password change TCP",
                "icmp_options": [],
                "protocol": "6",
                "source": "10.0.0.0/16",
                "source_type": "CIDR_BLOCK",
                "stateless": false,
                "tcp_options": [
                  {
                    "max": 464,
                    "min": 464,
                    "source_port_range": []
                  }
                ],
                "udp_options": []
              },
              {
                "description": "Kerberos password change UDP",
                "icmp_options": [],
                "protocol": "17",
                "source": "10.0.0.0/16",
                "source_type": "CIDR_BLOCK",
                "stateless": false,
                "tcp_options": [],
                "udp_options": [
                  {
                    "max": 464,
                    "min": 464,
                    "source_port_range": []
                  }
                ]
              },
              {
                "description": "LDAP TCP",
                "icmp_options": [],
                "protocol": "6",
                "source": "10.0.0.0/16",
                "source_type": "CIDR_BLOCK",
                "stateless": false,
                "tcp_options": [
                  {
                    "max": 389,
                    "min": 389,
                    "source_port_range": []
                  }
                ],
                "udp_options": []
              },
              {
                "description": "LDAP UDP",
                "icmp_options": [],
                "protocol": "17",
                "source": "10.0.0.0/16",
                "source_type": "CIDR_BLOCK",
                "stateless": false,
                "tcp_options": [],
                "udp_options": [
                  {
                    "max": 389,
                    "min": 389,
                    "source_port_range": []
                  }
                ]
              },
              {
                "description": "NetBIOS datagram UDP",
                "icmp_options": [],
                "protocol": "17",
                "source": "10.0.0.0/16",
                "source_type": "CIDR_BLOCK",
                "stateless": false,
                "tcp_options": [],
                "udp_options": [
                  {
                    "max": 138,
                    "min": 138,
                    "source_port_range": []
                  }
                ]
              },
              {
                "description": "NetBIOS name UDP",
                "icmp_options": [],
                "protocol": "17",
                "source": "10.0.0.0/16",
                "source_type": "CIDR_BLOCK",
                "stateless": false,
                "tcp_options": [],
                "udp_options": [
                  {
                    "max": 137,
                    "min": 137,
                    "source_port_range": []
                  }
                ]
              },
              {
                "description": "NetBIOS session TCP",
                "icmp_options": [],
                "protocol": "6",
                "source": "10.0.0.0/16",
                "source_type": "CIDR_BLOCK",
                "stateless": false,
                "tcp_options": [
                  {
                    "max": 139,
                    "min": 139,
                    "source_port_range": []
                  }
                ],
                "udp_options": []
              },
              {
                "description": "RDP from configured source",
                "icmp_options": [],
                "protocol": "6",
                "source": "0.0.0.0/0",
                "source_type": "CIDR_BLOCK",
                "stateless": false,
                "tcp_options": [
                  {
                    "max": 3389,
                    "min": 3389,
                    "source_port_range": []
                  }
                ],
                "udp_options": []
              },
              {
                "description": "RPC endpoint mapper TCP",
                "icmp_options": [],
                "protocol": "6",
                "source": "10.0.0.0/16",
                "source_type": "CIDR_BLOCK",
                "stateless": false,
                "tcp_options": [
                  {
                    "max": 135,
                    "min": 135,
                    "source_port_range": []
                  }
                ],
                "udp_options": []
              },
              {
                "description": "SMB TCP for admin and file witness",
                "icmp_options": [],
                "protocol": "6",
                "source": "10.0.0.0/16",
                "source_type": "CIDR_BLOCK",
                "stateless": false,
                "tcp_options": [
                  {
                    "max": 445,
                    "min": 445,
                    "source_port_range": []
                  }
                ],
                "udp_options": []
              },
              {
                "description": "SQL Always On HADR endpoint TCP",
                "icmp_options": [],
                "protocol": "6",
                "source": "10.0.0.0/16",
                "source_type": "CIDR_BLOCK",
                "stateless": false,
                "tcp_options": [
                  {
                    "max": 5022,
                    "min": 5022,
                    "source_port_range": []
                  }
                ],
                "udp_options": []
              },
              {
                "description": "SQL Browser UDP",
                "icmp_options": [],
                "protocol": "17",
                "source": "10.0.0.0/16",
                "source_type": "CIDR_BLOCK",
                "stateless": false,
                "tcp_options": [],
                "udp_options": [
                  {
                    "max": 1434,
                    "min": 1434,
                    "source_port_range": []
                  }
                ]
              },
              {
                "description": "SQL Server and AG listener TCP",
                "icmp_options": [],
                "protocol": "6",
                "source": "10.0.0.0/16",
                "source_type": "CIDR_BLOCK",
                "stateless": false,
                "tcp_options": [
                  {
                    "max": 1433,
                    "min": 1433,
                    "source_port_range": []
                  }
                ],
                "udp_options": []
              },
              {
                "description": "WSFC cluster service TCP",
                "icmp_options": [],
                "protocol": "6",
                "source": "10.0.0.0/16",
                "source_type": "CIDR_BLOCK",
                "stateless": false,
                "tcp_options": [
                  {
                    "max": 3343,
                    "min": 3343,
                    "source_port_range": []
                  }
                ],
                "udp_options": []
              },
              {
                "description": "WSFC cluster service UDP",
                "icmp_options": [],
                "protocol": "17",
                "source": "10.0.0.0/16",
                "source_type": "CIDR_BLOCK",
                "stateless": false,
                "tcp_options": [],
                "udp_options": [
                  {
                    "max": 3343,
                    "min": 3343,
                    "source_port_range": []
                  }
                ]
              },
              {
                "description": "WinRM HTTP TCP inside lab",
                "icmp_options": [],
                "protocol": "6",
                "source": "10.0.0.0/16",
                "source_type": "CIDR_BLOCK",
                "stateless": false,
                "tcp_options": [
                  {
                    "max": 5985,
                    "min": 5985,
                    "source_port_range": []
                  }
                ],
                "udp_options": []
              },
              {
                "description": "WinRM HTTPS TCP inside lab",
                "icmp_options": [],
                "protocol": "6",
                "source": "10.0.0.0/16",
                "source_type": "CIDR_BLOCK",
                "stateless": false,
                "tcp_options": [
                  {
                    "max": 5986,
                    "min": 5986,
                    "source_port_range": []
                  }
                ],
                "udp_options": []
              },
              {
                "description": "Windows Time UDP",
                "icmp_options": [],
                "protocol": "17",
                "source": "10.0.0.0/16",
                "source_type": "CIDR_BLOCK",
                "stateless": false,
                "tcp_options": [],
                "udp_options": [
                  {
                    "max": 123,
                    "min": 123,
                    "source_port_range": []
                  }
                ]
              },
              {
                "description": "Windows dynamic RPC TCP",
                "icmp_options": [],
                "protocol": "6",
                "source": "10.0.0.0/16",
                "source_type": "CIDR_BLOCK",
                "stateless": false,
                "tcp_options": [
                  {
                    "max": 65535,
                    "min": 49152,
                    "source_port_range": []
                  }
                ],
                "udp_options": []
              }
            ],
            "state": "AVAILABLE",
            "time_created": "2026-08-10 12:01:06.516 +0000 UTC",
            "timeouts": null,
            "vcn_id": "ocid1.vcn.oc1.us-sanjose-1.amaaaaaafyadjyiaybothfmm7shogap6ckuuvqkijq2dfazqisp7d5jma6na"
          },
          "sensitive_attributes": [],
          "identity_schema_version": 0,
          "private": "eyJlMmJmYjczMC1lY2FhLTExZTYtOGY4OC0zNDM2M2JjN2M0YzAiOnsiY3JlYXRlIjoxMjAwMDAwMDAwMDAwLCJkZWxldGUiOjEyMDAwMDAwMDAwMDAsInVwZGF0ZSI6MTIwMDAwMDAwMDAwMH19",
          "dependencies": [
            "oci_core_vcn.sql"
          ]
        }
      ]
    },
    {
      "mode": "managed",
      "type": "oci_core_subnet",
      "name": "dc",
      "provider": "provider[\"registry.terraform.io/oracle/oci\"]",
      "instances": [
        {
          "schema_version": 0,
          "attributes": {
            "availability_domain": null,
            "cidr_block": "10.0.10.0/24",
            "compartment_id": "ocid1.compartment.oc1..aaaaaaaac7ixtdbw32dnr55p4mjsjdmtbfcy5pa5rasdvuw57eup5w7xbu3q",
            "defined_tags": {
              "Oracle-Tags.CreatedBy": "default/akarsha.i@oracle.com",
              "Oracle-Tags.CreatedOn": "2026-08-10T12:01:08.535Z"
            },
            "dhcp_options_id": "ocid1.dhcpoptions.oc1.us-sanjose-1.aaaaaaaavat3k3r4zukatfnknauauvcimzqb4ipwtzb4yknp57lfxzba5i4q",
            "display_name": "sqlagtest-dc-public-subnet",
            "dns_label": "dcsubnet",
            "freeform_tags": {
              "Project": "sqlagtest"
            },
            "id": "ocid1.subnet.oc1.us-sanjose-1.aaaaaaaaqyaalgafielqf5cpgvvtkbq4qmb3xtix4n6m26ojww3nwuuu5axq",
            "ipv6cidr_block": null,
            "ipv6cidr_blocks": [],
            "ipv6virtual_router_ip": null,
            "prohibit_internet_ingress": false,
            "prohibit_public_ip_on_vnic": false,
            "route_table_id": "ocid1.routetable.oc1.us-sanjose-1.aaaaaaaauh2ivarmf7gwb26megvsxiiwzdimffdxdjsuhu7z7qwzaonjbnya",
            "security_list_ids": [
              "ocid1.securitylist.oc1.us-sanjose-1.aaaaaaaanwz6l3qgmlu5yct3piyqcdflvdzk37pie3glug3goe5ebmeddtrq"
            ],
            "state": "AVAILABLE",
            "subnet_domain_name": "dcsubnet.sqlvcn.oraclevcn.com",
            "time_created": "2026-08-10 12:01:08.569 +0000 UTC",
            "timeouts": null,
            "vcn_id": "ocid1.vcn.oc1.us-sanjose-1.amaaaaaafyadjyiaybothfmm7shogap6ckuuvqkijq2dfazqisp7d5jma6na",
            "virtual_router_ip": "10.0.10.1",
            "virtual_router_mac": "00:00:17:D8:7D:07"
          },
          "sensitive_attributes": [],
          "identity_schema_version": 0,
          "private": "eyJlMmJmYjczMC1lY2FhLTExZTYtOGY4OC0zNDM2M2JjN2M0YzAiOnsiY3JlYXRlIjoxMjAwMDAwMDAwMDAwLCJkZWxldGUiOjEyMDAwMDAwMDAwMDAsInVwZGF0ZSI6MTIwMDAwMDAwMDAwMH19",
          "dependencies": [
            "oci_core_internet_gateway.sql",
            "oci_core_route_table.public",
            "oci_core_security_list.dc",
            "oci_core_vcn.sql"
          ]
        }
      ]
    },
    {
      "mode": "managed",
      "type": "oci_core_subnet",
      "name": "sql1",
      "provider": "provider[\"registry.terraform.io/oracle/oci\"]",
      "instances": [
        {
          "schema_version": 0,
          "attributes": {
            "availability_domain": null,
            "cidr_block": "10.0.20.0/24",
            "compartment_id": "ocid1.compartment.oc1..aaaaaaaac7ixtdbw32dnr55p4mjsjdmtbfcy5pa5rasdvuw57eup5w7xbu3q",
            "defined_tags": {
              "Oracle-Tags.CreatedBy": "default/akarsha.i@oracle.com",
              "Oracle-Tags.CreatedOn": "2026-08-10T12:01:08.646Z"
            },
            "dhcp_options_id": "ocid1.dhcpoptions.oc1.us-sanjose-1.aaaaaaaavat3k3r4zukatfnknauauvcimzqb4ipwtzb4yknp57lfxzba5i4q",
            "display_name": "sqlagtest-sql1-public-subnet",
            "dns_label": "sql1subnet",
            "freeform_tags": {
              "Project": "sqlagtest"
            },
            "id": "ocid1.subnet.oc1.us-sanjose-1.aaaaaaaa4oizllv7ztjmasysv2nm22ufja3hckxr2dawcmoclghu35ydjska",
            "ipv6cidr_block": null,
            "ipv6cidr_blocks": [],
            "ipv6virtual_router_ip": null,
            "prohibit_internet_ingress": false,
            "prohibit_public_ip_on_vnic": false,
            "route_table_id": "ocid1.routetable.oc1.us-sanjose-1.aaaaaaaauh2ivarmf7gwb26megvsxiiwzdimffdxdjsuhu7z7qwzaonjbnya",
            "security_list_ids": [
              "ocid1.securitylist.oc1.us-sanjose-1.aaaaaaaafz3uxnlaz4tczk5mxvvzpmk7u5puh5wlrasz5l2aurx5qa6xv7ea"
            ],
            "state": "AVAILABLE",
            "subnet_domain_name": "sql1subnet.sqlvcn.oraclevcn.com",
            "time_created": "2026-08-10 12:01:09.239 +0000 UTC",
            "timeouts": null,
            "vcn_id": "ocid1.vcn.oc1.us-sanjose-1.amaaaaaafyadjyiaybothfmm7shogap6ckuuvqkijq2dfazqisp7d5jma6na",
            "virtual_router_ip": "10.0.20.1",
            "virtual_router_mac": "00:00:17:D8:7D:07"
          },
          "sensitive_attributes": [],
          "identity_schema_version": 0,
          "private": "eyJlMmJmYjczMC1lY2FhLTExZTYtOGY4OC0zNDM2M2JjN2M0YzAiOnsiY3JlYXRlIjoxMjAwMDAwMDAwMDAwLCJkZWxldGUiOjEyMDAwMDAwMDAwMDAsInVwZGF0ZSI6MTIwMDAwMDAwMDAwMH19",
          "dependencies": [
            "oci_core_internet_gateway.sql",
            "oci_core_route_table.public",
            "oci_core_security_list.sql1",
            "oci_core_vcn.sql"
          ]
        }
      ]
    },
    {
      "mode": "managed",
      "type": "oci_core_subnet",
      "name": "sql2",
      "provider": "provider[\"registry.terraform.io/oracle/oci\"]",
      "instances": [
        {
          "schema_version": 0,
          "attributes": {
            "availability_domain": null,
            "cidr_block": "10.0.30.0/24",
            "compartment_id": "ocid1.compartment.oc1..aaaaaaaac7ixtdbw32dnr55p4mjsjdmtbfcy5pa5rasdvuw57eup5w7xbu3q",
            "defined_tags": {
              "Oracle-Tags.CreatedBy": "default/akarsha.i@oracle.com",
              "Oracle-Tags.CreatedOn": "2026-08-10T12:01:08.542Z"
            },
            "dhcp_options_id": "ocid1.dhcpoptions.oc1.us-sanjose-1.aaaaaaaavat3k3r4zukatfnknauauvcimzqb4ipwtzb4yknp57lfxzba5i4q",
            "display_name": "sqlagtest-sql2-public-subnet",
            "dns_label": "sql2subnet",
            "freeform_tags": {
              "Project": "sqlagtest"
            },
            "id": "ocid1.subnet.oc1.us-sanjose-1.aaaaaaaaezarlifjvuyx3pmuydqpo7tiusm7fu5hjtmtzfeqydk372prs6ha",
            "ipv6cidr_block": null,
            "ipv6cidr_blocks": [],
            "ipv6virtual_router_ip": null,
            "prohibit_internet_ingress": false,
            "prohibit_public_ip_on_vnic": false,
            "route_table_id": "ocid1.routetable.oc1.us-sanjose-1.aaaaaaaauh2ivarmf7gwb26megvsxiiwzdimffdxdjsuhu7z7qwzaonjbnya",
            "security_list_ids": [
              "ocid1.securitylist.oc1.us-sanjose-1.aaaaaaaamy3wvz7nujwpwegruq7i3k6f7k6rwzmgdv5iw2tupvbgnteurbja"
            ],
            "state": "AVAILABLE",
            "subnet_domain_name": "sql2subnet.sqlvcn.oraclevcn.com",
            "time_created": "2026-08-10 12:01:08.827 +0000 UTC",
            "timeouts": null,
            "vcn_id": "ocid1.vcn.oc1.us-sanjose-1.amaaaaaafyadjyiaybothfmm7shogap6ckuuvqkijq2dfazqisp7d5jma6na",
            "virtual_router_ip": "10.0.30.1",
            "virtual_router_mac": "00:00:17:D8:7D:07"
          },
          "sensitive_attributes": [],
          "identity_schema_version": 0,
          "private": "eyJlMmJmYjczMC1lY2FhLTExZTYtOGY4OC0zNDM2M2JjN2M0YzAiOnsiY3JlYXRlIjoxMjAwMDAwMDAwMDAwLCJkZWxldGUiOjEyMDAwMDAwMDAwMDAsInVwZGF0ZSI6MTIwMDAwMDAwMDAwMH19",
          "dependencies": [
            "oci_core_internet_gateway.sql",
            "oci_core_route_table.public",
            "oci_core_security_list.sql2",
            "oci_core_vcn.sql"
          ]
        }
      ]
    },
    {
      "mode": "managed",
      "type": "oci_core_vcn",
      "name": "sql",
      "provider": "provider[\"registry.terraform.io/oracle/oci\"]",
      "instances": [
        {
          "schema_version": 0,
          "attributes": {
            "byoipv6cidr_blocks": [],
            "byoipv6cidr_details": null,
            "cidr_block": "10.0.0.0/16",
            "cidr_blocks": [
              "10.0.0.0/16"
            ],
            "compartment_id": "ocid1.compartment.oc1..aaaaaaaac7ixtdbw32dnr55p4mjsjdmtbfcy5pa5rasdvuw57eup5w7xbu3q",
            "default_dhcp_options_id": "ocid1.dhcpoptions.oc1.us-sanjose-1.aaaaaaaavat3k3r4zukatfnknauauvcimzqb4ipwtzb4yknp57lfxzba5i4q",
            "default_route_table_id": "ocid1.routetable.oc1.us-sanjose-1.aaaaaaaagzt6bmctup4lxewjfr6h4dwgvqb6mgnk6rddmyqn4jz2l426pn4q",
            "default_security_list_id": "ocid1.securitylist.oc1.us-sanjose-1.aaaaaaaazpvn4um7lm7gsms4ysd3htb33yypsd7w5o7526f52sqa3jfw2uqa",
            "defined_tags": {
              "Oracle-Tags.CreatedBy": "default/akarsha.i@oracle.com",
              "Oracle-Tags.CreatedOn": "2026-08-10T12:01:05.178Z"
            },
            "display_name": "SQL_VCN",
            "dns_label": "sqlvcn",
            "freeform_tags": {
              "Project": "sqlagtest"
            },
            "id": "ocid1.vcn.oc1.us-sanjose-1.amaaaaaafyadjyiaybothfmm7shogap6ckuuvqkijq2dfazqisp7d5jma6na",
            "ipv6cidr_blocks": [],
            "ipv6private_cidr_blocks": [],
            "is_ipv6enabled": false,
            "is_oracle_gua_allocation_enabled": null,
            "security_attributes": {},
            "state": "AVAILABLE",
            "time_created": "2026-08-10 12:01:05.235 +0000 UTC",
            "timeouts": null,
            "vcn_domain_name": "sqlvcn.oraclevcn.com"
          },
          "sensitive_attributes": [],
          "identity_schema_version": 0,
          "private": "eyJlMmJmYjczMC1lY2FhLTExZTYtOGY4OC0zNDM2M2JjN2M0YzAiOnsiY3JlYXRlIjoxMjAwMDAwMDAwMDAwLCJkZWxldGUiOjEyMDAwMDAwMDAwMDAsInVwZGF0ZSI6MTIwMDAwMDAwMDAwMH19"
        }
      ]
    },
    {
      "mode": "managed",
      "type": "oci_core_volume",
      "name": "sql1_data",
      "provider": "provider[\"registry.terraform.io/oracle/oci\"]",
      "instances": [
        {
          "schema_version": 0,
          "attributes": {
            "auto_tuned_vpus_per_gb": null,
            "autotune_policies": [],
            "availability_domain": "RAVo:US-SANJOSE-1-AD-1",
            "backup_policy_id": null,
            "block_volume_replicas": [],
            "block_volume_replicas_deletion": null,
            "cluster_placement_group_id": null,
            "compartment_id": "ocid1.compartment.oc1..aaaaaaaac7ixtdbw32dnr55p4mjsjdmtbfcy5pa5rasdvuw57eup5w7xbu3q",
            "defined_tags": {
              "Oracle-Tags.CreatedBy": "default/akarsha.i@oracle.com",
              "Oracle-Tags.CreatedOn": "2026-08-10T12:01:05.236Z"
            },
            "display_name": "SQL1-data",
            "freeform_tags": {
              "Node": "SQL1",
              "Project": "sqlagtest",
              "Role": "sql-data"
            },
            "id": "ocid1.volume.oc1.us-sanjose-1.abzwuljrq5jamfnsogm4vnml4vmjbsn4xbwwzfkaiohhyxqpjr44dok4pzaa",
            "is_auto_tune_enabled": false,
            "is_hydrated": true,
            "is_reservations_enabled": false,
            "kms_key_id": null,
            "size_in_gbs": "100",
            "size_in_mbs": "102400",
            "source_details": [],
            "state": "AVAILABLE",
            "system_tags": {},
            "time_created": "2026-08-10 12:01:05.245 +0000 UTC",
            "timeouts": null,
            "volume_backup_id": null,
            "volume_group_id": null,
            "vpus_per_gb": "10",
            "xrc_kms_key_id": null
          },
          "sensitive_attributes": [],
          "identity_schema_version": 0,
          "private": "eyJlMmJmYjczMC1lY2FhLTExZTYtOGY4OC0zNDM2M2JjN2M0YzAiOnsiY3JlYXRlIjoxMjAwMDAwMDAwMDAwLCJkZWxldGUiOjEyMDAwMDAwMDAwMDAsInVwZGF0ZSI6MTIwMDAwMDAwMDAwMH19",
          "dependencies": [
            "data.oci_identity_availability_domains.region"
          ]
        }
      ]
    },
    {
      "mode": "managed",
      "type": "oci_core_volume",
      "name": "sql2_data",
      "provider": "provider[\"registry.terraform.io/oracle/oci\"]",
      "instances": [
        {
          "schema_version": 0,
          "attributes": {
            "auto_tuned_vpus_per_gb": null,
            "autotune_policies": [],
            "availability_domain": "RAVo:US-SANJOSE-1-AD-1",
            "backup_policy_id": null,
            "block_volume_replicas": [],
            "block_volume_replicas_deletion": null,
            "cluster_placement_group_id": null,
            "compartment_id": "ocid1.compartment.oc1..aaaaaaaac7ixtdbw32dnr55p4mjsjdmtbfcy5pa5rasdvuw57eup5w7xbu3q",
            "defined_tags": {
              "Oracle-Tags.CreatedBy": "default/akarsha.i@oracle.com",
              "Oracle-Tags.CreatedOn": "2026-08-10T12:01:05.302Z"
            },
            "display_name": "SQL2-data",
            "freeform_tags": {
              "Node": "SQL2",
              "Project": "sqlagtest",
              "Role": "sql-data"
            },
            "id": "ocid1.volume.oc1.us-sanjose-1.abzwuljrjp4twnvphag4u33stfimirqhtt2onjxrk2tmgkiqxyj6lxaf7raq",
            "is_auto_tune_enabled": false,
            "is_hydrated": true,
            "is_reservations_enabled": false,
            "kms_key_id": null,
            "size_in_gbs": "100",
            "size_in_mbs": "102400",
            "source_details": [],
            "state": "AVAILABLE",
            "system_tags": {},
            "time_created": "2026-08-10 12:01:05.31 +0000 UTC",
            "timeouts": null,
            "volume_backup_id": null,
            "volume_group_id": null,
            "vpus_per_gb": "10",
            "xrc_kms_key_id": null
          },
          "sensitive_attributes": [],
          "identity_schema_version": 0,
          "private": "eyJlMmJmYjczMC1lY2FhLTExZTYtOGY4OC0zNDM2M2JjN2M0YzAiOnsiY3JlYXRlIjoxMjAwMDAwMDAwMDAwLCJkZWxldGUiOjEyMDAwMDAwMDAwMDAsInVwZGF0ZSI6MTIwMDAwMDAwMDAwMH19",
          "dependencies": [
            "data.oci_identity_availability_domains.region"
          ]
        }
      ]
    },
    {
      "mode": "managed",
      "type": "oci_core_volume_attachment",
      "name": "sql1_data",
      "provider": "provider[\"registry.terraform.io/oracle/oci\"]",
      "instances": [
        {
          "schema_version": 0,
          "attributes": {
            "attachment_type": "paravirtualized",
            "availability_domain": "RAVo:US-SANJOSE-1-AD-1",
            "chap_secret": null,
            "chap_username": null,
            "compartment_id": "ocid1.compartment.oc1..aaaaaaaac7ixtdbw32dnr55p4mjsjdmtbfcy5pa5rasdvuw57eup5w7xbu3q",
            "device": null,
            "display_name": "SQL1-data-attachment",
            "encryption_in_transit_type": null,
            "id": "ocid1.volumeattachment.oc1.us-sanjose-1.anzwuljrfyadjyicm56zd3tj56qvja653qbntnqe6j46rctzmm4i2bliboqa",
            "instance_id": "ocid1.instance.oc1.us-sanjose-1.anzwuljrfyadjyicro5jzzgfjuljuqrgeudvsdt4husgjp4zcmpgn77vfepa",
            "ipv4": null,
            "iqn": null,
            "is_agent_auto_iscsi_login_enabled": null,
            "is_multipath": null,
            "is_pv_encryption_in_transit_enabled": false,
            "is_read_only": false,
            "is_shareable": false,
            "is_volume_created_during_launch": false,
            "iscsi_login_state": "",
            "multipath_devices": [],
            "port": null,
            "state": "ATTACHED",
            "time_created": "2026-08-10 12:08:24.398 +0000 UTC",
            "timeouts": null,
            "use_chap": null,
            "volume_id": "ocid1.volume.oc1.us-sanjose-1.abzwuljrq5jamfnsogm4vnml4vmjbsn4xbwwzfkaiohhyxqpjr44dok4pzaa"
          },
          "sensitive_attributes": [],
          "identity_schema_version": 0,
          "private": "eyJlMmJmYjczMC1lY2FhLTExZTYtOGY4OC0zNDM2M2JjN2M0YzAiOnsiY3JlYXRlIjoxMjAwMDAwMDAwMDAwLCJkZWxldGUiOjEyMDAwMDAwMDAwMDAsInVwZGF0ZSI6MTIwMDAwMDAwMDAwMH19",
          "dependencies": [
            "data.oci_identity_availability_domains.region",
            "data.oci_objectstorage_namespace.automation",
            "oci_core_instance.dc",
            "oci_core_instance.sql1",
            "oci_core_internet_gateway.sql",
            "oci_core_route_table.public",
            "oci_core_security_list.dc",
            "oci_core_security_list.sql1",
            "oci_core_subnet.dc",
            "oci_core_subnet.sql1",
            "oci_core_vcn.sql",
            "oci_core_volume.sql1_data",
            "oci_objectstorage_bucket.automation",
            "oci_objectstorage_object.ag",
            "oci_objectstorage_object.reconcile",
            "oci_objectstorage_object.safe_failover",
            "oci_objectstorage_object.sample",
            "oci_objectstorage_object.sql",
            "oci_objectstorage_object.wsfc",
            "oci_objectstorage_preauthrequest.ag",
            "oci_objectstorage_preauthrequest.reconcile",
            "oci_objectstorage_preauthrequest.safe_failover",
            "oci_objectstorage_preauthrequest.sample",
            "oci_objectstorage_preauthrequest.sql",
            "oci_objectstorage_preauthrequest.wsfc"
          ]
        }
      ]
    },
    {
      "mode": "managed",
      "type": "oci_core_volume_attachment",
      "name": "sql2_data",
      "provider": "provider[\"registry.terraform.io/oracle/oci\"]",
      "instances": [
        {
          "schema_version": 0,
          "attributes": {
            "attachment_type": "paravirtualized",
            "availability_domain": "RAVo:US-SANJOSE-1-AD-1",
            "chap_secret": null,
            "chap_username": null,
            "compartment_id": "ocid1.compartment.oc1..aaaaaaaac7ixtdbw32dnr55p4mjsjdmtbfcy5pa5rasdvuw57eup5w7xbu3q",
            "device": null,
            "display_name": "SQL2-data-attachment",
            "encryption_in_transit_type": null,
            "id": "ocid1.volumeattachment.oc1.us-sanjose-1.anzwuljrfyadjyicm4uqlzsuqhhopnqeglelvpnsunv2gwdcdxyjujz62nra",
            "instance_id": "ocid1.instance.oc1.us-sanjose-1.anzwuljrfyadjyic7cfzmkslnkhtpv34tzzquvaqlqpj2vpyw74sq5uo3wpa",
            "ipv4": null,
            "iqn": null,
            "is_agent_auto_iscsi_login_enabled": null,
            "is_multipath": null,
            "is_pv_encryption_in_transit_enabled": false,
            "is_read_only": false,
            "is_shareable": false,
            "is_volume_created_during_launch": false,
            "iscsi_login_state": "",
            "multipath_devices": [],
            "port": null,
            "state": "ATTACHED",
            "time_created": "2026-08-10 12:08:22.606 +0000 UTC",
            "timeouts": null,
            "use_chap": null,
            "volume_id": "ocid1.volume.oc1.us-sanjose-1.abzwuljrjp4twnvphag4u33stfimirqhtt2onjxrk2tmgkiqxyj6lxaf7raq"
          },
          "sensitive_attributes": [],
          "identity_schema_version": 0,
          "private": "eyJlMmJmYjczMC1lY2FhLTExZTYtOGY4OC0zNDM2M2JjN2M0YzAiOnsiY3JlYXRlIjoxMjAwMDAwMDAwMDAwLCJkZWxldGUiOjEyMDAwMDAwMDAwMDAsInVwZGF0ZSI6MTIwMDAwMDAwMDAwMH19",
          "dependencies": [
            "data.oci_identity_availability_domains.region",
            "data.oci_objectstorage_namespace.automation",
            "oci_core_instance.dc",
            "oci_core_instance.sql2",
            "oci_core_internet_gateway.sql",
            "oci_core_route_table.public",
            "oci_core_security_list.dc",
            "oci_core_security_list.sql2",
            "oci_core_subnet.dc",
            "oci_core_subnet.sql2",
            "oci_core_vcn.sql",
            "oci_core_volume.sql2_data",
            "oci_objectstorage_bucket.automation",
            "oci_objectstorage_object.ag",
            "oci_objectstorage_object.reconcile",
            "oci_objectstorage_object.safe_failover",
            "oci_objectstorage_object.sample",
            "oci_objectstorage_object.sql",
            "oci_objectstorage_object.wsfc",
            "oci_objectstorage_preauthrequest.ag",
            "oci_objectstorage_preauthrequest.reconcile",
            "oci_objectstorage_preauthrequest.safe_failover",
            "oci_objectstorage_preauthrequest.sample",
            "oci_objectstorage_preauthrequest.sql",
            "oci_objectstorage_preauthrequest.wsfc"
          ]
        }
      ]
    },
    {
      "mode": "managed",
      "type": "oci_objectstorage_bucket",
      "name": "automation",
      "provider": "provider[\"registry.terraform.io/oracle/oci\"]",
      "instances": [
        {
          "schema_version": 0,
          "attributes": {
            "access_type": "NoPublicAccess",
            "approximate_count": "0",
            "approximate_size": "0",
            "auto_tiering": "Disabled",
            "bucket_id": "ocid1.bucket.oc1.us-sanjose-1.aaaaaaaa5uad73xt5t4kupfdfa6hlqx3aqowkr22hwdv4xb532ioqb6symra",
            "compartment_id": "ocid1.compartment.oc1..aaaaaaaac7ixtdbw32dnr55p4mjsjdmtbfcy5pa5rasdvuw57eup5w7xbu3q",
            "created_by": "ocid1.user.oc1..aaaaaaaa7injenbwphtghs5zpscdbe6xa5zww2rjnkpp2zebozdwpmwah4iq",
            "defined_tags": {
              "Oracle-Tags.CreatedBy": "default/akarsha.i@oracle.com",
              "Oracle-Tags.CreatedOn": "2026-08-10T12:01:05.219Z"
            },
            "etag": "9695d89e-00db-4772-b2b1-60466769b63d",
            "freeform_tags": {
              "Project": "sqlagtest",
              "Purpose": "terraform-first-boot-automation"
            },
            "id": "n/idzxvkz1zdug/b/aoag-automation-e06fd2b8fa2f",
            "is_read_only": false,
            "kms_key_id": null,
            "metadata": null,
            "name": "aoag-automation-e06fd2b8fa2f",
            "namespace": "idzxvkz1zdug",
            "object_events_enabled": false,
            "object_lifecycle_policy_etag": null,
            "replication_enabled": false,
            "retention_rules": [],
            "storage_tier": "Standard",
            "time_created": "2026-08-10 12:01:05.37 +0000 UTC",
            "timeouts": null,
            "versioning": "Disabled"
          },
          "sensitive_attributes": [],
          "identity_schema_version": 0,
          "private": "eyJlMmJmYjczMC1lY2FhLTExZTYtOGY4OC0zNDM2M2JjN2M0YzAiOnsiY3JlYXRlIjoxMjAwMDAwMDAwMDAwLCJkZWxldGUiOjEyMDAwMDAwMDAwMDAsInVwZGF0ZSI6MTIwMDAwMDAwMDAwMH19",
          "dependencies": [
            "data.oci_objectstorage_namespace.automation"
          ]
        }
      ]
    },
    {
      "mode": "managed",
      "type": "oci_objectstorage_object",
      "name": "ag",
      "provider": "provider[\"registry.terraform.io/oracle/oci\"]",
      "instances": [
        {
          "schema_version": 0,
          "attributes": {
            "bucket": "aoag-automation-e06fd2b8fa2f",
            "cache_control": null,
            "content": null,
            "content_disposition": null,
            "content_encoding": null,
            "content_language": null,
            "content_length": "16566",
            "content_md5": "D61XM0Gdlrq9Yi74Uq5NTQ==",
            "content_type": "text/plain",
            "delete_all_object_versions": false,
            "id": "n/idzxvkz1zdug/b/aoag-automation-e06fd2b8fa2f/o/scripts%2F05-configure-availability-group.ps1",
            "metadata": null,
            "namespace": "idzxvkz1zdug",
            "object": "scripts/05-configure-availability-group.ps1",
            "opc_sse_kms_key_id": null,
            "source": "./scripts/aoag/05-configure-availability-group.ps1 2026-08-06 20:11:56.880137919 +0530 IST",
            "source_uri_details": [],
            "state": "COMPLETED",
            "storage_tier": "Standard",
            "timeouts": null,
            "version_id": "01fd08a7-3699-40af-90d4-973299dde915",
            "work_request_id": ""
          },
          "sensitive_attributes": [],
          "identity_schema_version": 0,
          "private": "eyJlMmJmYjczMC1lY2FhLTExZTYtOGY4OC0zNDM2M2JjN2M0YzAiOnsiY3JlYXRlIjoxMjAwMDAwMDAwMDAwLCJkZWxldGUiOjEyMDAwMDAwMDAwMDAsInVwZGF0ZSI6MTIwMDAwMDAwMDAwMH19",
          "dependencies": [
            "data.oci_objectstorage_namespace.automation",
            "oci_objectstorage_bucket.automation"
          ]
        }
      ]
    },
    {
      "mode": "managed",
      "type": "oci_objectstorage_object",
      "name": "reconcile",
      "provider": "provider[\"registry.terraform.io/oracle/oci\"]",
      "instances": [
        {
          "schema_version": 0,
          "attributes": {
            "bucket": "aoag-automation-e06fd2b8fa2f",
            "cache_control": null,
            "content": null,
            "content_disposition": null,
            "content_encoding": null,
            "content_language": null,
            "content_length": "9133",
            "content_md5": "3QaueBDo6VHjoQL2P5/Jew==",
            "content_type": "text/plain",
            "delete_all_object_versions": false,
            "id": "n/idzxvkz1zdug/b/aoag-automation-e06fd2b8fa2f/o/scripts%2F07-reconcile-availability-group.ps1",
            "metadata": null,
            "namespace": "idzxvkz1zdug",
            "object": "scripts/07-reconcile-availability-group.ps1",
            "opc_sse_kms_key_id": null,
            "source": "./scripts/aoag/07-reconcile-availability-group.ps1 2026-08-06 20:18:18.715343415 +0530 IST",
            "source_uri_details": [],
            "state": "COMPLETED",
            "storage_tier": "Standard",
            "timeouts": null,
            "version_id": "fc9ac2cc-cdf6-4a34-a967-42049c69e5e6",
            "work_request_id": ""
          },
          "sensitive_attributes": [],
          "identity_schema_version": 0,
          "private": "eyJlMmJmYjczMC1lY2FhLTExZTYtOGY4OC0zNDM2M2JjN2M0YzAiOnsiY3JlYXRlIjoxMjAwMDAwMDAwMDAwLCJkZWxldGUiOjEyMDAwMDAwMDAwMDAsInVwZGF0ZSI6MTIwMDAwMDAwMDAwMH19",
          "dependencies": [
            "data.oci_objectstorage_namespace.automation",
            "oci_objectstorage_bucket.automation"
          ]
        }
      ]
    },
    {
      "mode": "managed",
      "type": "oci_objectstorage_object",
      "name": "safe_failover",
      "provider": "provider[\"registry.terraform.io/oracle/oci\"]",
      "instances": [
        {
          "schema_version": 0,
          "attributes": {
            "bucket": "aoag-automation-e06fd2b8fa2f",
            "cache_control": null,
            "content": null,
            "content_disposition": null,
            "content_encoding": null,
            "content_language": null,
            "content_length": "7747",
            "content_md5": "8mh5Y2Z2xV/ytikuZxW16Q==",
            "content_type": "text/plain",
            "delete_all_object_versions": false,
            "id": "n/idzxvkz1zdug/b/aoag-automation-e06fd2b8fa2f/o/scripts%2F06-safe-planned-failover.ps1",
            "metadata": null,
            "namespace": "idzxvkz1zdug",
            "object": "scripts/06-safe-planned-failover.ps1",
            "opc_sse_kms_key_id": null,
            "source": "./scripts/aoag/06-safe-planned-failover.ps1 2026-08-04 17:23:54.141008916 +0530 IST",
            "source_uri_details": [],
            "state": "COMPLETED",
            "storage_tier": "Standard",
            "timeouts": null,
            "version_id": "19511b64-8b68-4704-837e-1386bca16b4a",
            "work_request_id": ""
          },
          "sensitive_attributes": [],
          "identity_schema_version": 0,
          "private": "eyJlMmJmYjczMC1lY2FhLTExZTYtOGY4OC0zNDM2M2JjN2M0YzAiOnsiY3JlYXRlIjoxMjAwMDAwMDAwMDAwLCJkZWxldGUiOjEyMDAwMDAwMDAwMDAsInVwZGF0ZSI6MTIwMDAwMDAwMDAwMH19",
          "dependencies": [
            "data.oci_objectstorage_namespace.automation",
            "oci_objectstorage_bucket.automation"
          ]
        }
      ]
    },
    {
      "mode": "managed",
      "type": "oci_objectstorage_object",
      "name": "sample",
      "provider": "provider[\"registry.terraform.io/oracle/oci\"]",
      "instances": [
        {
          "schema_version": 0,
          "attributes": {
            "bucket": "aoag-automation-e06fd2b8fa2f",
            "cache_control": null,
            "content": null,
            "content_disposition": null,
            "content_encoding": null,
            "content_language": null,
            "content_length": "10928",
            "content_md5": "+DpNCi5CdmNIGp3CGvTleg==",
            "content_type": "text/plain",
            "delete_all_object_versions": false,
            "id": "n/idzxvkz1zdug/b/aoag-automation-e06fd2b8fa2f/o/scripts%2F04-prepare-sample-database.ps1",
            "metadata": null,
            "namespace": "idzxvkz1zdug",
            "object": "scripts/04-prepare-sample-database.ps1",
            "opc_sse_kms_key_id": null,
            "source": "./scripts/aoag/04-prepare-sample-database.ps1 2026-08-04 17:18:26.231865983 +0530 IST",
            "source_uri_details": [],
            "state": "COMPLETED",
            "storage_tier": "Standard",
            "timeouts": null,
            "version_id": "ebb7e1a0-eb4d-4d7b-82c0-4ea5ec018cba",
            "work_request_id": ""
          },
          "sensitive_attributes": [],
          "identity_schema_version": 0,
          "private": "eyJlMmJmYjczMC1lY2FhLTExZTYtOGY4OC0zNDM2M2JjN2M0YzAiOnsiY3JlYXRlIjoxMjAwMDAwMDAwMDAwLCJkZWxldGUiOjEyMDAwMDAwMDAwMDAsInVwZGF0ZSI6MTIwMDAwMDAwMDAwMH19",
          "dependencies": [
            "data.oci_objectstorage_namespace.automation",
            "oci_objectstorage_bucket.automation"
          ]
        }
      ]
    },
    {
      "mode": "managed",
      "type": "oci_objectstorage_object",
      "name": "sql",
      "provider": "provider[\"registry.terraform.io/oracle/oci\"]",
      "instances": [
        {
          "schema_version": 0,
          "attributes": {
            "bucket": "aoag-automation-e06fd2b8fa2f",
            "cache_control": null,
            "content": null,
            "content_disposition": null,
            "content_encoding": null,
            "content_language": null,
            "content_length": "48770",
            "content_md5": "4hnqDofX4SoKLYnv/ESRTw==",
            "content_type": "text/plain",
            "delete_all_object_versions": false,
            "id": "n/idzxvkz1zdug/b/aoag-automation-e06fd2b8fa2f/o/scripts%2F02-configure-sql-node.ps1",
            "metadata": null,
            "namespace": "idzxvkz1zdug",
            "object": "scripts/02-configure-sql-node.ps1",
            "opc_sse_kms_key_id": null,
            "source": "./scripts/sql/02-configure-sql-node.ps1 2026-08-10 16:40:15.521319154 +0530 IST",
            "source_uri_details": [],
            "state": "COMPLETED",
            "storage_tier": "Standard",
            "timeouts": null,
            "version_id": "070d6bb4-1bdc-445e-aff7-507a1588b27a",
            "work_request_id": ""
          },
          "sensitive_attributes": [],
          "identity_schema_version": 0,
          "private": "eyJlMmJmYjczMC1lY2FhLTExZTYtOGY4OC0zNDM2M2JjN2M0YzAiOnsiY3JlYXRlIjoxMjAwMDAwMDAwMDAwLCJkZWxldGUiOjEyMDAwMDAwMDAwMDAsInVwZGF0ZSI6MTIwMDAwMDAwMDAwMH19",
          "dependencies": [
            "data.oci_objectstorage_namespace.automation",
            "oci_objectstorage_bucket.automation"
          ]
        }
      ]
    },
    {
      "mode": "managed",
      "type": "oci_objectstorage_object",
      "name": "wsfc",
      "provider": "provider[\"registry.terraform.io/oracle/oci\"]",
      "instances": [
        {
          "schema_version": 0,
          "attributes": {
            "bucket": "aoag-automation-e06fd2b8fa2f",
            "cache_control": null,
            "content": null,
            "content_disposition": null,
            "content_encoding": null,
            "content_language": null,
            "content_length": "29524",
            "content_md5": "Fhp1QfvGOREryVGvXU8S6Q==",
            "content_type": "text/plain",
            "delete_all_object_versions": false,
            "id": "n/idzxvkz1zdug/b/aoag-automation-e06fd2b8fa2f/o/scripts%2F03-configure-wsfc.ps1",
            "metadata": null,
            "namespace": "idzxvkz1zdug",
            "object": "scripts/03-configure-wsfc.ps1",
            "opc_sse_kms_key_id": null,
            "source": "./scripts/wsfc/03-configure-wsfc.ps1 2026-08-04 17:22:26.129887953 +0530 IST",
            "source_uri_details": [],
            "state": "COMPLETED",
            "storage_tier": "Standard",
            "timeouts": null,
            "version_id": "500fa058-3ef9-424b-a6a6-5c8137a518f9",
            "work_request_id": ""
          },
          "sensitive_attributes": [],
          "identity_schema_version": 0,
          "private": "eyJlMmJmYjczMC1lY2FhLTExZTYtOGY4OC0zNDM2M2JjN2M0YzAiOnsiY3JlYXRlIjoxMjAwMDAwMDAwMDAwLCJkZWxldGUiOjEyMDAwMDAwMDAwMDAsInVwZGF0ZSI6MTIwMDAwMDAwMDAwMH19",
          "dependencies": [
            "data.oci_objectstorage_namespace.automation",
            "oci_objectstorage_bucket.automation"
          ]
        }
      ]
    },
    {
      "mode": "managed",
      "type": "oci_objectstorage_preauthrequest",
      "name": "ag",
      "provider": "provider[\"registry.terraform.io/oracle/oci\"]",
      "instances": [
        {
          "schema_version": 0,
          "attributes": {
            "access_type": "ObjectRead",
            "access_uri": "/p/_T2UE5ETlHyWueLdaoOdITezMG1zuzQvs3a2vS4gkOXg7wY8nWiE9aDUZowJ0Scp/n/idzxvkz1zdug/b/aoag-automation-e06fd2b8fa2f/o/scripts/05-configure-availability-group.ps1",
            "bucket": "aoag-automation-e06fd2b8fa2f",
            "bucket_listing_action": "",
            "full_path": "https://idzxvkz1zdug.objectstorage.us-sanjose-1.oci.customer-oci.com/p/_T2UE5ETlHyWueLdaoOdITezMG1zuzQvs3a2vS4gkOXg7wY8nWiE9aDUZowJ0Scp/n/idzxvkz1zdug/b/aoag-automation-e06fd2b8fa2f/o/scripts/05-configure-availability-group.ps1",
            "id": "n/idzxvkz1zdug/b/aoag-automation-e06fd2b8fa2f/p/0BPxYPhbyGdZgwfF9KaPTo3aU1c2LyUifBWaQst%2FO2vPnllc2d084B0ZIplFY%2Faa:scripts%2F05-configure-availability-group.ps1",
            "name": "availability-group-bootstrap",
            "namespace": "idzxvkz1zdug",
            "object": "scripts/05-configure-availability-group.ps1",
            "object_name": "scripts/05-configure-availability-group.ps1",
            "par_id": "0BPxYPhbyGdZgwfF9KaPTo3aU1c2LyUifBWaQst/O2vPnllc2d084B0ZIplFY/aa:scripts/05-configure-availability-group.ps1",
            "time_created": "2026-08-10 12:01:07.892 +0000 UTC",
            "time_expires": "2030-01-01T00:00:00Z",
            "timeouts": null
          },
          "sensitive_attributes": [],
          "identity_schema_version": 0,
          "private": "eyJlMmJmYjczMC1lY2FhLTExZTYtOGY4OC0zNDM2M2JjN2M0YzAiOnsiY3JlYXRlIjoxMjAwMDAwMDAwMDAwLCJkZWxldGUiOjEyMDAwMDAwMDAwMDAsInVwZGF0ZSI6MTIwMDAwMDAwMDAwMH19",
          "dependencies": [
            "data.oci_objectstorage_namespace.automation",
            "oci_objectstorage_bucket.automation",
            "oci_objectstorage_object.ag"
          ]
        }
      ]
    },
    {
      "mode": "managed",
      "type": "oci_objectstorage_preauthrequest",
      "name": "reconcile",
      "provider": "provider[\"registry.terraform.io/oracle/oci\"]",
      "instances": [
        {
          "schema_version": 0,
          "attributes": {
            "access_type": "ObjectRead",
            "access_uri": "/p/0DoPR860Kv4dB_2kgu-zUE2DZG_rqJijfcPW0OfL1EMuUC9g5uaqTH4oL0UPb9Jr/n/idzxvkz1zdug/b/aoag-automation-e06fd2b8fa2f/o/scripts/07-reconcile-availability-group.ps1",
            "bucket": "aoag-automation-e06fd2b8fa2f",
            "bucket_listing_action": "",
            "full_path": "https://idzxvkz1zdug.objectstorage.us-sanjose-1.oci.customer-oci.com/p/0DoPR860Kv4dB_2kgu-zUE2DZG_rqJijfcPW0OfL1EMuUC9g5uaqTH4oL0UPb9Jr/n/idzxvkz1zdug/b/aoag-automation-e06fd2b8fa2f/o/scripts/07-reconcile-availability-group.ps1",
            "id": "n/idzxvkz1zdug/b/aoag-automation-e06fd2b8fa2f/p/eA9oLBJO%2FEZioXe0BsMpvmEcIZQRdD47GHUAeIDZcBMsrdAbGoGRujenZor+Yv5P:scripts%2F07-reconcile-availability-group.ps1",
            "name": "availability-group-reconciliation",
            "namespace": "idzxvkz1zdug",
            "object": "scripts/07-reconcile-availability-group.ps1",
            "object_name": "scripts/07-reconcile-availability-group.ps1",
            "par_id": "eA9oLBJO/EZioXe0BsMpvmEcIZQRdD47GHUAeIDZcBMsrdAbGoGRujenZor+Yv5P:scripts/07-reconcile-availability-group.ps1",
            "time_created": "2026-08-10 12:01:08.455 +0000 UTC",
            "time_expires": "2030-01-01T00:00:00Z",
            "timeouts": null
          },
          "sensitive_attributes": [],
          "identity_schema_version": 0,
          "private": "eyJlMmJmYjczMC1lY2FhLTExZTYtOGY4OC0zNDM2M2JjN2M0YzAiOnsiY3JlYXRlIjoxMjAwMDAwMDAwMDAwLCJkZWxldGUiOjEyMDAwMDAwMDAwMDAsInVwZGF0ZSI6MTIwMDAwMDAwMDAwMH19",
          "dependencies": [
            "data.oci_objectstorage_namespace.automation",
            "oci_objectstorage_bucket.automation",
            "oci_objectstorage_object.reconcile"
          ]
        }
      ]
    },
    {
      "mode": "managed",
      "type": "oci_objectstorage_preauthrequest",
      "name": "safe_failover",
      "provider": "provider[\"registry.terraform.io/oracle/oci\"]",
      "instances": [
        {
          "schema_version": 0,
          "attributes": {
            "access_type": "ObjectRead",
            "access_uri": "/p/BzjxYCZ__7HKdlPxYc2LGXWSAr1pJdFsOyL39iG17U16VLgti2365D4nt2wuZ9tZ/n/idzxvkz1zdug/b/aoag-automation-e06fd2b8fa2f/o/scripts/06-safe-planned-failover.ps1",
            "bucket": "aoag-automation-e06fd2b8fa2f",
            "bucket_listing_action": "",
            "full_path": "https://idzxvkz1zdug.objectstorage.us-sanjose-1.oci.customer-oci.com/p/BzjxYCZ__7HKdlPxYc2LGXWSAr1pJdFsOyL39iG17U16VLgti2365D4nt2wuZ9tZ/n/idzxvkz1zdug/b/aoag-automation-e06fd2b8fa2f/o/scripts/06-safe-planned-failover.ps1",
            "id": "n/idzxvkz1zdug/b/aoag-automation-e06fd2b8fa2f/p/Qq1fVlx4ovBhub4TeM2i4Xe8LznvqyczHOHnTf3Jaa0CPFC0I%2FGZEe7fUOLO3SMG:scripts%2F06-safe-planned-failover.ps1",
            "name": "safe-planned-failover",
            "namespace": "idzxvkz1zdug",
            "object": "scripts/06-safe-planned-failover.ps1",
            "object_name": "scripts/06-safe-planned-failover.ps1",
            "par_id": "Qq1fVlx4ovBhub4TeM2i4Xe8LznvqyczHOHnTf3Jaa0CPFC0I/GZEe7fUOLO3SMG:scripts/06-safe-planned-failover.ps1",
            "time_created": "2026-08-10 12:01:07.984 +0000 UTC",
            "time_expires": "2030-01-01T00:00:00Z",
            "timeouts": null
          },
          "sensitive_attributes": [],
          "identity_schema_version": 0,
          "private": "eyJlMmJmYjczMC1lY2FhLTExZTYtOGY4OC0zNDM2M2JjN2M0YzAiOnsiY3JlYXRlIjoxMjAwMDAwMDAwMDAwLCJkZWxldGUiOjEyMDAwMDAwMDAwMDAsInVwZGF0ZSI6MTIwMDAwMDAwMDAwMH19",
          "dependencies": [
            "data.oci_objectstorage_namespace.automation",
            "oci_objectstorage_bucket.automation",
            "oci_objectstorage_object.safe_failover"
          ]
        }
      ]
    },
    {
      "mode": "managed",
      "type": "oci_objectstorage_preauthrequest",
      "name": "sample",
      "provider": "provider[\"registry.terraform.io/oracle/oci\"]",
      "instances": [
        {
          "schema_version": 0,
          "attributes": {
            "access_type": "ObjectRead",
            "access_uri": "/p/CsThXCTqy3PNazAGYi1X5DgYZQZkDWzcgX-wPxLkiEEfwHoFzpD7094DdY7TXEKh/n/idzxvkz1zdug/b/aoag-automation-e06fd2b8fa2f/o/scripts/04-prepare-sample-database.ps1",
            "bucket": "aoag-automation-e06fd2b8fa2f",
            "bucket_listing_action": "",
            "full_path": "https://idzxvkz1zdug.objectstorage.us-sanjose-1.oci.customer-oci.com/p/CsThXCTqy3PNazAGYi1X5DgYZQZkDWzcgX-wPxLkiEEfwHoFzpD7094DdY7TXEKh/n/idzxvkz1zdug/b/aoag-automation-e06fd2b8fa2f/o/scripts/04-prepare-sample-database.ps1",
            "id": "n/idzxvkz1zdug/b/aoag-automation-e06fd2b8fa2f/p/+t9S+24Tm8a1OXDW6lWs8A7y+qk0ctJErh7OXDmYq+9kph62%2FCl04xF9pjlSrlhq:scripts%2F04-prepare-sample-database.ps1",
            "name": "sample-database-bootstrap",
            "namespace": "idzxvkz1zdug",
            "object": "scripts/04-prepare-sample-database.ps1",
            "object_name": "scripts/04-prepare-sample-database.ps1",
            "par_id": "+t9S+24Tm8a1OXDW6lWs8A7y+qk0ctJErh7OXDmYq+9kph62/Cl04xF9pjlSrlhq:scripts/04-prepare-sample-database.ps1",
            "time_created": "2026-08-10 12:01:07.931 +0000 UTC",
            "time_expires": "2030-01-01T00:00:00Z",
            "timeouts": null
          },
          "sensitive_attributes": [],
          "identity_schema_version": 0,
          "private": "eyJlMmJmYjczMC1lY2FhLTExZTYtOGY4OC0zNDM2M2JjN2M0YzAiOnsiY3JlYXRlIjoxMjAwMDAwMDAwMDAwLCJkZWxldGUiOjEyMDAwMDAwMDAwMDAsInVwZGF0ZSI6MTIwMDAwMDAwMDAwMH19",
          "dependencies": [
            "data.oci_objectstorage_namespace.automation",
            "oci_objectstorage_bucket.automation",
            "oci_objectstorage_object.sample"
          ]
        }
      ]
    },
    {
      "mode": "managed",
      "type": "oci_objectstorage_preauthrequest",
      "name": "sql",
      "provider": "provider[\"registry.terraform.io/oracle/oci\"]",
      "instances": [
        {
          "schema_version": 0,
          "attributes": {
            "access_type": "ObjectRead",
            "access_uri": "/p/PLPT-OOcazlbRM0CB6pJGw4ds205jCSVzZFLxQFv19eEBKQvLH4_avztt1ZkVIiZ/n/idzxvkz1zdug/b/aoag-automation-e06fd2b8fa2f/o/scripts/02-configure-sql-node.ps1",
            "bucket": "aoag-automation-e06fd2b8fa2f",
            "bucket_listing_action": "",
            "full_path": "https://idzxvkz1zdug.objectstorage.us-sanjose-1.oci.customer-oci.com/p/PLPT-OOcazlbRM0CB6pJGw4ds205jCSVzZFLxQFv19eEBKQvLH4_avztt1ZkVIiZ/n/idzxvkz1zdug/b/aoag-automation-e06fd2b8fa2f/o/scripts/02-configure-sql-node.ps1",
            "id": "n/idzxvkz1zdug/b/aoag-automation-e06fd2b8fa2f/p/DhElMkxBoWKd9Zx1aUQoolT+dwg1nHXqqkdBytAPdr5cTErSc9mHYPnXPRg84YlE:scripts%2F02-configure-sql-node.ps1",
            "name": "sql-node-bootstrap",
            "namespace": "idzxvkz1zdug",
            "object": "scripts/02-configure-sql-node.ps1",
            "object_name": "scripts/02-configure-sql-node.ps1",
            "par_id": "DhElMkxBoWKd9Zx1aUQoolT+dwg1nHXqqkdBytAPdr5cTErSc9mHYPnXPRg84YlE:scripts/02-configure-sql-node.ps1",
            "time_created": "2026-08-10 12:01:07.69 +0000 UTC",
            "time_expires": "2030-01-01T00:00:00Z",
            "timeouts": null
          },
          "sensitive_attributes": [],
          "identity_schema_version": 0,
          "private": "eyJlMmJmYjczMC1lY2FhLTExZTYtOGY4OC0zNDM2M2JjN2M0YzAiOnsiY3JlYXRlIjoxMjAwMDAwMDAwMDAwLCJkZWxldGUiOjEyMDAwMDAwMDAwMDAsInVwZGF0ZSI6MTIwMDAwMDAwMDAwMH19",
          "dependencies": [
            "data.oci_objectstorage_namespace.automation",
            "oci_objectstorage_bucket.automation",
            "oci_objectstorage_object.sql"
          ]
        }
      ]
    },
    {
      "mode": "managed",
      "type": "oci_objectstorage_preauthrequest",
      "name": "wsfc",
      "provider": "provider[\"registry.terraform.io/oracle/oci\"]",
      "instances": [
        {
          "schema_version": 0,
          "attributes": {
            "access_type": "ObjectRead",
            "access_uri": "/p/bDY8UTrCQfUMyoGbiGdUxk1kFWzeXVJ92WcjcarXKNj5d4-6yhZB8wCEhvTnjYyB/n/idzxvkz1zdug/b/aoag-automation-e06fd2b8fa2f/o/scripts/03-configure-wsfc.ps1",
            "bucket": "aoag-automation-e06fd2b8fa2f",
            "bucket_listing_action": "",
            "full_path": "https://idzxvkz1zdug.objectstorage.us-sanjose-1.oci.customer-oci.com/p/bDY8UTrCQfUMyoGbiGdUxk1kFWzeXVJ92WcjcarXKNj5d4-6yhZB8wCEhvTnjYyB/n/idzxvkz1zdug/b/aoag-automation-e06fd2b8fa2f/o/scripts/03-configure-wsfc.ps1",
            "id": "n/idzxvkz1zdug/b/aoag-automation-e06fd2b8fa2f/p/Pm3cwdQjiHO8xLVyVIKy%2FpnJ7OHI%2FD1LN0PZvBNYh2XRUHhYpZdUTs8I7MizxS%2FG:scripts%2F03-configure-wsfc.ps1",
            "name": "wsfc-bootstrap",
            "namespace": "idzxvkz1zdug",
            "object": "scripts/03-configure-wsfc.ps1",
            "object_name": "scripts/03-configure-wsfc.ps1",
            "par_id": "Pm3cwdQjiHO8xLVyVIKy/pnJ7OHI/D1LN0PZvBNYh2XRUHhYpZdUTs8I7MizxS/G:scripts/03-configure-wsfc.ps1",
            "time_created": "2026-08-10 12:01:08.45 +0000 UTC",
            "time_expires": "2030-01-01T00:00:00Z",
            "timeouts": null
          },
          "sensitive_attributes": [],
          "identity_schema_version": 0,
          "private": "eyJlMmJmYjczMC1lY2FhLTExZTYtOGY4OC0zNDM2M2JjN2M0YzAiOnsiY3JlYXRlIjoxMjAwMDAwMDAwMDAwLCJkZWxldGUiOjEyMDAwMDAwMDAwMDAsInVwZGF0ZSI6MTIwMDAwMDAwMDAwMH19",
          "dependencies": [
            "data.oci_objectstorage_namespace.automation",
            "oci_objectstorage_bucket.automation",
            "oci_objectstorage_object.wsfc"
          ]
        }
      ]
    }
  ],
  "check_results": [
    {
      "object_kind": "resource",
      "config_addr": "oci_core_instance.sql1",
      "status": "pass",
      "objects": [
        {
          "object_addr": "oci_core_instance.sql1",
          "status": "pass"
        }
      ]
    },
    {
      "object_kind": "resource",
      "config_addr": "oci_core_instance.sql2",
      "status": "pass",
      "objects": [
        {
          "object_addr": "oci_core_instance.sql2",
          "status": "pass"
        }
      ]
    },
    {
      "object_kind": "resource",
      "config_addr": "oci_core_instance.dc",
      "status": "pass",
      "objects": [
        {
          "object_addr": "oci_core_instance.dc",
          "status": "pass"
        }
      ]
    }
  ]
}
